// !$*UTF8*$!
{
	archiveVersion = 1;
	classes = {
	};
	objectVersion = 56;
	objects = {

/* Begin PBXBuildFile section */
		C1154CEC29A4771B00F42EA0 /* AppDelegate.swift in Sources */ = {isa = PBXBuildFile; fileRef = C1154CEB29A4771B00F42EA0 /* AppDelegate.swift */; };
		C1154CEE29A4771B00F42EA0 /* SceneDelegate.swift in Sources */ = {isa = PBXBuildFile; fileRef = C1154CED29A4771B00F42EA0 /* SceneDelegate.swift */; };
		C1154CF329A4771B00F42EA0 /* Main.storyboard in Resources */ = {isa = PBXBuildFile; fileRef = C1154CF129A4771B00F42EA0 /* Main.storyboard */; };
		C1154CF529A4771D00F42EA0 /* Assets.xcassets in Resources */ = {isa = PBXBuildFile; fileRef = C1154CF429A4771D00F42EA0 /* Assets.xcassets */; };
		C1154CF829A4771D00F42EA0 /* LaunchScreen.storyboard in Resources */ = {isa = PBXBuildFile; fileRef = C1154CF629A4771D00F42EA0 /* LaunchScreen.storyboard */; };
		C1154D0329A4771D00F42EA0 /* PrototypeTests.swift in Sources */ = {isa = PBXBuildFile; fileRef = C1154D0229A4771D00F42EA0 /* PrototypeTests.swift */; };
		C1154D0D29A4771D00F42EA0 /* PrototypeUITests.swift in Sources */ = {isa = PBXBuildFile; fileRef = C1154D0C29A4771D00F42EA0 /* PrototypeUITests.swift */; };
		C1154D0F29A4771D00F42EA0 /* PrototypeUITestsLaunchTests.swift in Sources */ = {isa = PBXBuildFile; fileRef = C1154D0E29A4771D00F42EA0 /* PrototypeUITestsLaunchTests.swift */; };
		C1154D1C29A47D8300F42EA0 /* FeedViewController.swift in Sources */ = {isa = PBXBuildFile; fileRef = C1154D1B29A47D8300F42EA0 /* FeedViewController.swift */; };
		C1154D1E29A47E1F00F42EA0 /* FeedImageViewModel+PrototypeData.swift in Sources */ = {isa = PBXBuildFile; fileRef = C1154D1D29A47E1F00F42EA0 /* FeedImageViewModel+PrototypeData.swift */; };
		C1154D2029A47ED200F42EA0 /* FeedImageCell.swift in Sources */ = {isa = PBXBuildFile; fileRef = C1154D1F29A47ED200F42EA0 /* FeedImageCell.swift */; };
/* End PBXBuildFile section */

/* Begin PBXContainerItemProxy section */
		C1154CFF29A4771D00F42EA0 /* PBXContainerItemProxy */ = {
			isa = PBXContainerItemProxy;
			containerPortal = C1154CE029A4771B00F42EA0 /* Project object */;
			proxyType = 1;
			remoteGlobalIDString = C1154CE729A4771B00F42EA0;
			remoteInfo = Prototype;
		};
		C1154D0929A4771D00F42EA0 /* PBXContainerItemProxy */ = {
			isa = PBXContainerItemProxy;
			containerPortal = C1154CE029A4771B00F42EA0 /* Project object */;
			proxyType = 1;
			remoteGlobalIDString = C1154CE729A4771B00F42EA0;
			remoteInfo = Prototype;
		};
/* End PBXContainerItemProxy section */

/* Begin PBXFileReference section */
		C1154CE829A4771B00F42EA0 /* Prototype.app */ = {isa = PBXFileReference; explicitFileType = wrapper.application; includeInIndex = 0; path = Prototype.app; sourceTree = BUILT_PRODUCTS_DIR; };
		C1154CEB29A4771B00F42EA0 /* AppDelegate.swift */ = {isa = PBXFileReference; lastKnownFileType = sourcecode.swift; path = AppDelegate.swift; sourceTree = "<group>"; };
		C1154CED29A4771B00F42EA0 /* SceneDelegate.swift */ = {isa = PBXFileReference; lastKnownFileType = sourcecode.swift; path = SceneDelegate.swift; sourceTree = "<group>"; };
		C1154CF229A4771B00F42EA0 /* Base */ = {isa = PBXFileReference; lastKnownFileType = file.storyboard; name = Base; path = Base.lproj/Main.storyboard; sourceTree = "<group>"; };
		C1154CF429A4771D00F42EA0 /* Assets.xcassets */ = {isa = PBXFileReference; lastKnownFileType = folder.assetcatalog; path = Assets.xcassets; sourceTree = "<group>"; };
		C1154CF729A4771D00F42EA0 /* Base */ = {isa = PBXFileReference; lastKnownFileType = file.storyboard; name = Base; path = Base.lproj/LaunchScreen.storyboard; sourceTree = "<group>"; };
		C1154CF929A4771D00F42EA0 /* Info.plist */ = {isa = PBXFileReference; lastKnownFileType = text.plist.xml; path = Info.plist; sourceTree = "<group>"; };
		C1154CFE29A4771D00F42EA0 /* PrototypeTests.xctest */ = {isa = PBXFileReference; explicitFileType = wrapper.cfbundle; includeInIndex = 0; path = PrototypeTests.xctest; sourceTree = BUILT_PRODUCTS_DIR; };
		C1154D0229A4771D00F42EA0 /* PrototypeTests.swift */ = {isa = PBXFileReference; lastKnownFileType = sourcecode.swift; path = PrototypeTests.swift; sourceTree = "<group>"; };
		C1154D0829A4771D00F42EA0 /* PrototypeUITests.xctest */ = {isa = PBXFileReference; explicitFileType = wrapper.cfbundle; includeInIndex = 0; path = PrototypeUITests.xctest; sourceTree = BUILT_PRODUCTS_DIR; };
		C1154D0C29A4771D00F42EA0 /* PrototypeUITests.swift */ = {isa = PBXFileReference; lastKnownFileType = sourcecode.swift; path = PrototypeUITests.swift; sourceTree = "<group>"; };
		C1154D0E29A4771D00F42EA0 /* PrototypeUITestsLaunchTests.swift */ = {isa = PBXFileReference; lastKnownFileType = sourcecode.swift; path = PrototypeUITestsLaunchTests.swift; sourceTree = "<group>"; };
		C1154D1B29A47D8300F42EA0 /* FeedViewController.swift */ = {isa = PBXFileReference; lastKnownFileType = sourcecode.swift; path = FeedViewController.swift; sourceTree = "<group>"; };
		C1154D1D29A47E1F00F42EA0 /* FeedImageViewModel+PrototypeData.swift */ = {isa = PBXFileReference; lastKnownFileType = sourcecode.swift; path = "FeedImageViewModel+PrototypeData.swift"; sourceTree = "<group>"; };
		C1154D1F29A47ED200F42EA0 /* FeedImageCell.swift */ = {isa = PBXFileReference; lastKnownFileType = sourcecode.swift; path = FeedImageCell.swift; sourceTree = "<group>"; };
/* End PBXFileReference section */

/* Begin PBXFrameworksBuildPhase section */
		C1154CE529A4771B00F42EA0 /* Frameworks */ = {
			isa = PBXFrameworksBuildPhase;
			buildActionMask = 2147483647;
			files = (
			);
			runOnlyForDeploymentPostprocessing = 0;
		};
		C1154CFB29A4771D00F42EA0 /* Frameworks */ = {
			isa = PBXFrameworksBuildPhase;
			buildActionMask = 2147483647;
			files = (
			);
			runOnlyForDeploymentPostprocessing = 0;
		};
		C1154D0529A4771D00F42EA0 /* Frameworks */ = {
			isa = PBXFrameworksBuildPhase;
			buildActionMask = 2147483647;
			files = (
			);
			runOnlyForDeploymentPostprocessing = 0;
		};
/* End PBXFrameworksBuildPhase section */

/* Begin PBXGroup section */
		C1154CDF29A4771B00F42EA0 = {
			isa = PBXGroup;
			children = (
				C1154CEA29A4771B00F42EA0 /* Prototype */,
				C1154D0129A4771D00F42EA0 /* PrototypeTests */,
				C1154D0B29A4771D00F42EA0 /* PrototypeUITests */,
				C1154CE929A4771B00F42EA0 /* Products */,
			);
			sourceTree = "<group>";
		};
		C1154CE929A4771B00F42EA0 /* Products */ = {
			isa = PBXGroup;
			children = (
				C1154CE829A4771B00F42EA0 /* Prototype.app */,
				C1154CFE29A4771D00F42EA0 /* PrototypeTests.xctest */,
				C1154D0829A4771D00F42EA0 /* PrototypeUITests.xctest */,
			);
			name = Products;
			sourceTree = "<group>";
		};
		C1154CEA29A4771B00F42EA0 /* Prototype */ = {
			isa = PBXGroup;
			children = (
				C1154CEB29A4771B00F42EA0 /* AppDelegate.swift */,
				C1154CED29A4771B00F42EA0 /* SceneDelegate.swift */,
				C1154CF129A4771B00F42EA0 /* Main.storyboard */,
				C1154CF429A4771D00F42EA0 /* Assets.xcassets */,
				C1154CF629A4771D00F42EA0 /* LaunchScreen.storyboard */,
				C1154CF929A4771D00F42EA0 /* Info.plist */,
				C1154D1B29A47D8300F42EA0 /* FeedViewController.swift */,
				C1154D1D29A47E1F00F42EA0 /* FeedImageViewModel+PrototypeData.swift */,
				C1154D1F29A47ED200F42EA0 /* FeedImageCell.swift */,
			);
			path = Prototype;
			sourceTree = "<group>";
		};
		C1154D0129A4771D00F42EA0 /* PrototypeTests */ = {
			isa = PBXGroup;
			children = (
				C1154D0229A4771D00F42EA0 /* PrototypeTests.swift */,
			);
			path = PrototypeTests;
			sourceTree = "<group>";
		};
		C1154D0B29A4771D00F42EA0 /* PrototypeUITests */ = {
			isa = PBXGroup;
			children = (
				C1154D0C29A4771D00F42EA0 /* PrototypeUITests.swift */,
				C1154D0E29A4771D00F42EA0 /* PrototypeUITestsLaunchTests.swift */,
			);
			path = PrototypeUITests;
			sourceTree = "<group>";
		};
/* End PBXGroup section */

/* Begin PBXNativeTarget section */
		C1154CE729A4771B00F42EA0 /* Prototype */ = {
			isa = PBXNativeTarget;
			buildConfigurationList = C1154D1229A4771D00F42EA0 /* Build configuration list for PBXNativeTarget "Prototype" */;
			buildPhases = (
				C1154CE429A4771B00F42EA0 /* Sources */,
				C1154CE529A4771B00F42EA0 /* Frameworks */,
				C1154CE629A4771B00F42EA0 /* Resources */,
			);
			buildRules = (
			);
			dependencies = (
			);
			name = Prototype;
			productName = Prototype;
			productReference = C1154CE829A4771B00F42EA0 /* Prototype.app */;
			productType = "com.apple.product-type.application";
		};
		C1154CFD29A4771D00F42EA0 /* PrototypeTests */ = {
			isa = PBXNativeTarget;
			buildConfigurationList = C1154D1529A4771D00F42EA0 /* Build configuration list for PBXNativeTarget "PrototypeTests" */;
			buildPhases = (
				C1154CFA29A4771D00F42EA0 /* Sources */,
				C1154CFB29A4771D00F42EA0 /* Frameworks */,
				C1154CFC29A4771D00F42EA0 /* Resources */,
			);
			buildRules = (
			);
			dependencies = (
				C1154D0029A4771D00F42EA0 /* PBXTargetDependency */,
			);
			name = PrototypeTests;
			productName = PrototypeTests;
			productReference = C1154CFE29A4771D00F42EA0 /* PrototypeTests.xctest */;
			productType = "com.apple.product-type.bundle.unit-test";
		};
		C1154D0729A4771D00F42EA0 /* PrototypeUITests */ = {
			isa = PBXNativeTarget;
			buildConfigurationList = C1154D1829A4771D00F42EA0 /* Build configuration list for PBXNativeTarget "PrototypeUITests" */;
			buildPhases = (
				C1154D0429A4771D00F42EA0 /* Sources */,
				C1154D0529A4771D00F42EA0 /* Frameworks */,
				C1154D0629A4771D00F42EA0 /* Resources */,
			);
			buildRules = (
			);
			dependencies = (
				C1154D0A29A4771D00F42EA0 /* PBXTargetDependency */,
			);
			name = PrototypeUITests;
			productName = PrototypeUITests;
			productReference = C1154D0829A4771D00F42EA0 /* PrototypeUITests.xctest */;
			productType = "com.apple.product-type.bundle.ui-testing";
		};
/* End PBXNativeTarget section */

/* Begin PBXProject section */
		C1154CE029A4771B00F42EA0 /* Project object */ = {
			isa = PBXProject;
			attributes = {
				BuildIndependentTargetsInParallel = 1;
				LastSwiftUpdateCheck = 1420;
				LastUpgradeCheck = 1420;
				TargetAttributes = {
					C1154CE729A4771B00F42EA0 = {
						CreatedOnToolsVersion = 14.2;
					};
					C1154CFD29A4771D00F42EA0 = {
						CreatedOnToolsVersion = 14.2;
						TestTargetID = C1154CE729A4771B00F42EA0;
					};
					C1154D0729A4771D00F42EA0 = {
						CreatedOnToolsVersion = 14.2;
						TestTargetID = C1154CE729A4771B00F42EA0;
					};
				};
			};
			buildConfigurationList = C1154CE329A4771B00F42EA0 /* Build configuration list for PBXProject "Prototype" */;
			compatibilityVersion = "Xcode 14.0";
			developmentRegion = en;
			hasScannedForEncodings = 0;
			knownRegions = (
				en,
				Base,
			);
			mainGroup = C1154CDF29A4771B00F42EA0;
			productRefGroup = C1154CE929A4771B00F42EA0 /* Products */;
			projectDirPath = "";
			projectRoot = "";
			targets = (
				C1154CE729A4771B00F42EA0 /* Prototype */,
				C1154CFD29A4771D00F42EA0 /* PrototypeTests */,
				C1154D0729A4771D00F42EA0 /* PrototypeUITests */,
			);
		};
/* End PBXProject section */

/* Begin PBXResourcesBuildPhase section */
		C1154CE629A4771B00F42EA0 /* Resources */ = {
			isa = PBXResourcesBuildPhase;
			buildActionMask = 2147483647;
			files = (
				C1154CF829A4771D00F42EA0 /* LaunchScreen.storyboard in Resources */,
				C1154CF529A4771D00F42EA0 /* Assets.xcassets in Resources */,
				C1154CF329A4771B00F42EA0 /* Main.storyboard in Resources */,
			);
			runOnlyForDeploymentPostprocessing = 0;
		};
		C1154CFC29A4771D00F42EA0 /* Resources */ = {
			isa = PBXResourcesBuildPhase;
			buildActionMask = 2147483647;
			files = (
			);
			runOnlyForDeploymentPostprocessing = 0;
		};
		C1154D0629A4771D00F42EA0 /* Resources */ = {
			isa = PBXResourcesBuildPhase;
			buildActionMask = 2147483647;
			files = (
			);
			runOnlyForDeploymentPostprocessing = 0;
		};
/* End PBXResourcesBuildPhase section */

/* Begin PBXSourcesBuildPhase section */
		C1154CE429A4771B00F42EA0 /* Sources */ = {
			isa = PBXSourcesBuildPhase;
			buildActionMask = 2147483647;
			files = (
				C1154CEC29A4771B00F42EA0 /* AppDelegate.swift in Sources */,
				C1154D1C29A47D8300F42EA0 /* FeedViewController.swift in Sources */,
				C1154CEE29A4771B00F42EA0 /* SceneDelegate.swift in Sources */,
				C1154D1E29A47E1F00F42EA0 /* FeedImageViewModel+PrototypeData.swift in Sources */,
				C1154D2029A47ED200F42EA0 /* FeedImageCell.swift in Sources */,
			);
			runOnlyForDeploymentPostprocessing = 0;
		};
		C1154CFA29A4771D00F42EA0 /* Sources */ = {
			isa = PBXSourcesBuildPhase;
			buildActionMask = 2147483647;
			files = (
				C1154D0329A4771D00F42EA0 /* PrototypeTests.swift in Sources */,
			);
			runOnlyForDeploymentPostprocessing = 0;
		};
		C1154D0429A4771D00F42EA0 /* Sources */ = {
			isa = PBXSourcesBuildPhase;
			buildActionMask = 2147483647;
			files = (
				C1154D0D29A4771D00F42EA0 /* PrototypeUITests.swift in Sources */,
				C1154D0F29A4771D00F42EA0 /* PrototypeUITestsLaunchTests.swift in Sources */,
			);
			runOnlyForDeploymentPostprocessing = 0;
		};
/* End PBXSourcesBuildPhase section */

/* Begin PBXTargetDependency section */
		C1154D0029A4771D00F42EA0 /* PBXTargetDependency */ = {
			isa = PBXTargetDependency;
			target = C1154CE729A4771B00F42EA0 /* Prototype */;
			targetProxy = C1154CFF29A4771D00F42EA0 /* PBXContainerItemProxy */;
		};
		C1154D0A29A4771D00F42EA0 /* PBXTargetDependency */ = {
			isa = PBXTargetDependency;
			target = C1154CE729A4771B00F42EA0 /* Prototype */;
			targetProxy = C1154D0929A4771D00F42EA0 /* PBXContainerItemProxy */;
		};
/* End PBXTargetDependency section */

/* Begin PBXVariantGroup section */
		C1154CF129A4771B00F42EA0 /* Main.storyboard */ = {
			isa = PBXVariantGroup;
			children = (
				C1154CF229A4771B00F42EA0 /* Base */,
			);
			name = Main.storyboard;
			sourceTree = "<group>";
		};
		C1154CF629A4771D00F42EA0 /* LaunchScreen.storyboard */ = {
			isa = PBXVariantGroup;
			children = (
				C1154CF729A4771D00F42EA0 /* Base */,
			);
			name = LaunchScreen.storyboard;
			sourceTree = "<group>";
		};
/* End PBXVariantGroup section */

/* Begin XCBuildConfiguration section */
		C1154D1029A4771D00F42EA0 /* Debug */ = {
			isa = XCBuildConfiguration;
			buildSettings = {
				ALWAYS_SEARCH_USER_PATHS = NO;
				CLANG_ANALYZER_NONNULL = YES;
				CLANG_ANALYZER_NUMBER_OBJECT_CONVERSION = YES_AGGRESSIVE;
				CLANG_CXX_LANGUAGE_STANDARD = "gnu++20";
				CLANG_ENABLE_MODULES = YES;
				CLANG_ENABLE_OBJC_ARC = YES;
				CLANG_ENABLE_OBJC_WEAK = YES;
				CLANG_WARN_BLOCK_CAPTURE_AUTORELEASING = YES;
				CLANG_WARN_BOOL_CONVERSION = YES;
				CLANG_WARN_COMMA = YES;
				CLANG_WARN_CONSTANT_CONVERSION = YES;
				CLANG_WARN_DEPRECATED_OBJC_IMPLEMENTATIONS = YES;
				CLANG_WARN_DIRECT_OBJC_ISA_USAGE = YES_ERROR;
				CLANG_WARN_DOCUMENTATION_COMMENTS = YES;
				CLANG_WARN_EMPTY_BODY = YES;
				CLANG_WARN_ENUM_CONVERSION = YES;
				CLANG_WARN_INFINITE_RECURSION = YES;
				CLANG_WARN_INT_CONVERSION = YES;
				CLANG_WARN_NON_LITERAL_NULL_CONVERSION = YES;
				CLANG_WARN_OBJC_IMPLICIT_RETAIN_SELF = YES;
				CLANG_WARN_OBJC_LITERAL_CONVERSION = YES;
				CLANG_WARN_OBJC_ROOT_CLASS = YES_ERROR;
				CLANG_WARN_QUOTED_INCLUDE_IN_FRAMEWORK_HEADER = YES;
				CLANG_WARN_RANGE_LOOP_ANALYSIS = YES;
				CLANG_WARN_STRICT_PROTOTYPES = YES;
				CLANG_WARN_SUSPICIOUS_MOVE = YES;
				CLANG_WARN_UNGUARDED_AVAILABILITY = YES_AGGRESSIVE;
				CLANG_WARN_UNREACHABLE_CODE = YES;
				CLANG_WARN__DUPLICATE_METHOD_MATCH = YES;
				COPY_PHASE_STRIP = NO;
				DEBUG_INFORMATION_FORMAT = dwarf;
				ENABLE_STRICT_OBJC_MSGSEND = YES;
				ENABLE_TESTABILITY = YES;
				GCC_C_LANGUAGE_STANDARD = gnu11;
				GCC_DYNAMIC_NO_PIC = NO;
				GCC_NO_COMMON_BLOCKS = YES;
				GCC_OPTIMIZATION_LEVEL = 0;
				GCC_PREPROCESSOR_DEFINITIONS = (
					"DEBUG=1",
					"$(inherited)",
				);
				GCC_WARN_64_TO_32_BIT_CONVERSION = YES;
				GCC_WARN_ABOUT_RETURN_TYPE = YES_ERROR;
				GCC_WARN_UNDECLARED_SELECTOR = YES;
				GCC_WARN_UNINITIALIZED_AUTOS = YES_AGGRESSIVE;
				GCC_WARN_UNUSED_FUNCTION = YES;
				GCC_WARN_UNUSED_VARIABLE = YES;
				IPHONEOS_DEPLOYMENT_TARGET = 16.2;
				MTL_ENABLE_DEBUG_INFO = INCLUDE_SOURCE;
				MTL_FAST_MATH = YES;
				ONLY_ACTIVE_ARCH = YES;
				SDKROOT = iphoneos;
				SWIFT_ACTIVE_COMPILATION_CONDITIONS = DEBUG;
				SWIFT_OPTIMIZATION_LEVEL = "-Onone";
			};
			name = Debug;
		};
		C1154D1129A4771D00F42EA0 /* Release */ = {
			isa = XCBuildConfiguration;
			buildSettings = {
				ALWAYS_SEARCH_USER_PATHS = NO;
				CLANG_ANALYZER_NONNULL = YES;
				CLANG_ANALYZER_NUMBER_OBJECT_CONVERSION = YES_AGGRESSIVE;
				CLANG_CXX_LANGUAGE_STANDARD = "gnu++20";
				CLANG_ENABLE_MODULES = YES;
				CLANG_ENABLE_OBJC_ARC = YES;
				CLANG_ENABLE_OBJC_WEAK = YES;
				CLANG_WARN_BLOCK_CAPTURE_AUTORELEASING = YES;
				CLANG_WARN_BOOL_CONVERSION = YES;
				CLANG_WARN_COMMA = YES;
				CLANG_WARN_CONSTANT_CONVERSION = YES;
				CLANG_WARN_DEPRECATED_OBJC_IMPLEMENTATIONS = YES;
				CLANG_WARN_DIRECT_OBJC_ISA_USAGE = YES_ERROR;
				CLANG_WARN_DOCUMENTATION_COMMENTS = YES;
				CLANG_WARN_EMPTY_BODY = YES;
				CLANG_WARN_ENUM_CONVERSION = YES;
				CLANG_WARN_INFINITE_RECURSION = YES;
				CLANG_WARN_INT_CONVERSION = YES;
				CLANG_WARN_NON_LITERAL_NULL_CONVERSION = YES;
				CLANG_WARN_OBJC_IMPLICIT_RETAIN_SELF = YES;
				CLANG_WARN_OBJC_LITERAL_CONVERSION = YES;
				CLANG_WARN_OBJC_ROOT_CLASS = YES_ERROR;
				CLANG_WARN_QUOTED_INCLUDE_IN_FRAMEWORK_HEADER = YES;
				CLANG_WARN_RANGE_LOOP_ANALYSIS = YES;
				CLANG_WARN_STRICT_PROTOTYPES = YES;
				CLANG_WARN_SUSPICIOUS_MOVE = YES;
				CLANG_WARN_UNGUARDED_AVAILABILITY = YES_AGGRESSIVE;
				CLANG_WARN_UNREACHABLE_CODE = YES;
				CLANG_WARN__DUPLICATE_METHOD_MATCH = YES;
				COPY_PHASE_STRIP = NO;
				DEBUG_INFORMATION_FORMAT = "dwarf-with-dsym";
				ENABLE_NS_ASSERTIONS = NO;
				ENABLE_STRICT_OBJC_MSGSEND = YES;
				GCC_C_LANGUAGE_STANDARD = gnu11;
				GCC_NO_COMMON_BLOCKS = YES;
				GCC_WARN_64_TO_32_BIT_CONVERSION = YES;
				GCC_WARN_ABOUT_RETURN_TYPE = YES_ERROR;
				GCC_WARN_UNDECLARED_SELECTOR = YES;
				GCC_WARN_UNINITIALIZED_AUTOS = YES_AGGRESSIVE;
				GCC_WARN_UNUSED_FUNCTION = YES;
				GCC_WARN_UNUSED_VARIABLE = YES;
				IPHONEOS_DEPLOYMENT_TARGET = 16.2;
				MTL_ENABLE_DEBUG_INFO = NO;
				MTL_FAST_MATH = YES;
				SDKROOT = iphoneos;
				SWIFT_COMPILATION_MODE = wholemodule;
				SWIFT_OPTIMIZATION_LEVEL = "-O";
				VALIDATE_PRODUCT = YES;
			};
			name = Release;
		};
		C1154D1329A4771D00F42EA0 /* Debug */ = {
			isa = XCBuildConfiguration;
			buildSettings = {
				ASSETCATALOG_COMPILER_APPICON_NAME = AppIcon;
				ASSETCATALOG_COMPILER_GLOBAL_ACCENT_COLOR_NAME = AccentColor;
				CODE_SIGN_STYLE = Automatic;
				CURRENT_PROJECT_VERSION = 1;
				DEVELOPMENT_TEAM = FKF3UFB34N;
				GENERATE_INFOPLIST_FILE = YES;
				INFOPLIST_FILE = Prototype/Info.plist;
				INFOPLIST_KEY_UIApplicationSupportsIndirectInputEvents = YES;
				INFOPLIST_KEY_UILaunchStoryboardName = LaunchScreen;
				INFOPLIST_KEY_UIMainStoryboardFile = Main;
				INFOPLIST_KEY_UISupportedInterfaceOrientations_iPad = "UIInterfaceOrientationPortrait UIInterfaceOrientationPortraitUpsideDown UIInterfaceOrientationLandscapeLeft UIInterfaceOrientationLandscapeRight";
				INFOPLIST_KEY_UISupportedInterfaceOrientations_iPhone = "UIInterfaceOrientationPortrait UIInterfaceOrientationLandscapeLeft UIInterfaceOrientationLandscapeRight";
				LD_RUNPATH_SEARCH_PATHS = (
					"$(inherited)",
					"@executable_path/Frameworks",
				);
				MARKETING_VERSION = 1.0;
				PRODUCT_BUNDLE_IDENTIFIER = com.wanlutfi.EssentialFeed.Prototype;
				PRODUCT_NAME = "$(TARGET_NAME)";
				SWIFT_EMIT_LOC_STRINGS = YES;
				SWIFT_VERSION = 5.0;
				TARGETED_DEVICE_FAMILY = "1,2";
			};
			name = Debug;
		};
		C1154D1429A4771D00F42EA0 /* Release */ = {
			isa = XCBuildConfiguration;
			buildSettings = {
				ASSETCATALOG_COMPILER_APPICON_NAME = AppIcon;
				ASSETCATALOG_COMPILER_GLOBAL_ACCENT_COLOR_NAME = AccentColor;
				CODE_SIGN_STYLE = Automatic;
				CURRENT_PROJECT_VERSION = 1;
				DEVELOPMENT_TEAM = FKF3UFB34N;
				GENERATE_INFOPLIST_FILE = YES;
				INFOPLIST_FILE = Prototype/Info.plist;
				INFOPLIST_KEY_UIApplicationSupportsIndirectInputEvents = YES;
				INFOPLIST_KEY_UILaunchStoryboardName = LaunchScreen;
				INFOPLIST_KEY_UIMainStoryboardFile = Main;
				INFOPLIST_KEY_UISupportedInterfaceOrientations_iPad = "UIInterfaceOrientationPortrait UIInterfaceOrientationPortraitUpsideDown UIInterfaceOrientationLandscapeLeft UIInterfaceOrientationLandscapeRight";
				INFOPLIST_KEY_UISupportedInterfaceOrientations_iPhone = "UIInterfaceOrientationPortrait UIInterfaceOrientationLandscapeLeft UIInterfaceOrientationLandscapeRight";
				LD_RUNPATH_SEARCH_PATHS = (
					"$(inherited)",
					"@executable_path/Frameworks",
				);
				MARKETING_VERSION = 1.0;
				PRODUCT_BUNDLE_IDENTIFIER = com.wanlutfi.EssentialFeed.Prototype;
				PRODUCT_NAME = "$(TARGET_NAME)";
				SWIFT_EMIT_LOC_STRINGS = YES;
				SWIFT_VERSION = 5.0;
				TARGETED_DEVICE_FAMILY = "1,2";
			};
			name = Release;
		};
		C1154D1629A4771D00F42EA0 /* Debug */ = {
			isa = XCBuildConfiguration;
			buildSettings = {
				ALWAYS_EMBED_SWIFT_STANDARD_LIBRARIES = YES;
				BUNDLE_LOADER = "$(TEST_HOST)";
				CODE_SIGN_STYLE = Automatic;
				CURRENT_PROJECT_VERSION = 1;
				DEVELOPMENT_TEAM = FKF3UFB34N;
				GENERATE_INFOPLIST_FILE = YES;
				IPHONEOS_DEPLOYMENT_TARGET = 16.2;
				MARKETING_VERSION = 1.0;
				PRODUCT_BUNDLE_IDENTIFIER = com.wanlutfi.EssentialFeed.PrototypeTests;
				PRODUCT_NAME = "$(TARGET_NAME)";
				SWIFT_EMIT_LOC_STRINGS = NO;
				SWIFT_VERSION = 5.0;
				TARGETED_DEVICE_FAMILY = "1,2";
				TEST_HOST = "$(BUILT_PRODUCTS_DIR)/Prototype.app/$(BUNDLE_EXECUTABLE_FOLDER_PATH)/Prototype";
			};
			name = Debug;
		};
		C1154D1729A4771D00F42EA0 /* Release */ = {
			isa = XCBuildConfiguration;
			buildSettings = {
				ALWAYS_EMBED_SWIFT_STANDARD_LIBRARIES = YES;
				BUNDLE_LOADER = "$(TEST_HOST)";
				CODE_SIGN_STYLE = Automatic;
				CURRENT_PROJECT_VERSION = 1;
				DEVELOPMENT_TEAM = FKF3UFB34N;
				GENERATE_INFOPLIST_FILE = YES;
				IPHONEOS_DEPLOYMENT_TARGET = 16.2;
				MARKETING_VERSION = 1.0;
				PRODUCT_BUNDLE_IDENTIFIER = com.wanlutfi.EssentialFeed.PrototypeTests;
				PRODUCT_NAME = "$(TARGET_NAME)";
				SWIFT_EMIT_LOC_STRINGS = NO;
				SWIFT_VERSION = 5.0;
				TARGETED_DEVICE_FAMILY = "1,2";
				TEST_HOST = "$(BUILT_PRODUCTS_DIR)/Prototype.app/$(BUNDLE_EXECUTABLE_FOLDER_PATH)/Prototype";
			};
			name = Release;
		};
		C1154D1929A4771D00F42EA0 /* Debug */ = {
			isa = XCBuildConfiguration;
			buildSettings = {
				ALWAYS_EMBED_SWIFT_STANDARD_LIBRARIES = YES;
				CODE_SIGN_STYLE = Automatic;
				CURRENT_PROJECT_VERSION = 1;
				DEVELOPMENT_TEAM = FKF3UFB34N;
				GENERATE_INFOPLIST_FILE = YES;
				MARKETING_VERSION = 1.0;
				PRODUCT_BUNDLE_IDENTIFIER = com.wanlutfi.EssentialFeed.PrototypeUITests;
				PRODUCT_NAME = "$(TARGET_NAME)";
				SWIFT_EMIT_LOC_STRINGS = NO;
				SWIFT_VERSION = 5.0;
				TARGETED_DEVICE_FAMILY = "1,2";
				TEST_TARGET_NAME = Prototype;
			};
			name = Debug;
		};
		C1154D1A29A4771D00F42EA0 /* Release */ = {
			isa = XCBuildConfiguration;
			buildSettings = {
				ALWAYS_EMBED_SWIFT_STANDARD_LIBRARIES = YES;
				CODE_SIGN_STYLE = Automatic;
				CURRENT_PROJECT_VERSION = 1;
				DEVELOPMENT_TEAM = FKF3UFB34N;
				GENERATE_INFOPLIST_FILE = YES;
				MARKETING_VERSION = 1.0;
				PRODUCT_BUNDLE_IDENTIFIER = com.wanlutfi.EssentialFeed.PrototypeUITests;
				PRODUCT_NAME = "$(TARGET_NAME)";
				SWIFT_EMIT_LOC_STRINGS = NO;
				SWIFT_VERSION = 5.0;
				TARGETED_DEVICE_FAMILY = "1,2";
				TEST_TARGET_NAME = Prototype;
			};
			name = Release;
		};
/* End XCBuildConfiguration section */

/* Begin XCConfigurationList section */
		C1154CE329A4771B00F42EA0 /* Build configuration list for PBXProject "Prototype" */ = {
			isa = XCConfigurationList;
			buildConfigurations = (
				C1154D1029A4771D00F42EA0 /* Debug */,
				C1154D1129A4771D00F42EA0 /* Release */,
			);
			defaultConfigurationIsVisible = 0;
			defaultConfigurationName = Release;
		};
		C1154D1229A4771D00F42EA0 /* Build configuration list for PBXNativeTarget "Prototype" */ = {
			isa = XCConfigurationList;
			buildConfigurations = (
				C1154D1329A4771D00F42EA0 /* Debug */,
				C1154D1429A4771D00F42EA0 /* Release */,
			);
			defaultConfigurationIsVisible = 0;
			defaultConfigurationName = Release;
		};
		C1154D1529A4771D00F42EA0 /* Build configuration list for PBXNativeTarget "PrototypeTests" */ = {
			isa = XCConfigurationList;
			buildConfigurations = (
				C1154D1629A4771D00F42EA0 /* Debug */,
				C1154D1729A4771D00F42EA0 /* Release */,
			);
			defaultConfigurationIsVisible = 0;
			defaultConfigurationName = Release;
		};
		C1154D1829A4771D00F42EA0 /* Build configuration list for PBXNativeTarget "PrototypeUITests" */ = {
			isa = XCConfigurationList;
			buildConfigurations = (
				C1154D1929A4771D00F42EA0 /* Debug */,
				C1154D1A29A4771D00F42EA0 /* Release */,
			);
			defaultConfigurationIsVisible = 0;
			defaultConfigurationName = Release;
		};
/* End XCConfigurationList section */
	};
	rootObject = C1154CE029A4771B00F42EA0 /* Project object */;
}
