// !$*UTF8*$!
{
	archiveVersion = 1;
	classes = {
	};
	objectVersion = 56;
	objects = {

/* Begin PBXBuildFile section */
		C1154CD129A4703400F42EA0 /* EssentialFeediOS.framework in Frameworks */ = {isa = PBXBuildFile; fileRef = C1154CC929A4703300F42EA0 /* EssentialFeediOS.framework */; };
		C123B4BD29A60C690017037C /* EssentialFeed.framework in Frameworks */ = {isa = PBXBuildFile; fileRef = C1A3E445298DCC9C00931529 /* EssentialFeed.framework */; platformFilter = ios; };
		C123B4BE29A60C690017037C /* EssentialFeed.framework in Embed Frameworks */ = {isa = PBXBuildFile; fileRef = C1A3E445298DCC9C00931529 /* EssentialFeed.framework */; platformFilter = ios; settings = {ATTRIBUTES = (CodeSignOnCopy, RemoveHeadersOnCopy, ); }; };
		C123B4C629A6FF5A0017037C /* FeedImageViewModel.swift in Sources */ = {isa = PBXBuildFile; fileRef = C123B4C529A6FF5A0017037C /* FeedImageViewModel.swift */; };
		C123B4C929A706610017037C /* FeedPresenter.swift in Sources */ = {isa = PBXBuildFile; fileRef = C123B4C829A706610017037C /* FeedPresenter.swift */; };
		C123B4CB29A71A200017037C /* FeedImagePresenter.swift in Sources */ = {isa = PBXBuildFile; fileRef = C123B4CA29A71A200017037C /* FeedImagePresenter.swift */; };
		C123B4CD29A7275D0017037C /* FeedLoadingViewModel.swift in Sources */ = {isa = PBXBuildFile; fileRef = C123B4CC29A7275D0017037C /* FeedLoadingViewModel.swift */; };
		C123B4CF29A727830017037C /* FeedViewModel.swift in Sources */ = {isa = PBXBuildFile; fileRef = C123B4CE29A727830017037C /* FeedViewModel.swift */; };
		C123B4D329A73CCE0017037C /* Feed.storyboard in Resources */ = {isa = PBXBuildFile; fileRef = C123B4D229A73CCE0017037C /* Feed.storyboard */; };
		C123B4D529A73DB90017037C /* Feed.xcassets in Resources */ = {isa = PBXBuildFile; fileRef = C123B4D429A73DB90017037C /* Feed.xcassets */; };
		C12F871229B5A62C00884207 /* FeedUIIntegrationTests+Localization.swift in Sources */ = {isa = PBXBuildFile; fileRef = C12F871129B5A62C00884207 /* FeedUIIntegrationTests+Localization.swift */; };
		C12F871329B5A7D600884207 /* Feed.strings in Resources */ = {isa = PBXBuildFile; fileRef = C12F871529B5A7D600884207 /* Feed.strings */; };
		C12F871A29B5A86E00884207 /* FeedLocalizationTests.swift in Sources */ = {isa = PBXBuildFile; fileRef = C12F871929B5A86E00884207 /* FeedLocalizationTests.swift */; };
		C12F871C29B5AEE600884207 /* MainQueueDispatchDecorator.swift in Sources */ = {isa = PBXBuildFile; fileRef = C12F871B29B5AEE600884207 /* MainQueueDispatchDecorator.swift */; };
		C12F871E29B5AF0F00884207 /* WeakRefVirtualProxy.swift in Sources */ = {isa = PBXBuildFile; fileRef = C12F871D29B5AF0F00884207 /* WeakRefVirtualProxy.swift */; };
		C12F872029B5AF4800884207 /* FeedImageDataLoaderPresentationAdapter.swift in Sources */ = {isa = PBXBuildFile; fileRef = C12F871F29B5AF4800884207 /* FeedImageDataLoaderPresentationAdapter.swift */; };
		C12F872229B5B03400884207 /* FeedLoaderPresentationAdapter.swift in Sources */ = {isa = PBXBuildFile; fileRef = C12F872129B5B03400884207 /* FeedLoaderPresentationAdapter.swift */; };
		C12F872429B5B75100884207 /* FeedViewAdapter.swift in Sources */ = {isa = PBXBuildFile; fileRef = C12F872329B5B75100884207 /* FeedViewAdapter.swift */; };
		C12F872629B5C0EA00884207 /* ErrorView.swift in Sources */ = {isa = PBXBuildFile; fileRef = C12F872529B5C0EA00884207 /* ErrorView.swift */; };
		C1326BCD29A754C7001B20A3 /* UITableView+Dequeueing.swift in Sources */ = {isa = PBXBuildFile; fileRef = C1326BCC29A754C7001B20A3 /* UITableView+Dequeueing.swift */; };
		C1326BCF29A75723001B20A3 /* UIImageView+Animations.swift in Sources */ = {isa = PBXBuildFile; fileRef = C1326BCE29A75723001B20A3 /* UIImageView+Animations.swift */; };
		C16E9D21299CACC2003A8895 /* CoreDataHelpers.swift in Sources */ = {isa = PBXBuildFile; fileRef = C16E9D20299CACC2003A8895 /* CoreDataHelpers.swift */; };
		C16E9D23299CAD1C003A8895 /* ManagedCacheHelpers.swift in Sources */ = {isa = PBXBuildFile; fileRef = C16E9D22299CAD1C003A8895 /* ManagedCacheHelpers.swift */; };
		C16E9D25299CAD26003A8895 /* ManagedFeedImageHelpers.swift in Sources */ = {isa = PBXBuildFile; fileRef = C16E9D24299CAD26003A8895 /* ManagedFeedImageHelpers.swift */; };
		C17106E3299C8FB90099FCD2 /* CoreDataFeedStore.swift in Sources */ = {isa = PBXBuildFile; fileRef = C17106E2299C8FB90099FCD2 /* CoreDataFeedStore.swift */; };
		C17106E6299C90270099FCD2 /* FeedStore.xcdatamodeld in Sources */ = {isa = PBXBuildFile; fileRef = C17106E4299C90270099FCD2 /* FeedStore.xcdatamodeld */; };
		C17555E0299D141F00B879CA /* EssentialFeedCacheIntegrationTests.swift in Sources */ = {isa = PBXBuildFile; fileRef = C17555DF299D141F00B879CA /* EssentialFeedCacheIntegrationTests.swift */; };
		C17555E1299D141F00B879CA /* EssentialFeed.framework in Frameworks */ = {isa = PBXBuildFile; fileRef = C1A3E445298DCC9C00931529 /* EssentialFeed.framework */; };
		C17555E7299D9F4100B879CA /* XCTestCase+MemoryLeakTracking.swift in Sources */ = {isa = PBXBuildFile; fileRef = C1A3E46D2990A0DD00931529 /* XCTestCase+MemoryLeakTracking.swift */; };
		C17555E8299DA02000B879CA /* FeedCacheTestHelpers.swift in Sources */ = {isa = PBXBuildFile; fileRef = C1E77307299B282D008BBA94 /* FeedCacheTestHelpers.swift */; };
		C17555E9299DA03500B879CA /* SharedTestHelpers.swift in Sources */ = {isa = PBXBuildFile; fileRef = C1E77302299799EA008BBA94 /* SharedTestHelpers.swift */; };
		C1A3E44E298DCC9C00931529 /* EssentialFeed.framework in Frameworks */ = {isa = PBXBuildFile; fileRef = C1A3E445298DCC9C00931529 /* EssentialFeed.framework */; };
		C1A3E453298DCC9C00931529 /* RemoteFeedLoaderTests.swift in Sources */ = {isa = PBXBuildFile; fileRef = C1A3E452298DCC9C00931529 /* RemoteFeedLoaderTests.swift */; };
		C1A3E454298DCC9C00931529 /* EssentialFeed.h in Headers */ = {isa = PBXBuildFile; fileRef = C1A3E448298DCC9C00931529 /* EssentialFeed.h */; settings = {ATTRIBUTES = (Public, ); }; };
		C1A3E45E298DCD1100931529 /* FeedLoader.swift in Sources */ = {isa = PBXBuildFile; fileRef = C1A3E45D298DCD1100931529 /* FeedLoader.swift */; };
		C1A3E460298DCD1700931529 /* FeedItem.swift in Sources */ = {isa = PBXBuildFile; fileRef = C1A3E45F298DCD1700931529 /* FeedItem.swift */; };
		C1A3E464298DCF6900931529 /* RemoteFeedLoader.swift in Sources */ = {isa = PBXBuildFile; fileRef = C1A3E463298DCF6900931529 /* RemoteFeedLoader.swift */; };
		C1A3E466298F23AB00931529 /* FeedItemsMapper.swift in Sources */ = {isa = PBXBuildFile; fileRef = C1A3E465298F23AB00931529 /* FeedItemsMapper.swift */; };
		C1A3E468298F248100931529 /* HTTPClient.swift in Sources */ = {isa = PBXBuildFile; fileRef = C1A3E467298F248100931529 /* HTTPClient.swift */; };
		C1A3E46B299098C700931529 /* URLSessionHTTPClientTests.swift in Sources */ = {isa = PBXBuildFile; fileRef = C1A3E46A299098C700931529 /* URLSessionHTTPClientTests.swift */; };
		C1A3E46E2990A0DD00931529 /* XCTestCase+MemoryLeakTracking.swift in Sources */ = {isa = PBXBuildFile; fileRef = C1A3E46D2990A0DD00931529 /* XCTestCase+MemoryLeakTracking.swift */; };
		C1A3E4722991AB7B00931529 /* URLSessionHTTPClient.swift in Sources */ = {isa = PBXBuildFile; fileRef = C1A3E4712991AB7B00931529 /* URLSessionHTTPClient.swift */; };
		C1A3E47A2991AD7E00931529 /* EssentialFeedAPIEndToEndTests.swift in Sources */ = {isa = PBXBuildFile; fileRef = C1A3E4792991AD7E00931529 /* EssentialFeedAPIEndToEndTests.swift */; };
		C1A3E47B2991AD7E00931529 /* EssentialFeed.framework in Frameworks */ = {isa = PBXBuildFile; fileRef = C1A3E445298DCC9C00931529 /* EssentialFeed.framework */; };
		C1A3E4812991B18300931529 /* XCTestCase+MemoryLeakTracking.swift in Sources */ = {isa = PBXBuildFile; fileRef = C1A3E46D2990A0DD00931529 /* XCTestCase+MemoryLeakTracking.swift */; };
		C1A3E48629933A0100931529 /* CacheFeedUseCaseTests.swift in Sources */ = {isa = PBXBuildFile; fileRef = C1A3E48529933A0100931529 /* CacheFeedUseCaseTests.swift */; };
		C1A720A8299732FB00562E2E /* LoadFeedFromCacheUseCaseTests.swift in Sources */ = {isa = PBXBuildFile; fileRef = C1A720A7299732FB00562E2E /* LoadFeedFromCacheUseCaseTests.swift */; };
		C1A720AB2997336900562E2E /* FeedStoreSpy.swift in Sources */ = {isa = PBXBuildFile; fileRef = C1A720AA2997336900562E2E /* FeedStoreSpy.swift */; };
		C1A720AD29975BCD00562E2E /* ValidateFeedCacheUseCaseTests.swift in Sources */ = {isa = PBXBuildFile; fileRef = C1A720AC29975BCD00562E2E /* ValidateFeedCacheUseCaseTests.swift */; };
		C1ABA692299B700500BCD6B1 /* CodableFeedStore.swift in Sources */ = {isa = PBXBuildFile; fileRef = C1ABA691299B700500BCD6B1 /* CodableFeedStore.swift */; };
		C1ABA694299C754A00BCD6B1 /* FeedStoreSpecs.swift in Sources */ = {isa = PBXBuildFile; fileRef = C1ABA693299C754A00BCD6B1 /* FeedStoreSpecs.swift */; };
		C1ABA696299C76AF00BCD6B1 /* XCTestCase+FeedStoreSpecs.swift in Sources */ = {isa = PBXBuildFile; fileRef = C1ABA695299C76AF00BCD6B1 /* XCTestCase+FeedStoreSpecs.swift */; };
		C1ABA698299C794C00BCD6B1 /* XCTestCase+FailableRetrieveFeedStoreSpecs.swift in Sources */ = {isa = PBXBuildFile; fileRef = C1ABA697299C794C00BCD6B1 /* XCTestCase+FailableRetrieveFeedStoreSpecs.swift */; };
		C1ABA69A299C7A3300BCD6B1 /* XCTestCase+FailableInsertFeedStoreSpecs.swift in Sources */ = {isa = PBXBuildFile; fileRef = C1ABA699299C7A3300BCD6B1 /* XCTestCase+FailableInsertFeedStoreSpecs.swift */; };
		C1ABA69C299C7AB700BCD6B1 /* XCTestCase+FailableDeleteFeedStoreSpecs.swift in Sources */ = {isa = PBXBuildFile; fileRef = C1ABA69B299C7AB700BCD6B1 /* XCTestCase+FailableDeleteFeedStoreSpecs.swift */; };
		C1ABA6A2299C8E6200BCD6B1 /* CoreDataFeedStoreTests.swift in Sources */ = {isa = PBXBuildFile; fileRef = C1ABA6A1299C8E6200BCD6B1 /* CoreDataFeedStoreTests.swift */; };
		C1AE868129A5B66C008F084E /* UIImage+TestHelpers.swift in Sources */ = {isa = PBXBuildFile; fileRef = C1AE868029A5B66C008F084E /* UIImage+TestHelpers.swift */; };
		C1AE868329A5BA5D008F084E /* UIRefreshControl+TestHelpers.swift in Sources */ = {isa = PBXBuildFile; fileRef = C1AE868229A5BA5D008F084E /* UIRefreshControl+TestHelpers.swift */; };
		C1AE868529A5BA87008F084E /* UIButton+TestHelpers.swift in Sources */ = {isa = PBXBuildFile; fileRef = C1AE868429A5BA87008F084E /* UIButton+TestHelpers.swift */; };
		C1AE868729A5BAB2008F084E /* UIControl+TestHelpers.swift in Sources */ = {isa = PBXBuildFile; fileRef = C1AE868629A5BAB2008F084E /* UIControl+TestHelpers.swift */; };
		C1AE868E29A5BBC7008F084E /* FeedImageDataLoader.swift in Sources */ = {isa = PBXBuildFile; fileRef = C1AE868D29A5BBC7008F084E /* FeedImageDataLoader.swift */; };
		C1AE869129A5BC04008F084E /* FeedUIIntegrationTests+TestHelpers.swift in Sources */ = {isa = PBXBuildFile; fileRef = C1AE869029A5BC04008F084E /* FeedUIIntegrationTests+TestHelpers.swift */; };
		C1AE869329A5BC33008F084E /* FeedImageCell+TestHelpers.swift in Sources */ = {isa = PBXBuildFile; fileRef = C1AE869229A5BC33008F084E /* FeedImageCell+TestHelpers.swift */; };
		C1AE869529A5BC64008F084E /* FeedUIIntegrationTests+LoaderSpy.swift in Sources */ = {isa = PBXBuildFile; fileRef = C1AE869429A5BC64008F084E /* FeedUIIntegrationTests+LoaderSpy.swift */; };
		C1AE869729A5BC9E008F084E /* FeedUIIntegrationTests+Assertions.swift in Sources */ = {isa = PBXBuildFile; fileRef = C1AE869629A5BC9E008F084E /* FeedUIIntegrationTests+Assertions.swift */; };
		C1AE869B29A5BFC4008F084E /* FeedImageCellController.swift in Sources */ = {isa = PBXBuildFile; fileRef = C1AE869A29A5BFC4008F084E /* FeedImageCellController.swift */; };
		C1AE869F29A5C20E008F084E /* FeedUIComposer.swift in Sources */ = {isa = PBXBuildFile; fileRef = C1AE869E29A5C20E008F084E /* FeedUIComposer.swift */; };
		C1E77303299799EA008BBA94 /* SharedTestHelpers.swift in Sources */ = {isa = PBXBuildFile; fileRef = C1E77302299799EA008BBA94 /* SharedTestHelpers.swift */; };
		C1E77306299B2630008BBA94 /* FeedCachePolicy.swift in Sources */ = {isa = PBXBuildFile; fileRef = C1E77305299B2630008BBA94 /* FeedCachePolicy.swift */; };
		C1E77308299B282D008BBA94 /* FeedCacheTestHelpers.swift in Sources */ = {isa = PBXBuildFile; fileRef = C1E77307299B282D008BBA94 /* FeedCacheTestHelpers.swift */; };
		C1E7730A299B29B9008BBA94 /* CodableFeedStoreTests.swift in Sources */ = {isa = PBXBuildFile; fileRef = C1E77309299B29B9008BBA94 /* CodableFeedStoreTests.swift */; };
		C1E9623129A5837D001F7166 /* FeedUIIntegrationTests.swift in Sources */ = {isa = PBXBuildFile; fileRef = C1E9623029A5837D001F7166 /* FeedUIIntegrationTests.swift */; };
		C1E9623229A58589001F7166 /* XCTestCase+MemoryLeakTracking.swift in Sources */ = {isa = PBXBuildFile; fileRef = C1A3E46D2990A0DD00931529 /* XCTestCase+MemoryLeakTracking.swift */; };
		C1E9623429A5881E001F7166 /* FeedViewController.swift in Sources */ = {isa = PBXBuildFile; fileRef = C1E9623329A5881E001F7166 /* FeedViewController.swift */; };
		C1E9623629A588C2001F7166 /* FeedImageCell.swift in Sources */ = {isa = PBXBuildFile; fileRef = C1E9623529A588C2001F7166 /* FeedImageCell.swift */; };
		C1E9623829A5AD8F001F7166 /* UIView+Shimmering.swift in Sources */ = {isa = PBXBuildFile; fileRef = C1E9623729A5AD8F001F7166 /* UIView+Shimmering.swift */; };
		C1F34359299461C500ED42B1 /* FeedStore.swift in Sources */ = {isa = PBXBuildFile; fileRef = C1F34358299461C500ED42B1 /* FeedStore.swift */; };
		C1F3435B299461DB00ED42B1 /* LocalFeedLoader.swift in Sources */ = {isa = PBXBuildFile; fileRef = C1F3435A299461DB00ED42B1 /* LocalFeedLoader.swift */; };
		C1F3435D2994669D00ED42B1 /* RemoteFeedItem.swift in Sources */ = {isa = PBXBuildFile; fileRef = C1F3435C2994669D00ED42B1 /* RemoteFeedItem.swift */; };
		C1F3435F299466BA00ED42B1 /* LocalFeedImage.swift in Sources */ = {isa = PBXBuildFile; fileRef = C1F3435E299466BA00ED42B1 /* LocalFeedImage.swift */; };
/* End PBXBuildFile section */

/* Begin PBXContainerItemProxy section */
		C1154CD229A4703400F42EA0 /* PBXContainerItemProxy */ = {
			isa = PBXContainerItemProxy;
			containerPortal = C1A3E43C298DCC9C00931529 /* Project object */;
			proxyType = 1;
			remoteGlobalIDString = C1154CC829A4703300F42EA0;
			remoteInfo = EssentialFeediOS;
		};
		C123B4BF29A60C690017037C /* PBXContainerItemProxy */ = {
			isa = PBXContainerItemProxy;
			containerPortal = C1A3E43C298DCC9C00931529 /* Project object */;
			proxyType = 1;
			remoteGlobalIDString = C1A3E444298DCC9C00931529;
			remoteInfo = EssentialFeed;
		};
		C17555E2299D141F00B879CA /* PBXContainerItemProxy */ = {
			isa = PBXContainerItemProxy;
			containerPortal = C1A3E43C298DCC9C00931529 /* Project object */;
			proxyType = 1;
			remoteGlobalIDString = C1A3E444298DCC9C00931529;
			remoteInfo = EssentialFeed;
		};
		C1A3E44F298DCC9C00931529 /* PBXContainerItemProxy */ = {
			isa = PBXContainerItemProxy;
			containerPortal = C1A3E43C298DCC9C00931529 /* Project object */;
			proxyType = 1;
			remoteGlobalIDString = C1A3E444298DCC9C00931529;
			remoteInfo = EssentialFeed;
		};
		C1A3E47C2991AD7E00931529 /* PBXContainerItemProxy */ = {
			isa = PBXContainerItemProxy;
			containerPortal = C1A3E43C298DCC9C00931529 /* Project object */;
			proxyType = 1;
			remoteGlobalIDString = C1A3E444298DCC9C00931529;
			remoteInfo = EssentialFeed;
		};
/* End PBXContainerItemProxy section */

/* Begin PBXCopyFilesBuildPhase section */
		C123B4C129A60C690017037C /* Embed Frameworks */ = {
			isa = PBXCopyFilesBuildPhase;
			buildActionMask = 2147483647;
			dstPath = "";
			dstSubfolderSpec = 10;
			files = (
				C123B4BE29A60C690017037C /* EssentialFeed.framework in Embed Frameworks */,
			);
			name = "Embed Frameworks";
			runOnlyForDeploymentPostprocessing = 0;
		};
/* End PBXCopyFilesBuildPhase section */

/* Begin PBXFileReference section */
		C1154CC929A4703300F42EA0 /* EssentialFeediOS.framework */ = {isa = PBXFileReference; explicitFileType = wrapper.framework; includeInIndex = 0; path = EssentialFeediOS.framework; sourceTree = BUILT_PRODUCTS_DIR; };
		C1154CD029A4703300F42EA0 /* EssentialFeediOSTests.xctest */ = {isa = PBXFileReference; explicitFileType = wrapper.cfbundle; includeInIndex = 0; path = EssentialFeediOSTests.xctest; sourceTree = BUILT_PRODUCTS_DIR; };
		C123B4C529A6FF5A0017037C /* FeedImageViewModel.swift */ = {isa = PBXFileReference; lastKnownFileType = sourcecode.swift; path = FeedImageViewModel.swift; sourceTree = "<group>"; };
		C123B4C829A706610017037C /* FeedPresenter.swift */ = {isa = PBXFileReference; lastKnownFileType = sourcecode.swift; path = FeedPresenter.swift; sourceTree = "<group>"; };
		C123B4CA29A71A200017037C /* FeedImagePresenter.swift */ = {isa = PBXFileReference; lastKnownFileType = sourcecode.swift; path = FeedImagePresenter.swift; sourceTree = "<group>"; };
		C123B4CC29A7275D0017037C /* FeedLoadingViewModel.swift */ = {isa = PBXFileReference; lastKnownFileType = sourcecode.swift; path = FeedLoadingViewModel.swift; sourceTree = "<group>"; };
		C123B4CE29A727830017037C /* FeedViewModel.swift */ = {isa = PBXFileReference; lastKnownFileType = sourcecode.swift; path = FeedViewModel.swift; sourceTree = "<group>"; };
		C123B4D229A73CCE0017037C /* Feed.storyboard */ = {isa = PBXFileReference; lastKnownFileType = file.storyboard; path = Feed.storyboard; sourceTree = "<group>"; };
		C123B4D429A73DB90017037C /* Feed.xcassets */ = {isa = PBXFileReference; lastKnownFileType = folder.assetcatalog; path = Feed.xcassets; sourceTree = "<group>"; };
		C12F871129B5A62C00884207 /* FeedUIIntegrationTests+Localization.swift */ = {isa = PBXFileReference; lastKnownFileType = sourcecode.swift; path = "FeedUIIntegrationTests+Localization.swift"; sourceTree = "<group>"; };
		C12F871429B5A7D600884207 /* en */ = {isa = PBXFileReference; lastKnownFileType = text.plist.strings; name = en; path = en.lproj/Feed.strings; sourceTree = "<group>"; };
		C12F871629B5A80900884207 /* pt-BR */ = {isa = PBXFileReference; lastKnownFileType = text.plist.strings; name = "pt-BR"; path = "pt-BR.lproj/Feed.strings"; sourceTree = "<group>"; };
		C12F871729B5A83800884207 /* el */ = {isa = PBXFileReference; lastKnownFileType = text.plist.strings; name = el; path = el.lproj/Feed.strings; sourceTree = "<group>"; };
		C12F871929B5A86E00884207 /* FeedLocalizationTests.swift */ = {isa = PBXFileReference; lastKnownFileType = sourcecode.swift; path = FeedLocalizationTests.swift; sourceTree = "<group>"; };
		C12F871B29B5AEE600884207 /* MainQueueDispatchDecorator.swift */ = {isa = PBXFileReference; lastKnownFileType = sourcecode.swift; path = MainQueueDispatchDecorator.swift; sourceTree = "<group>"; };
		C12F871D29B5AF0F00884207 /* WeakRefVirtualProxy.swift */ = {isa = PBXFileReference; lastKnownFileType = sourcecode.swift; path = WeakRefVirtualProxy.swift; sourceTree = "<group>"; };
		C12F871F29B5AF4800884207 /* FeedImageDataLoaderPresentationAdapter.swift */ = {isa = PBXFileReference; lastKnownFileType = sourcecode.swift; path = FeedImageDataLoaderPresentationAdapter.swift; sourceTree = "<group>"; };
		C12F872129B5B03400884207 /* FeedLoaderPresentationAdapter.swift */ = {isa = PBXFileReference; lastKnownFileType = sourcecode.swift; path = FeedLoaderPresentationAdapter.swift; sourceTree = "<group>"; };
		C12F872329B5B75100884207 /* FeedViewAdapter.swift */ = {isa = PBXFileReference; lastKnownFileType = sourcecode.swift; path = FeedViewAdapter.swift; sourceTree = "<group>"; };
		C12F872529B5C0EA00884207 /* ErrorView.swift */ = {isa = PBXFileReference; lastKnownFileType = sourcecode.swift; path = ErrorView.swift; sourceTree = "<group>"; };
		C1326BCC29A754C7001B20A3 /* UITableView+Dequeueing.swift */ = {isa = PBXFileReference; lastKnownFileType = sourcecode.swift; path = "UITableView+Dequeueing.swift"; sourceTree = "<group>"; };
		C1326BCE29A75723001B20A3 /* UIImageView+Animations.swift */ = {isa = PBXFileReference; lastKnownFileType = sourcecode.swift; path = "UIImageView+Animations.swift"; sourceTree = "<group>"; };
		C16E9D20299CACC2003A8895 /* CoreDataHelpers.swift */ = {isa = PBXFileReference; lastKnownFileType = sourcecode.swift; path = CoreDataHelpers.swift; sourceTree = "<group>"; };
		C16E9D22299CAD1C003A8895 /* ManagedCacheHelpers.swift */ = {isa = PBXFileReference; lastKnownFileType = sourcecode.swift; path = ManagedCacheHelpers.swift; sourceTree = "<group>"; };
		C16E9D24299CAD26003A8895 /* ManagedFeedImageHelpers.swift */ = {isa = PBXFileReference; lastKnownFileType = sourcecode.swift; path = ManagedFeedImageHelpers.swift; sourceTree = "<group>"; };
		C17106E2299C8FB90099FCD2 /* CoreDataFeedStore.swift */ = {isa = PBXFileReference; lastKnownFileType = sourcecode.swift; path = CoreDataFeedStore.swift; sourceTree = "<group>"; };
		C17106E5299C90270099FCD2 /* FeedStore.xcdatamodel */ = {isa = PBXFileReference; lastKnownFileType = wrapper.xcdatamodel; path = FeedStore.xcdatamodel; sourceTree = "<group>"; };
		C17555DD299D141F00B879CA /* EssentialFeedCacheIntegrationTests.xctest */ = {isa = PBXFileReference; explicitFileType = wrapper.cfbundle; includeInIndex = 0; path = EssentialFeedCacheIntegrationTests.xctest; sourceTree = BUILT_PRODUCTS_DIR; };
		C17555DF299D141F00B879CA /* EssentialFeedCacheIntegrationTests.swift */ = {isa = PBXFileReference; lastKnownFileType = sourcecode.swift; path = EssentialFeedCacheIntegrationTests.swift; sourceTree = "<group>"; };
		C1A3E445298DCC9C00931529 /* EssentialFeed.framework */ = {isa = PBXFileReference; explicitFileType = wrapper.framework; includeInIndex = 0; path = EssentialFeed.framework; sourceTree = BUILT_PRODUCTS_DIR; };
		C1A3E448298DCC9C00931529 /* EssentialFeed.h */ = {isa = PBXFileReference; lastKnownFileType = sourcecode.c.h; path = EssentialFeed.h; sourceTree = "<group>"; };
		C1A3E44D298DCC9C00931529 /* EssentialFeedTests.xctest */ = {isa = PBXFileReference; explicitFileType = wrapper.cfbundle; includeInIndex = 0; path = EssentialFeedTests.xctest; sourceTree = BUILT_PRODUCTS_DIR; };
		C1A3E452298DCC9C00931529 /* RemoteFeedLoaderTests.swift */ = {isa = PBXFileReference; lastKnownFileType = sourcecode.swift; path = RemoteFeedLoaderTests.swift; sourceTree = "<group>"; };
		C1A3E45D298DCD1100931529 /* FeedLoader.swift */ = {isa = PBXFileReference; lastKnownFileType = sourcecode.swift; path = FeedLoader.swift; sourceTree = "<group>"; };
		C1A3E45F298DCD1700931529 /* FeedItem.swift */ = {isa = PBXFileReference; lastKnownFileType = sourcecode.swift; path = FeedItem.swift; sourceTree = "<group>"; };
		C1A3E463298DCF6900931529 /* RemoteFeedLoader.swift */ = {isa = PBXFileReference; lastKnownFileType = sourcecode.swift; path = RemoteFeedLoader.swift; sourceTree = "<group>"; };
		C1A3E465298F23AB00931529 /* FeedItemsMapper.swift */ = {isa = PBXFileReference; lastKnownFileType = sourcecode.swift; path = FeedItemsMapper.swift; sourceTree = "<group>"; };
		C1A3E467298F248100931529 /* HTTPClient.swift */ = {isa = PBXFileReference; lastKnownFileType = sourcecode.swift; path = HTTPClient.swift; sourceTree = "<group>"; };
		C1A3E46A299098C700931529 /* URLSessionHTTPClientTests.swift */ = {isa = PBXFileReference; lastKnownFileType = sourcecode.swift; path = URLSessionHTTPClientTests.swift; sourceTree = "<group>"; };
		C1A3E46D2990A0DD00931529 /* XCTestCase+MemoryLeakTracking.swift */ = {isa = PBXFileReference; lastKnownFileType = sourcecode.swift; path = "XCTestCase+MemoryLeakTracking.swift"; sourceTree = "<group>"; };
		C1A3E4712991AB7B00931529 /* URLSessionHTTPClient.swift */ = {isa = PBXFileReference; lastKnownFileType = sourcecode.swift; path = URLSessionHTTPClient.swift; sourceTree = "<group>"; };
		C1A3E4772991AD7E00931529 /* EssentialFeedAPIEndToEndTests.xctest */ = {isa = PBXFileReference; explicitFileType = wrapper.cfbundle; includeInIndex = 0; path = EssentialFeedAPIEndToEndTests.xctest; sourceTree = BUILT_PRODUCTS_DIR; };
		C1A3E4792991AD7E00931529 /* EssentialFeedAPIEndToEndTests.swift */ = {isa = PBXFileReference; lastKnownFileType = sourcecode.swift; path = EssentialFeedAPIEndToEndTests.swift; sourceTree = "<group>"; };
		C1A3E48529933A0100931529 /* CacheFeedUseCaseTests.swift */ = {isa = PBXFileReference; lastKnownFileType = sourcecode.swift; path = CacheFeedUseCaseTests.swift; sourceTree = "<group>"; };
		C1A720A7299732FB00562E2E /* LoadFeedFromCacheUseCaseTests.swift */ = {isa = PBXFileReference; lastKnownFileType = sourcecode.swift; path = LoadFeedFromCacheUseCaseTests.swift; sourceTree = "<group>"; };
		C1A720AA2997336900562E2E /* FeedStoreSpy.swift */ = {isa = PBXFileReference; lastKnownFileType = sourcecode.swift; path = FeedStoreSpy.swift; sourceTree = "<group>"; };
		C1A720AC29975BCD00562E2E /* ValidateFeedCacheUseCaseTests.swift */ = {isa = PBXFileReference; lastKnownFileType = sourcecode.swift; path = ValidateFeedCacheUseCaseTests.swift; sourceTree = "<group>"; };
		C1ABA691299B700500BCD6B1 /* CodableFeedStore.swift */ = {isa = PBXFileReference; lastKnownFileType = sourcecode.swift; path = CodableFeedStore.swift; sourceTree = "<group>"; };
		C1ABA693299C754A00BCD6B1 /* FeedStoreSpecs.swift */ = {isa = PBXFileReference; lastKnownFileType = sourcecode.swift; path = FeedStoreSpecs.swift; sourceTree = "<group>"; };
		C1ABA695299C76AF00BCD6B1 /* XCTestCase+FeedStoreSpecs.swift */ = {isa = PBXFileReference; lastKnownFileType = sourcecode.swift; path = "XCTestCase+FeedStoreSpecs.swift"; sourceTree = "<group>"; };
		C1ABA697299C794C00BCD6B1 /* XCTestCase+FailableRetrieveFeedStoreSpecs.swift */ = {isa = PBXFileReference; lastKnownFileType = sourcecode.swift; path = "XCTestCase+FailableRetrieveFeedStoreSpecs.swift"; sourceTree = "<group>"; };
		C1ABA699299C7A3300BCD6B1 /* XCTestCase+FailableInsertFeedStoreSpecs.swift */ = {isa = PBXFileReference; lastKnownFileType = sourcecode.swift; path = "XCTestCase+FailableInsertFeedStoreSpecs.swift"; sourceTree = "<group>"; };
		C1ABA69B299C7AB700BCD6B1 /* XCTestCase+FailableDeleteFeedStoreSpecs.swift */ = {isa = PBXFileReference; lastKnownFileType = sourcecode.swift; path = "XCTestCase+FailableDeleteFeedStoreSpecs.swift"; sourceTree = "<group>"; };
		C1ABA6A1299C8E6200BCD6B1 /* CoreDataFeedStoreTests.swift */ = {isa = PBXFileReference; lastKnownFileType = sourcecode.swift; path = CoreDataFeedStoreTests.swift; sourceTree = "<group>"; };
		C1AE868029A5B66C008F084E /* UIImage+TestHelpers.swift */ = {isa = PBXFileReference; lastKnownFileType = sourcecode.swift; path = "UIImage+TestHelpers.swift"; sourceTree = "<group>"; };
		C1AE868229A5BA5D008F084E /* UIRefreshControl+TestHelpers.swift */ = {isa = PBXFileReference; lastKnownFileType = sourcecode.swift; path = "UIRefreshControl+TestHelpers.swift"; sourceTree = "<group>"; };
		C1AE868429A5BA87008F084E /* UIButton+TestHelpers.swift */ = {isa = PBXFileReference; lastKnownFileType = sourcecode.swift; path = "UIButton+TestHelpers.swift"; sourceTree = "<group>"; };
		C1AE868629A5BAB2008F084E /* UIControl+TestHelpers.swift */ = {isa = PBXFileReference; lastKnownFileType = sourcecode.swift; path = "UIControl+TestHelpers.swift"; sourceTree = "<group>"; };
		C1AE868D29A5BBC7008F084E /* FeedImageDataLoader.swift */ = {isa = PBXFileReference; lastKnownFileType = sourcecode.swift; path = FeedImageDataLoader.swift; sourceTree = "<group>"; };
		C1AE869029A5BC04008F084E /* FeedUIIntegrationTests+TestHelpers.swift */ = {isa = PBXFileReference; lastKnownFileType = sourcecode.swift; path = "FeedUIIntegrationTests+TestHelpers.swift"; sourceTree = "<group>"; };
		C1AE869229A5BC33008F084E /* FeedImageCell+TestHelpers.swift */ = {isa = PBXFileReference; lastKnownFileType = sourcecode.swift; path = "FeedImageCell+TestHelpers.swift"; sourceTree = "<group>"; };
		C1AE869429A5BC64008F084E /* FeedUIIntegrationTests+LoaderSpy.swift */ = {isa = PBXFileReference; lastKnownFileType = sourcecode.swift; path = "FeedUIIntegrationTests+LoaderSpy.swift"; sourceTree = "<group>"; };
		C1AE869629A5BC9E008F084E /* FeedUIIntegrationTests+Assertions.swift */ = {isa = PBXFileReference; lastKnownFileType = sourcecode.swift; path = "FeedUIIntegrationTests+Assertions.swift"; sourceTree = "<group>"; };
		C1AE869A29A5BFC4008F084E /* FeedImageCellController.swift */ = {isa = PBXFileReference; lastKnownFileType = sourcecode.swift; path = FeedImageCellController.swift; sourceTree = "<group>"; };
		C1AE869E29A5C20E008F084E /* FeedUIComposer.swift */ = {isa = PBXFileReference; lastKnownFileType = sourcecode.swift; path = FeedUIComposer.swift; sourceTree = "<group>"; };
		C1E77302299799EA008BBA94 /* SharedTestHelpers.swift */ = {isa = PBXFileReference; lastKnownFileType = sourcecode.swift; path = SharedTestHelpers.swift; sourceTree = "<group>"; };
		C1E77305299B2630008BBA94 /* FeedCachePolicy.swift */ = {isa = PBXFileReference; lastKnownFileType = sourcecode.swift; path = FeedCachePolicy.swift; sourceTree = "<group>"; };
		C1E77307299B282D008BBA94 /* FeedCacheTestHelpers.swift */ = {isa = PBXFileReference; lastKnownFileType = sourcecode.swift; path = FeedCacheTestHelpers.swift; sourceTree = "<group>"; };
		C1E77309299B29B9008BBA94 /* CodableFeedStoreTests.swift */ = {isa = PBXFileReference; lastKnownFileType = sourcecode.swift; path = CodableFeedStoreTests.swift; sourceTree = "<group>"; };
		C1E9623029A5837D001F7166 /* FeedUIIntegrationTests.swift */ = {isa = PBXFileReference; lastKnownFileType = sourcecode.swift; path = FeedUIIntegrationTests.swift; sourceTree = "<group>"; };
		C1E9623329A5881E001F7166 /* FeedViewController.swift */ = {isa = PBXFileReference; lastKnownFileType = sourcecode.swift; path = FeedViewController.swift; sourceTree = "<group>"; };
		C1E9623529A588C2001F7166 /* FeedImageCell.swift */ = {isa = PBXFileReference; lastKnownFileType = sourcecode.swift; path = FeedImageCell.swift; sourceTree = "<group>"; };
		C1E9623729A5AD8F001F7166 /* UIView+Shimmering.swift */ = {isa = PBXFileReference; lastKnownFileType = sourcecode.swift; path = "UIView+Shimmering.swift"; sourceTree = "<group>"; };
		C1F34358299461C500ED42B1 /* FeedStore.swift */ = {isa = PBXFileReference; lastKnownFileType = sourcecode.swift; path = FeedStore.swift; sourceTree = "<group>"; };
		C1F3435A299461DB00ED42B1 /* LocalFeedLoader.swift */ = {isa = PBXFileReference; lastKnownFileType = sourcecode.swift; path = LocalFeedLoader.swift; sourceTree = "<group>"; };
		C1F3435C2994669D00ED42B1 /* RemoteFeedItem.swift */ = {isa = PBXFileReference; lastKnownFileType = sourcecode.swift; path = RemoteFeedItem.swift; sourceTree = "<group>"; };
		C1F3435E299466BA00ED42B1 /* LocalFeedImage.swift */ = {isa = PBXFileReference; lastKnownFileType = sourcecode.swift; path = LocalFeedImage.swift; sourceTree = "<group>"; };
/* End PBXFileReference section */

/* Begin PBXFrameworksBuildPhase section */
		C1154CC629A4703300F42EA0 /* Frameworks */ = {
			isa = PBXFrameworksBuildPhase;
			buildActionMask = 2147483647;
			files = (
				C123B4BD29A60C690017037C /* EssentialFeed.framework in Frameworks */,
			);
			runOnlyForDeploymentPostprocessing = 0;
		};
		C1154CCD29A4703300F42EA0 /* Frameworks */ = {
			isa = PBXFrameworksBuildPhase;
			buildActionMask = 2147483647;
			files = (
				C1154CD129A4703400F42EA0 /* EssentialFeediOS.framework in Frameworks */,
			);
			runOnlyForDeploymentPostprocessing = 0;
		};
		C17555DA299D141F00B879CA /* Frameworks */ = {
			isa = PBXFrameworksBuildPhase;
			buildActionMask = 2147483647;
			files = (
				C17555E1299D141F00B879CA /* EssentialFeed.framework in Frameworks */,
			);
			runOnlyForDeploymentPostprocessing = 0;
		};
		C1A3E442298DCC9C00931529 /* Frameworks */ = {
			isa = PBXFrameworksBuildPhase;
			buildActionMask = 2147483647;
			files = (
			);
			runOnlyForDeploymentPostprocessing = 0;
		};
		C1A3E44A298DCC9C00931529 /* Frameworks */ = {
			isa = PBXFrameworksBuildPhase;
			buildActionMask = 2147483647;
			files = (
				C1A3E44E298DCC9C00931529 /* EssentialFeed.framework in Frameworks */,
			);
			runOnlyForDeploymentPostprocessing = 0;
		};
		C1A3E4742991AD7E00931529 /* Frameworks */ = {
			isa = PBXFrameworksBuildPhase;
			buildActionMask = 2147483647;
			files = (
				C1A3E47B2991AD7E00931529 /* EssentialFeed.framework in Frameworks */,
			);
			runOnlyForDeploymentPostprocessing = 0;
		};
/* End PBXFrameworksBuildPhase section */

/* Begin PBXGroup section */
		C1154CCA29A4703300F42EA0 /* EssentialFeediOS */ = {
			isa = PBXGroup;
			children = (
				C123B4C729A705590017037C /* Feed Presentation */,
				C1AE868C29A5BBB8008F084E /* Feed Image Loader */,
				C1AE869C29A5C1E1008F084E /* Feed UI */,
			);
			path = EssentialFeediOS;
			sourceTree = "<group>";
		};
		C1154CD429A4703400F42EA0 /* EssentialFeediOSTests */ = {
			isa = PBXGroup;
			children = (
				C12F871829B5A85B00884207 /* Feed Presentation */,
				C1AE868A29A5BB95008F084E /* Feed UI */,
			);
			path = EssentialFeediOSTests;
			sourceTree = "<group>";
		};
		C123B4BC29A60C690017037C /* Frameworks */ = {
			isa = PBXGroup;
			children = (
			);
			name = Frameworks;
			sourceTree = "<group>";
		};
		C123B4C729A705590017037C /* Feed Presentation */ = {
			isa = PBXGroup;
			children = (
				C123B4C529A6FF5A0017037C /* FeedImageViewModel.swift */,
				C123B4C829A706610017037C /* FeedPresenter.swift */,
				C123B4CA29A71A200017037C /* FeedImagePresenter.swift */,
				C123B4CC29A7275D0017037C /* FeedLoadingViewModel.swift */,
				C123B4CE29A727830017037C /* FeedViewModel.swift */,
				C12F871529B5A7D600884207 /* Feed.strings */,
			);
			path = "Feed Presentation";
			sourceTree = "<group>";
		};
		C12F871829B5A85B00884207 /* Feed Presentation */ = {
			isa = PBXGroup;
			children = (
				C12F871929B5A86E00884207 /* FeedLocalizationTests.swift */,
			);
			path = "Feed Presentation";
			sourceTree = "<group>";
		};
		C12F872729B5C36400884207 /* Helpers */ = {
			isa = PBXGroup;
			children = (
				C1E9623729A5AD8F001F7166 /* UIView+Shimmering.swift */,
				C1326BCC29A754C7001B20A3 /* UITableView+Dequeueing.swift */,
				C1326BCE29A75723001B20A3 /* UIImageView+Animations.swift */,
			);
			path = Helpers;
			sourceTree = "<group>";
		};
		C16E9D1D299CAC6D003A8895 /* Infrastructure */ = {
			isa = PBXGroup;
			children = (
				C16E9D1F299CACA0003A8895 /* Codable */,
				C16E9D1E299CAC87003A8895 /* Core Data */,
			);
			path = Infrastructure;
			sourceTree = "<group>";
		};
		C16E9D1E299CAC87003A8895 /* Core Data */ = {
			isa = PBXGroup;
			children = (
				C17106E2299C8FB90099FCD2 /* CoreDataFeedStore.swift */,
				C16E9D20299CACC2003A8895 /* CoreDataHelpers.swift */,
				C16E9D22299CAD1C003A8895 /* ManagedCacheHelpers.swift */,
				C16E9D24299CAD26003A8895 /* ManagedFeedImageHelpers.swift */,
			);
			path = "Core Data";
			sourceTree = "<group>";
		};
		C16E9D1F299CACA0003A8895 /* Codable */ = {
			isa = PBXGroup;
			children = (
				C1ABA691299B700500BCD6B1 /* CodableFeedStore.swift */,
			);
			path = Codable;
			sourceTree = "<group>";
		};
		C17555DE299D141F00B879CA /* EssentialFeedCacheIntegrationTests */ = {
			isa = PBXGroup;
			children = (
				C17555DF299D141F00B879CA /* EssentialFeedCacheIntegrationTests.swift */,
			);
			path = EssentialFeedCacheIntegrationTests;
			sourceTree = "<group>";
		};
		C1A3E43B298DCC9C00931529 = {
			isa = PBXGroup;
			children = (
				C1A3E447298DCC9C00931529 /* EssentialFeed */,
				C1A3E451298DCC9C00931529 /* EssentialFeedTests */,
				C1A3E4782991AD7E00931529 /* EssentialFeedAPIEndToEndTests */,
				C17555DE299D141F00B879CA /* EssentialFeedCacheIntegrationTests */,
				C1154CCA29A4703300F42EA0 /* EssentialFeediOS */,
				C1154CD429A4703400F42EA0 /* EssentialFeediOSTests */,
				C1A3E446298DCC9C00931529 /* Products */,
				C123B4BC29A60C690017037C /* Frameworks */,
			);
			sourceTree = "<group>";
		};
		C1A3E446298DCC9C00931529 /* Products */ = {
			isa = PBXGroup;
			children = (
				C1A3E445298DCC9C00931529 /* EssentialFeed.framework */,
				C1A3E44D298DCC9C00931529 /* EssentialFeedTests.xctest */,
				C1A3E4772991AD7E00931529 /* EssentialFeedAPIEndToEndTests.xctest */,
				C17555DD299D141F00B879CA /* EssentialFeedCacheIntegrationTests.xctest */,
				C1154CC929A4703300F42EA0 /* EssentialFeediOS.framework */,
				C1154CD029A4703300F42EA0 /* EssentialFeediOSTests.xctest */,
			);
			name = Products;
			sourceTree = "<group>";
		};
		C1A3E447298DCC9C00931529 /* EssentialFeed */ = {
			isa = PBXGroup;
			children = (
				C1A3E448298DCC9C00931529 /* EssentialFeed.h */,
				C1F343572994610700ED42B1 /* Feed Cache */,
				C1A3E462298DCDF600931529 /* Feed API */,
				C1A3E461298DCD6200931529 /* Feed Feature */,
			);
			path = EssentialFeed;
			sourceTree = "<group>";
		};
		C1A3E451298DCC9C00931529 /* EssentialFeedTests */ = {
			isa = PBXGroup;
			children = (
				C1A3E46C2990A0C700931529 /* Helpers */,
				C1A3E484299339E900931529 /* Feed Cache */,
				C1A3E469298F267E00931529 /* Feed API */,
			);
			path = EssentialFeedTests;
			sourceTree = "<group>";
		};
		C1A3E461298DCD6200931529 /* Feed Feature */ = {
			isa = PBXGroup;
			children = (
				C1A3E45D298DCD1100931529 /* FeedLoader.swift */,
				C1A3E45F298DCD1700931529 /* FeedItem.swift */,
			);
			path = "Feed Feature";
			sourceTree = "<group>";
		};
		C1A3E462298DCDF600931529 /* Feed API */ = {
			isa = PBXGroup;
			children = (
				C1A3E463298DCF6900931529 /* RemoteFeedLoader.swift */,
				C1A3E465298F23AB00931529 /* FeedItemsMapper.swift */,
				C1A3E467298F248100931529 /* HTTPClient.swift */,
				C1A3E4712991AB7B00931529 /* URLSessionHTTPClient.swift */,
				C1F3435C2994669D00ED42B1 /* RemoteFeedItem.swift */,
			);
			path = "Feed API";
			sourceTree = "<group>";
		};
		C1A3E469298F267E00931529 /* Feed API */ = {
			isa = PBXGroup;
			children = (
				C1A3E452298DCC9C00931529 /* RemoteFeedLoaderTests.swift */,
				C1A3E46A299098C700931529 /* URLSessionHTTPClientTests.swift */,
			);
			path = "Feed API";
			sourceTree = "<group>";
		};
		C1A3E46C2990A0C700931529 /* Helpers */ = {
			isa = PBXGroup;
			children = (
				C1A3E46D2990A0DD00931529 /* XCTestCase+MemoryLeakTracking.swift */,
				C1E77302299799EA008BBA94 /* SharedTestHelpers.swift */,
			);
			path = Helpers;
			sourceTree = "<group>";
		};
		C1A3E4782991AD7E00931529 /* EssentialFeedAPIEndToEndTests */ = {
			isa = PBXGroup;
			children = (
				C1A3E4792991AD7E00931529 /* EssentialFeedAPIEndToEndTests.swift */,
			);
			path = EssentialFeedAPIEndToEndTests;
			sourceTree = "<group>";
		};
		C1A3E484299339E900931529 /* Feed Cache */ = {
			isa = PBXGroup;
			children = (
				C1ABA69D299C7B0400BCD6B1 /* FeedStoreSpecs */,
				C1A720A92997330A00562E2E /* Helpers */,
				C1A3E48529933A0100931529 /* CacheFeedUseCaseTests.swift */,
				C1A720A7299732FB00562E2E /* LoadFeedFromCacheUseCaseTests.swift */,
				C1A720AC29975BCD00562E2E /* ValidateFeedCacheUseCaseTests.swift */,
				C1E77309299B29B9008BBA94 /* CodableFeedStoreTests.swift */,
				C1ABA6A1299C8E6200BCD6B1 /* CoreDataFeedStoreTests.swift */,
			);
			path = "Feed Cache";
			sourceTree = "<group>";
		};
		C1A720A92997330A00562E2E /* Helpers */ = {
			isa = PBXGroup;
			children = (
				C1A720AA2997336900562E2E /* FeedStoreSpy.swift */,
				C1E77307299B282D008BBA94 /* FeedCacheTestHelpers.swift */,
			);
			path = Helpers;
			sourceTree = "<group>";
		};
		C1ABA69D299C7B0400BCD6B1 /* FeedStoreSpecs */ = {
			isa = PBXGroup;
			children = (
				C1ABA693299C754A00BCD6B1 /* FeedStoreSpecs.swift */,
				C1ABA695299C76AF00BCD6B1 /* XCTestCase+FeedStoreSpecs.swift */,
				C1ABA697299C794C00BCD6B1 /* XCTestCase+FailableRetrieveFeedStoreSpecs.swift */,
				C1ABA699299C7A3300BCD6B1 /* XCTestCase+FailableInsertFeedStoreSpecs.swift */,
				C1ABA69B299C7AB700BCD6B1 /* XCTestCase+FailableDeleteFeedStoreSpecs.swift */,
			);
			path = FeedStoreSpecs;
			sourceTree = "<group>";
		};
		C1AE868829A5BB03008F084E /* Views */ = {
			isa = PBXGroup;
			children = (
				C12F872729B5C36400884207 /* Helpers */,
				C1E9623529A588C2001F7166 /* FeedImageCell.swift */,
				C123B4D229A73CCE0017037C /* Feed.storyboard */,
				C123B4D429A73DB90017037C /* Feed.xcassets */,
				C12F872529B5C0EA00884207 /* ErrorView.swift */,
			);
			path = Views;
			sourceTree = "<group>";
		};
		C1AE868929A5BB83008F084E /* Controllers */ = {
			isa = PBXGroup;
			children = (
				C1E9623329A5881E001F7166 /* FeedViewController.swift */,
				C1AE869A29A5BFC4008F084E /* FeedImageCellController.swift */,
			);
			path = Controllers;
			sourceTree = "<group>";
		};
		C1AE868A29A5BB95008F084E /* Feed UI */ = {
			isa = PBXGroup;
			children = (
				C1AE868B29A5BB9A008F084E /* Controllers */,
			);
			path = "Feed UI";
			sourceTree = "<group>";
		};
		C1AE868B29A5BB9A008F084E /* Controllers */ = {
			isa = PBXGroup;
			children = (
				C1AE868F29A5BBF9008F084E /* Helpers */,
				C1E9623029A5837D001F7166 /* FeedUIIntegrationTests.swift */,
			);
			path = Controllers;
			sourceTree = "<group>";
		};
		C1AE868C29A5BBB8008F084E /* Feed Image Loader */ = {
			isa = PBXGroup;
			children = (
				C1AE868D29A5BBC7008F084E /* FeedImageDataLoader.swift */,
			);
			path = "Feed Image Loader";
			sourceTree = "<group>";
		};
		C1AE868F29A5BBF9008F084E /* Helpers */ = {
			isa = PBXGroup;
			children = (
				C1AE868029A5B66C008F084E /* UIImage+TestHelpers.swift */,
				C1AE868229A5BA5D008F084E /* UIRefreshControl+TestHelpers.swift */,
				C1AE868429A5BA87008F084E /* UIButton+TestHelpers.swift */,
				C1AE868629A5BAB2008F084E /* UIControl+TestHelpers.swift */,
				C1AE869029A5BC04008F084E /* FeedUIIntegrationTests+TestHelpers.swift */,
				C1AE869229A5BC33008F084E /* FeedImageCell+TestHelpers.swift */,
				C1AE869429A5BC64008F084E /* FeedUIIntegrationTests+LoaderSpy.swift */,
				C1AE869629A5BC9E008F084E /* FeedUIIntegrationTests+Assertions.swift */,
				C12F871129B5A62C00884207 /* FeedUIIntegrationTests+Localization.swift */,
			);
			path = Helpers;
			sourceTree = "<group>";
		};
		C1AE869C29A5C1E1008F084E /* Feed UI */ = {
			isa = PBXGroup;
			children = (
				C1AE869D29A5C205008F084E /* Composers */,
				C1AE868929A5BB83008F084E /* Controllers */,
				C1AE868829A5BB03008F084E /* Views */,
			);
			path = "Feed UI";
			sourceTree = "<group>";
		};
		C1AE869D29A5C205008F084E /* Composers */ = {
			isa = PBXGroup;
			children = (
				C1AE869E29A5C20E008F084E /* FeedUIComposer.swift */,
				C12F871B29B5AEE600884207 /* MainQueueDispatchDecorator.swift */,
				C12F871D29B5AF0F00884207 /* WeakRefVirtualProxy.swift */,
				C12F871F29B5AF4800884207 /* FeedImageDataLoaderPresentationAdapter.swift */,
				C12F872129B5B03400884207 /* FeedLoaderPresentationAdapter.swift */,
				C12F872329B5B75100884207 /* FeedViewAdapter.swift */,
			);
			path = Composers;
			sourceTree = "<group>";
		};
		C1F343572994610700ED42B1 /* Feed Cache */ = {
			isa = PBXGroup;
			children = (
				C16E9D1D299CAC6D003A8895 /* Infrastructure */,
				C1F34358299461C500ED42B1 /* FeedStore.swift */,
				C1F3435A299461DB00ED42B1 /* LocalFeedLoader.swift */,
				C1F3435E299466BA00ED42B1 /* LocalFeedImage.swift */,
				C1E77305299B2630008BBA94 /* FeedCachePolicy.swift */,
				C17106E4299C90270099FCD2 /* FeedStore.xcdatamodeld */,
			);
			path = "Feed Cache";
			sourceTree = "<group>";
		};
/* End PBXGroup section */

/* Begin PBXHeadersBuildPhase section */
		C1154CC429A4703300F42EA0 /* Headers */ = {
			isa = PBXHeadersBuildPhase;
			buildActionMask = 2147483647;
			files = (
			);
			runOnlyForDeploymentPostprocessing = 0;
		};
		C1A3E440298DCC9C00931529 /* Headers */ = {
			isa = PBXHeadersBuildPhase;
			buildActionMask = 2147483647;
			files = (
				C1A3E454298DCC9C00931529 /* EssentialFeed.h in Headers */,
			);
			runOnlyForDeploymentPostprocessing = 0;
		};
/* End PBXHeadersBuildPhase section */

/* Begin PBXNativeTarget section */
		C1154CC829A4703300F42EA0 /* EssentialFeediOS */ = {
			isa = PBXNativeTarget;
			buildConfigurationList = C1154CDC29A4703400F42EA0 /* Build configuration list for PBXNativeTarget "EssentialFeediOS" */;
			buildPhases = (
				C1154CC429A4703300F42EA0 /* Headers */,
				C1154CC529A4703300F42EA0 /* Sources */,
				C1154CC629A4703300F42EA0 /* Frameworks */,
				C1154CC729A4703300F42EA0 /* Resources */,
				C123B4C129A60C690017037C /* Embed Frameworks */,
			);
			buildRules = (
			);
			dependencies = (
				C123B4C029A60C690017037C /* PBXTargetDependency */,
			);
			name = EssentialFeediOS;
			productName = EssentialFeediOS;
			productReference = C1154CC929A4703300F42EA0 /* EssentialFeediOS.framework */;
			productType = "com.apple.product-type.framework";
		};
		C1154CCF29A4703300F42EA0 /* EssentialFeediOSTests */ = {
			isa = PBXNativeTarget;
			buildConfigurationList = C1154CDD29A4703400F42EA0 /* Build configuration list for PBXNativeTarget "EssentialFeediOSTests" */;
			buildPhases = (
				C1154CCC29A4703300F42EA0 /* Sources */,
				C1154CCD29A4703300F42EA0 /* Frameworks */,
				C1154CCE29A4703300F42EA0 /* Resources */,
			);
			buildRules = (
			);
			dependencies = (
				C1154CD329A4703400F42EA0 /* PBXTargetDependency */,
			);
			name = EssentialFeediOSTests;
			productName = EssentialFeediOSTests;
			productReference = C1154CD029A4703300F42EA0 /* EssentialFeediOSTests.xctest */;
			productType = "com.apple.product-type.bundle.unit-test";
		};
		C17555DC299D141F00B879CA /* EssentialFeedCacheIntegrationTests */ = {
			isa = PBXNativeTarget;
			buildConfigurationList = C17555E6299D141F00B879CA /* Build configuration list for PBXNativeTarget "EssentialFeedCacheIntegrationTests" */;
			buildPhases = (
				C17555D9299D141F00B879CA /* Sources */,
				C17555DA299D141F00B879CA /* Frameworks */,
				C17555DB299D141F00B879CA /* Resources */,
			);
			buildRules = (
			);
			dependencies = (
				C17555E3299D141F00B879CA /* PBXTargetDependency */,
			);
			name = EssentialFeedCacheIntegrationTests;
			productName = EssentialFeedCacheIntegrationTests;
			productReference = C17555DD299D141F00B879CA /* EssentialFeedCacheIntegrationTests.xctest */;
			productType = "com.apple.product-type.bundle.unit-test";
		};
		C1A3E444298DCC9C00931529 /* EssentialFeed */ = {
			isa = PBXNativeTarget;
			buildConfigurationList = C1A3E457298DCC9C00931529 /* Build configuration list for PBXNativeTarget "EssentialFeed" */;
			buildPhases = (
				C1A3E440298DCC9C00931529 /* Headers */,
				C1A3E441298DCC9C00931529 /* Sources */,
				C1A3E442298DCC9C00931529 /* Frameworks */,
				C1A3E443298DCC9C00931529 /* Resources */,
			);
			buildRules = (
			);
			dependencies = (
			);
			name = EssentialFeed;
			productName = EssentialFeed;
			productReference = C1A3E445298DCC9C00931529 /* EssentialFeed.framework */;
			productType = "com.apple.product-type.framework";
		};
		C1A3E44C298DCC9C00931529 /* EssentialFeedTests */ = {
			isa = PBXNativeTarget;
			buildConfigurationList = C1A3E45A298DCC9C00931529 /* Build configuration list for PBXNativeTarget "EssentialFeedTests" */;
			buildPhases = (
				C1A3E449298DCC9C00931529 /* Sources */,
				C1A3E44A298DCC9C00931529 /* Frameworks */,
				C1A3E44B298DCC9C00931529 /* Resources */,
			);
			buildRules = (
			);
			dependencies = (
				C1A3E450298DCC9C00931529 /* PBXTargetDependency */,
			);
			name = EssentialFeedTests;
			productName = EssentialFeedTests;
			productReference = C1A3E44D298DCC9C00931529 /* EssentialFeedTests.xctest */;
			productType = "com.apple.product-type.bundle.unit-test";
		};
		C1A3E4762991AD7E00931529 /* EssentialFeedAPIEndToEndTests */ = {
			isa = PBXNativeTarget;
			buildConfigurationList = C1A3E47E2991AD7E00931529 /* Build configuration list for PBXNativeTarget "EssentialFeedAPIEndToEndTests" */;
			buildPhases = (
				C1A3E4732991AD7E00931529 /* Sources */,
				C1A3E4742991AD7E00931529 /* Frameworks */,
				C1A3E4752991AD7E00931529 /* Resources */,
			);
			buildRules = (
			);
			dependencies = (
				C1A3E47D2991AD7E00931529 /* PBXTargetDependency */,
			);
			name = EssentialFeedAPIEndToEndTests;
			productName = EssentialFeedAPIEndToEndTests;
			productReference = C1A3E4772991AD7E00931529 /* EssentialFeedAPIEndToEndTests.xctest */;
			productType = "com.apple.product-type.bundle.unit-test";
		};
/* End PBXNativeTarget section */

/* Begin PBXProject section */
		C1A3E43C298DCC9C00931529 /* Project object */ = {
			isa = PBXProject;
			attributes = {
				BuildIndependentTargetsInParallel = 1;
				LastSwiftUpdateCheck = 1420;
				LastUpgradeCheck = 1420;
				TargetAttributes = {
					C1154CC829A4703300F42EA0 = {
						CreatedOnToolsVersion = 14.2;
						LastSwiftMigration = 1420;
					};
					C1154CCF29A4703300F42EA0 = {
						CreatedOnToolsVersion = 14.2;
					};
					C17555DC299D141F00B879CA = {
						CreatedOnToolsVersion = 14.2;
					};
					C1A3E444298DCC9C00931529 = {
						CreatedOnToolsVersion = 14.2;
						LastSwiftMigration = 1420;
					};
					C1A3E44C298DCC9C00931529 = {
						CreatedOnToolsVersion = 14.2;
					};
					C1A3E4762991AD7E00931529 = {
						CreatedOnToolsVersion = 14.2;
					};
				};
			};
			buildConfigurationList = C1A3E43F298DCC9C00931529 /* Build configuration list for PBXProject "EssentialFeed" */;
			compatibilityVersion = "Xcode 14.0";
			developmentRegion = en;
			hasScannedForEncodings = 0;
			knownRegions = (
				en,
				Base,
				"pt-BR",
				el,
			);
			mainGroup = C1A3E43B298DCC9C00931529;
			productRefGroup = C1A3E446298DCC9C00931529 /* Products */;
			projectDirPath = "";
			projectRoot = "";
			targets = (
				C1A3E444298DCC9C00931529 /* EssentialFeed */,
				C1A3E44C298DCC9C00931529 /* EssentialFeedTests */,
				C1A3E4762991AD7E00931529 /* EssentialFeedAPIEndToEndTests */,
				C17555DC299D141F00B879CA /* EssentialFeedCacheIntegrationTests */,
				C1154CC829A4703300F42EA0 /* EssentialFeediOS */,
				C1154CCF29A4703300F42EA0 /* EssentialFeediOSTests */,
			);
		};
/* End PBXProject section */

/* Begin PBXResourcesBuildPhase section */
		C1154CC729A4703300F42EA0 /* Resources */ = {
			isa = PBXResourcesBuildPhase;
			buildActionMask = 2147483647;
			files = (
				C123B4D329A73CCE0017037C /* Feed.storyboard in Resources */,
				C123B4D529A73DB90017037C /* Feed.xcassets in Resources */,
				C12F871329B5A7D600884207 /* Feed.strings in Resources */,
			);
			runOnlyForDeploymentPostprocessing = 0;
		};
		C1154CCE29A4703300F42EA0 /* Resources */ = {
			isa = PBXResourcesBuildPhase;
			buildActionMask = 2147483647;
			files = (
			);
			runOnlyForDeploymentPostprocessing = 0;
		};
		C17555DB299D141F00B879CA /* Resources */ = {
			isa = PBXResourcesBuildPhase;
			buildActionMask = 2147483647;
			files = (
			);
			runOnlyForDeploymentPostprocessing = 0;
		};
		C1A3E443298DCC9C00931529 /* Resources */ = {
			isa = PBXResourcesBuildPhase;
			buildActionMask = 2147483647;
			files = (
			);
			runOnlyForDeploymentPostprocessing = 0;
		};
		C1A3E44B298DCC9C00931529 /* Resources */ = {
			isa = PBXResourcesBuildPhase;
			buildActionMask = 2147483647;
			files = (
			);
			runOnlyForDeploymentPostprocessing = 0;
		};
		C1A3E4752991AD7E00931529 /* Resources */ = {
			isa = PBXResourcesBuildPhase;
			buildActionMask = 2147483647;
			files = (
			);
			runOnlyForDeploymentPostprocessing = 0;
		};
/* End PBXResourcesBuildPhase section */

/* Begin PBXSourcesBuildPhase section */
		C1154CC529A4703300F42EA0 /* Sources */ = {
			isa = PBXSourcesBuildPhase;
			buildActionMask = 2147483647;
			files = (
				C123B4C929A706610017037C /* FeedPresenter.swift in Sources */,
				C1AE868E29A5BBC7008F084E /* FeedImageDataLoader.swift in Sources */,
				C12F872629B5C0EA00884207 /* ErrorView.swift in Sources */,
				C123B4CF29A727830017037C /* FeedViewModel.swift in Sources */,
				C1326BCD29A754C7001B20A3 /* UITableView+Dequeueing.swift in Sources */,
				C123B4CD29A7275D0017037C /* FeedLoadingViewModel.swift in Sources */,
				C1E9623829A5AD8F001F7166 /* UIView+Shimmering.swift in Sources */,
				C12F872229B5B03400884207 /* FeedLoaderPresentationAdapter.swift in Sources */,
				C123B4CB29A71A200017037C /* FeedImagePresenter.swift in Sources */,
				C12F871E29B5AF0F00884207 /* WeakRefVirtualProxy.swift in Sources */,
				C1326BCF29A75723001B20A3 /* UIImageView+Animations.swift in Sources */,
				C12F871C29B5AEE600884207 /* MainQueueDispatchDecorator.swift in Sources */,
				C1E9623429A5881E001F7166 /* FeedViewController.swift in Sources */,
				C1E9623629A588C2001F7166 /* FeedImageCell.swift in Sources */,
				C12F872029B5AF4800884207 /* FeedImageDataLoaderPresentationAdapter.swift in Sources */,
				C123B4C629A6FF5A0017037C /* FeedImageViewModel.swift in Sources */,
				C1AE869B29A5BFC4008F084E /* FeedImageCellController.swift in Sources */,
				C12F872429B5B75100884207 /* FeedViewAdapter.swift in Sources */,
				C1AE869F29A5C20E008F084E /* FeedUIComposer.swift in Sources */,
			);
			runOnlyForDeploymentPostprocessing = 0;
		};
		C1154CCC29A4703300F42EA0 /* Sources */ = {
			isa = PBXSourcesBuildPhase;
			buildActionMask = 2147483647;
			files = (
				C1E9623129A5837D001F7166 /* FeedUIIntegrationTests.swift in Sources */,
				C1AE868529A5BA87008F084E /* UIButton+TestHelpers.swift in Sources */,
				C12F871A29B5A86E00884207 /* FeedLocalizationTests.swift in Sources */,
				C1AE868329A5BA5D008F084E /* UIRefreshControl+TestHelpers.swift in Sources */,
				C1AE868729A5BAB2008F084E /* UIControl+TestHelpers.swift in Sources */,
				C1AE869529A5BC64008F084E /* FeedUIIntegrationTests+LoaderSpy.swift in Sources */,
				C1AE869129A5BC04008F084E /* FeedUIIntegrationTests+TestHelpers.swift in Sources */,
				C1E9623229A58589001F7166 /* XCTestCase+MemoryLeakTracking.swift in Sources */,
				C1AE869729A5BC9E008F084E /* FeedUIIntegrationTests+Assertions.swift in Sources */,
				C1AE868129A5B66C008F084E /* UIImage+TestHelpers.swift in Sources */,
				C1AE869329A5BC33008F084E /* FeedImageCell+TestHelpers.swift in Sources */,
				C12F871229B5A62C00884207 /* FeedUIIntegrationTests+Localization.swift in Sources */,
			);
			runOnlyForDeploymentPostprocessing = 0;
		};
		C17555D9299D141F00B879CA /* Sources */ = {
			isa = PBXSourcesBuildPhase;
			buildActionMask = 2147483647;
			files = (
				C17555E9299DA03500B879CA /* SharedTestHelpers.swift in Sources */,
				C17555E0299D141F00B879CA /* EssentialFeedCacheIntegrationTests.swift in Sources */,
				C17555E8299DA02000B879CA /* FeedCacheTestHelpers.swift in Sources */,
				C17555E7299D9F4100B879CA /* XCTestCase+MemoryLeakTracking.swift in Sources */,
			);
			runOnlyForDeploymentPostprocessing = 0;
		};
		C1A3E441298DCC9C00931529 /* Sources */ = {
			isa = PBXSourcesBuildPhase;
			buildActionMask = 2147483647;
			files = (
				C16E9D21299CACC2003A8895 /* CoreDataHelpers.swift in Sources */,
				C1A3E460298DCD1700931529 /* FeedItem.swift in Sources */,
				C16E9D25299CAD26003A8895 /* ManagedFeedImageHelpers.swift in Sources */,
				C1A3E468298F248100931529 /* HTTPClient.swift in Sources */,
				C1F3435D2994669D00ED42B1 /* RemoteFeedItem.swift in Sources */,
				C1E77306299B2630008BBA94 /* FeedCachePolicy.swift in Sources */,
				C1A3E464298DCF6900931529 /* RemoteFeedLoader.swift in Sources */,
				C17106E6299C90270099FCD2 /* FeedStore.xcdatamodeld in Sources */,
				C1F3435F299466BA00ED42B1 /* LocalFeedImage.swift in Sources */,
				C16E9D23299CAD1C003A8895 /* ManagedCacheHelpers.swift in Sources */,
				C1A3E45E298DCD1100931529 /* FeedLoader.swift in Sources */,
				C1F34359299461C500ED42B1 /* FeedStore.swift in Sources */,
				C1ABA692299B700500BCD6B1 /* CodableFeedStore.swift in Sources */,
				C1A3E466298F23AB00931529 /* FeedItemsMapper.swift in Sources */,
				C1F3435B299461DB00ED42B1 /* LocalFeedLoader.swift in Sources */,
				C1A3E4722991AB7B00931529 /* URLSessionHTTPClient.swift in Sources */,
				C17106E3299C8FB90099FCD2 /* CoreDataFeedStore.swift in Sources */,
			);
			runOnlyForDeploymentPostprocessing = 0;
		};
		C1A3E449298DCC9C00931529 /* Sources */ = {
			isa = PBXSourcesBuildPhase;
			buildActionMask = 2147483647;
			files = (
				C1E7730A299B29B9008BBA94 /* CodableFeedStoreTests.swift in Sources */,
				C1A720AD29975BCD00562E2E /* ValidateFeedCacheUseCaseTests.swift in Sources */,
				C1A3E453298DCC9C00931529 /* RemoteFeedLoaderTests.swift in Sources */,
				C1A3E46B299098C700931529 /* URLSessionHTTPClientTests.swift in Sources */,
				C1ABA69A299C7A3300BCD6B1 /* XCTestCase+FailableInsertFeedStoreSpecs.swift in Sources */,
				C1A720AB2997336900562E2E /* FeedStoreSpy.swift in Sources */,
				C1E77308299B282D008BBA94 /* FeedCacheTestHelpers.swift in Sources */,
				C1E77303299799EA008BBA94 /* SharedTestHelpers.swift in Sources */,
				C1A3E48629933A0100931529 /* CacheFeedUseCaseTests.swift in Sources */,
				C1ABA69C299C7AB700BCD6B1 /* XCTestCase+FailableDeleteFeedStoreSpecs.swift in Sources */,
				C1ABA698299C794C00BCD6B1 /* XCTestCase+FailableRetrieveFeedStoreSpecs.swift in Sources */,
				C1A720A8299732FB00562E2E /* LoadFeedFromCacheUseCaseTests.swift in Sources */,
				C1ABA694299C754A00BCD6B1 /* FeedStoreSpecs.swift in Sources */,
				C1A3E46E2990A0DD00931529 /* XCTestCase+MemoryLeakTracking.swift in Sources */,
				C1ABA6A2299C8E6200BCD6B1 /* CoreDataFeedStoreTests.swift in Sources */,
				C1ABA696299C76AF00BCD6B1 /* XCTestCase+FeedStoreSpecs.swift in Sources */,
			);
			runOnlyForDeploymentPostprocessing = 0;
		};
		C1A3E4732991AD7E00931529 /* Sources */ = {
			isa = PBXSourcesBuildPhase;
			buildActionMask = 2147483647;
			files = (
				C1A3E47A2991AD7E00931529 /* EssentialFeedAPIEndToEndTests.swift in Sources */,
				C1A3E4812991B18300931529 /* XCTestCase+MemoryLeakTracking.swift in Sources */,
			);
			runOnlyForDeploymentPostprocessing = 0;
		};
/* End PBXSourcesBuildPhase section */

/* Begin PBXTargetDependency section */
		C1154CD329A4703400F42EA0 /* PBXTargetDependency */ = {
			isa = PBXTargetDependency;
			target = C1154CC829A4703300F42EA0 /* EssentialFeediOS */;
			targetProxy = C1154CD229A4703400F42EA0 /* PBXContainerItemProxy */;
		};
		C123B4C029A60C690017037C /* PBXTargetDependency */ = {
			isa = PBXTargetDependency;
			platformFilter = ios;
			target = C1A3E444298DCC9C00931529 /* EssentialFeed */;
			targetProxy = C123B4BF29A60C690017037C /* PBXContainerItemProxy */;
		};
		C17555E3299D141F00B879CA /* PBXTargetDependency */ = {
			isa = PBXTargetDependency;
			target = C1A3E444298DCC9C00931529 /* EssentialFeed */;
			targetProxy = C17555E2299D141F00B879CA /* PBXContainerItemProxy */;
		};
		C1A3E450298DCC9C00931529 /* PBXTargetDependency */ = {
			isa = PBXTargetDependency;
			target = C1A3E444298DCC9C00931529 /* EssentialFeed */;
			targetProxy = C1A3E44F298DCC9C00931529 /* PBXContainerItemProxy */;
		};
		C1A3E47D2991AD7E00931529 /* PBXTargetDependency */ = {
			isa = PBXTargetDependency;
			target = C1A3E444298DCC9C00931529 /* EssentialFeed */;
			targetProxy = C1A3E47C2991AD7E00931529 /* PBXContainerItemProxy */;
		};
/* End PBXTargetDependency section */

/* Begin PBXVariantGroup section */
		C12F871529B5A7D600884207 /* Feed.strings */ = {
			isa = PBXVariantGroup;
			children = (
				C12F871429B5A7D600884207 /* en */,
				C12F871629B5A80900884207 /* pt-BR */,
				C12F871729B5A83800884207 /* el */,
			);
			name = Feed.strings;
			sourceTree = "<group>";
		};
/* End PBXVariantGroup section */

/* Begin XCBuildConfiguration section */
		C1154CD829A4703400F42EA0 /* Debug */ = {
			isa = XCBuildConfiguration;
			buildSettings = {
				CLANG_ENABLE_MODULES = YES;
				CODE_SIGN_STYLE = Automatic;
				CURRENT_PROJECT_VERSION = 1;
				DEFINES_MODULE = YES;
				DEVELOPMENT_TEAM = FKF3UFB34N;
				DYLIB_COMPATIBILITY_VERSION = 1;
				DYLIB_CURRENT_VERSION = 1;
				DYLIB_INSTALL_NAME_BASE = "@rpath";
				GENERATE_INFOPLIST_FILE = YES;
				INFOPLIST_KEY_NSHumanReadableCopyright = "";
				INSTALL_PATH = "$(LOCAL_LIBRARY_DIR)/Frameworks";
				IPHONEOS_DEPLOYMENT_TARGET = 15.0;
				LD_RUNPATH_SEARCH_PATHS = (
					"$(inherited)",
					"@executable_path/Frameworks",
					"@loader_path/Frameworks",
				);
				MARKETING_VERSION = 1.0;
				PRODUCT_BUNDLE_IDENTIFIER = com.wanlutfi.EssentialFeediOS;
				PRODUCT_NAME = "$(TARGET_NAME:c99extidentifier)";
				SDKROOT = iphoneos;
				SKIP_INSTALL = YES;
				SWIFT_EMIT_LOC_STRINGS = YES;
				SWIFT_OPTIMIZATION_LEVEL = "-Onone";
				SWIFT_VERSION = 5.0;
				TARGETED_DEVICE_FAMILY = "1,2";
			};
			name = Debug;
		};
		C1154CD929A4703400F42EA0 /* Release */ = {
			isa = XCBuildConfiguration;
			buildSettings = {
				CLANG_ENABLE_MODULES = YES;
				CODE_SIGN_STYLE = Automatic;
				CURRENT_PROJECT_VERSION = 1;
				DEFINES_MODULE = YES;
				DEVELOPMENT_TEAM = FKF3UFB34N;
				DYLIB_COMPATIBILITY_VERSION = 1;
				DYLIB_CURRENT_VERSION = 1;
				DYLIB_INSTALL_NAME_BASE = "@rpath";
				GENERATE_INFOPLIST_FILE = YES;
				INFOPLIST_KEY_NSHumanReadableCopyright = "";
				INSTALL_PATH = "$(LOCAL_LIBRARY_DIR)/Frameworks";
				IPHONEOS_DEPLOYMENT_TARGET = 15.0;
				LD_RUNPATH_SEARCH_PATHS = (
					"$(inherited)",
					"@executable_path/Frameworks",
					"@loader_path/Frameworks",
				);
				MARKETING_VERSION = 1.0;
				PRODUCT_BUNDLE_IDENTIFIER = com.wanlutfi.EssentialFeediOS;
				PRODUCT_NAME = "$(TARGET_NAME:c99extidentifier)";
				SDKROOT = iphoneos;
				SKIP_INSTALL = YES;
				SWIFT_EMIT_LOC_STRINGS = YES;
				SWIFT_VERSION = 5.0;
				TARGETED_DEVICE_FAMILY = "1,2";
				VALIDATE_PRODUCT = YES;
			};
			name = Release;
		};
		C1154CDA29A4703400F42EA0 /* Debug */ = {
			isa = XCBuildConfiguration;
			buildSettings = {
				ALWAYS_EMBED_SWIFT_STANDARD_LIBRARIES = YES;
				CODE_SIGN_STYLE = Automatic;
				CURRENT_PROJECT_VERSION = 1;
				DEVELOPMENT_TEAM = FKF3UFB34N;
				GENERATE_INFOPLIST_FILE = YES;
				IPHONEOS_DEPLOYMENT_TARGET = 15.0;
				MARKETING_VERSION = 1.0;
				PRODUCT_BUNDLE_IDENTIFIER = com.wanlutfi.EssentialFeediOSTests;
				PRODUCT_NAME = "$(TARGET_NAME)";
				SDKROOT = iphoneos;
				SWIFT_EMIT_LOC_STRINGS = NO;
				SWIFT_VERSION = 5.0;
				TARGETED_DEVICE_FAMILY = "1,2";
			};
			name = Debug;
		};
		C1154CDB29A4703400F42EA0 /* Release */ = {
			isa = XCBuildConfiguration;
			buildSettings = {
				ALWAYS_EMBED_SWIFT_STANDARD_LIBRARIES = YES;
				CODE_SIGN_STYLE = Automatic;
				CURRENT_PROJECT_VERSION = 1;
				DEVELOPMENT_TEAM = FKF3UFB34N;
				GENERATE_INFOPLIST_FILE = YES;
				IPHONEOS_DEPLOYMENT_TARGET = 15.0;
				MARKETING_VERSION = 1.0;
				PRODUCT_BUNDLE_IDENTIFIER = com.wanlutfi.EssentialFeediOSTests;
				PRODUCT_NAME = "$(TARGET_NAME)";
				SDKROOT = iphoneos;
				SWIFT_EMIT_LOC_STRINGS = NO;
				SWIFT_VERSION = 5.0;
				TARGETED_DEVICE_FAMILY = "1,2";
				VALIDATE_PRODUCT = YES;
			};
			name = Release;
		};
		C17555E4299D141F00B879CA /* Debug */ = {
			isa = XCBuildConfiguration;
			buildSettings = {
				CODE_SIGN_STYLE = Automatic;
				CURRENT_PROJECT_VERSION = 1;
				DEVELOPMENT_TEAM = FKF3UFB34N;
				GENERATE_INFOPLIST_FILE = YES;
				MACOSX_DEPLOYMENT_TARGET = 12.0;
				MARKETING_VERSION = 1.0;
				PRODUCT_BUNDLE_IDENTIFIER = com.wanlutfi.EssentialFeedCacheIntegrationTests;
				PRODUCT_NAME = "$(TARGET_NAME)";
				SUPPORTED_PLATFORMS = "macosx iphoneos iphonesimulator";
				SWIFT_EMIT_LOC_STRINGS = NO;
				SWIFT_VERSION = 5.0;
			};
			name = Debug;
		};
		C17555E5299D141F00B879CA /* Release */ = {
			isa = XCBuildConfiguration;
			buildSettings = {
				CODE_SIGN_STYLE = Automatic;
				CURRENT_PROJECT_VERSION = 1;
				DEVELOPMENT_TEAM = FKF3UFB34N;
				GENERATE_INFOPLIST_FILE = YES;
				MACOSX_DEPLOYMENT_TARGET = 12.0;
				MARKETING_VERSION = 1.0;
				PRODUCT_BUNDLE_IDENTIFIER = com.wanlutfi.EssentialFeedCacheIntegrationTests;
				PRODUCT_NAME = "$(TARGET_NAME)";
				SUPPORTED_PLATFORMS = "macosx iphoneos iphonesimulator";
				SWIFT_EMIT_LOC_STRINGS = NO;
				SWIFT_VERSION = 5.0;
			};
			name = Release;
		};
		C1A3E455298DCC9C00931529 /* Debug */ = {
			isa = XCBuildConfiguration;
			buildSettings = {
				ALWAYS_SEARCH_USER_PATHS = NO;
				CLANG_ANALYZER_LOCALIZABILITY_NONLOCALIZED = YES;
				CLANG_ANALYZER_NONNULL = YES;
				CLANG_ANALYZER_NUMBER_OBJECT_CONVERSION = YES_AGGRESSIVE;
				CLANG_CXX_LANGUAGE_STANDARD = "gnu++20";
				CLANG_ENABLE_MODULES = YES;
				CLANG_ENABLE_OBJC_ARC = YES;
				CLANG_ENABLE_OBJC_WEAK = YES;
				CLANG_WARN_BLOCK_CAPTURE_AUTORELEASING = YES;
				CLANG_WARN_BOOL_CONVERSION = YES;
				CLANG_WARN_COMMA = YES;
				CLANG_WARN_CONSTANT_CONVERSION = YES;
				CLANG_WARN_DEPRECATED_OBJC_IMPLEMENTATIONS = YES;
				CLANG_WARN_DIRECT_OBJC_ISA_USAGE = YES_ERROR;
				CLANG_WARN_DOCUMENTATION_COMMENTS = YES;
				CLANG_WARN_EMPTY_BODY = YES;
				CLANG_WARN_ENUM_CONVERSION = YES;
				CLANG_WARN_INFINITE_RECURSION = YES;
				CLANG_WARN_INT_CONVERSION = YES;
				CLANG_WARN_NON_LITERAL_NULL_CONVERSION = YES;
				CLANG_WARN_OBJC_IMPLICIT_RETAIN_SELF = YES;
				CLANG_WARN_OBJC_LITERAL_CONVERSION = YES;
				CLANG_WARN_OBJC_ROOT_CLASS = YES_ERROR;
				CLANG_WARN_QUOTED_INCLUDE_IN_FRAMEWORK_HEADER = YES;
				CLANG_WARN_RANGE_LOOP_ANALYSIS = YES;
				CLANG_WARN_STRICT_PROTOTYPES = YES;
				CLANG_WARN_SUSPICIOUS_MOVE = YES;
				CLANG_WARN_UNGUARDED_AVAILABILITY = YES_AGGRESSIVE;
				CLANG_WARN_UNREACHABLE_CODE = YES;
				CLANG_WARN__DUPLICATE_METHOD_MATCH = YES;
				COPY_PHASE_STRIP = NO;
				CURRENT_PROJECT_VERSION = 1;
				DEBUG_INFORMATION_FORMAT = dwarf;
				ENABLE_STRICT_OBJC_MSGSEND = YES;
				ENABLE_TESTABILITY = YES;
				GCC_C_LANGUAGE_STANDARD = gnu11;
				GCC_DYNAMIC_NO_PIC = NO;
				GCC_NO_COMMON_BLOCKS = YES;
				GCC_OPTIMIZATION_LEVEL = 0;
				GCC_PREPROCESSOR_DEFINITIONS = (
					"DEBUG=1",
					"$(inherited)",
				);
				GCC_WARN_64_TO_32_BIT_CONVERSION = YES;
				GCC_WARN_ABOUT_RETURN_TYPE = YES_ERROR;
				GCC_WARN_UNDECLARED_SELECTOR = YES;
				GCC_WARN_UNINITIALIZED_AUTOS = YES_AGGRESSIVE;
				GCC_WARN_UNUSED_FUNCTION = YES;
				GCC_WARN_UNUSED_VARIABLE = YES;
				MACOSX_DEPLOYMENT_TARGET = 12.0;
				MTL_ENABLE_DEBUG_INFO = INCLUDE_SOURCE;
				MTL_FAST_MATH = YES;
				ONLY_ACTIVE_ARCH = YES;
				SDKROOT = macosx;
				SWIFT_ACTIVE_COMPILATION_CONDITIONS = DEBUG;
				SWIFT_OPTIMIZATION_LEVEL = "-Onone";
				VERSIONING_SYSTEM = "apple-generic";
				VERSION_INFO_PREFIX = "";
			};
			name = Debug;
		};
		C1A3E456298DCC9C00931529 /* Release */ = {
			isa = XCBuildConfiguration;
			buildSettings = {
				ALWAYS_SEARCH_USER_PATHS = NO;
				CLANG_ANALYZER_LOCALIZABILITY_NONLOCALIZED = YES;
				CLANG_ANALYZER_NONNULL = YES;
				CLANG_ANALYZER_NUMBER_OBJECT_CONVERSION = YES_AGGRESSIVE;
				CLANG_CXX_LANGUAGE_STANDARD = "gnu++20";
				CLANG_ENABLE_MODULES = YES;
				CLANG_ENABLE_OBJC_ARC = YES;
				CLANG_ENABLE_OBJC_WEAK = YES;
				CLANG_WARN_BLOCK_CAPTURE_AUTORELEASING = YES;
				CLANG_WARN_BOOL_CONVERSION = YES;
				CLANG_WARN_COMMA = YES;
				CLANG_WARN_CONSTANT_CONVERSION = YES;
				CLANG_WARN_DEPRECATED_OBJC_IMPLEMENTATIONS = YES;
				CLANG_WARN_DIRECT_OBJC_ISA_USAGE = YES_ERROR;
				CLANG_WARN_DOCUMENTATION_COMMENTS = YES;
				CLANG_WARN_EMPTY_BODY = YES;
				CLANG_WARN_ENUM_CONVERSION = YES;
				CLANG_WARN_INFINITE_RECURSION = YES;
				CLANG_WARN_INT_CONVERSION = YES;
				CLANG_WARN_NON_LITERAL_NULL_CONVERSION = YES;
				CLANG_WARN_OBJC_IMPLICIT_RETAIN_SELF = YES;
				CLANG_WARN_OBJC_LITERAL_CONVERSION = YES;
				CLANG_WARN_OBJC_ROOT_CLASS = YES_ERROR;
				CLANG_WARN_QUOTED_INCLUDE_IN_FRAMEWORK_HEADER = YES;
				CLANG_WARN_RANGE_LOOP_ANALYSIS = YES;
				CLANG_WARN_STRICT_PROTOTYPES = YES;
				CLANG_WARN_SUSPICIOUS_MOVE = YES;
				CLANG_WARN_UNGUARDED_AVAILABILITY = YES_AGGRESSIVE;
				CLANG_WARN_UNREACHABLE_CODE = YES;
				CLANG_WARN__DUPLICATE_METHOD_MATCH = YES;
				COPY_PHASE_STRIP = NO;
				CURRENT_PROJECT_VERSION = 1;
				DEBUG_INFORMATION_FORMAT = "dwarf-with-dsym";
				ENABLE_NS_ASSERTIONS = NO;
				ENABLE_STRICT_OBJC_MSGSEND = YES;
				GCC_C_LANGUAGE_STANDARD = gnu11;
				GCC_NO_COMMON_BLOCKS = YES;
				GCC_WARN_64_TO_32_BIT_CONVERSION = YES;
				GCC_WARN_ABOUT_RETURN_TYPE = YES_ERROR;
				GCC_WARN_UNDECLARED_SELECTOR = YES;
				GCC_WARN_UNINITIALIZED_AUTOS = YES_AGGRESSIVE;
				GCC_WARN_UNUSED_FUNCTION = YES;
				GCC_WARN_UNUSED_VARIABLE = YES;
				MACOSX_DEPLOYMENT_TARGET = 12.0;
				MTL_ENABLE_DEBUG_INFO = NO;
				MTL_FAST_MATH = YES;
				SDKROOT = macosx;
				SWIFT_COMPILATION_MODE = wholemodule;
				SWIFT_OPTIMIZATION_LEVEL = "-O";
				VERSIONING_SYSTEM = "apple-generic";
				VERSION_INFO_PREFIX = "";
			};
			name = Release;
		};
		C1A3E458298DCC9C00931529 /* Debug */ = {
			isa = XCBuildConfiguration;
			buildSettings = {
				CLANG_ENABLE_MODULES = YES;
				CODE_SIGN_STYLE = Automatic;
				COMBINE_HIDPI_IMAGES = YES;
				CURRENT_PROJECT_VERSION = 1;
				DEFINES_MODULE = YES;
				DEVELOPMENT_TEAM = FKF3UFB34N;
				DYLIB_COMPATIBILITY_VERSION = 1;
				DYLIB_CURRENT_VERSION = 1;
				DYLIB_INSTALL_NAME_BASE = "@rpath";
				GENERATE_INFOPLIST_FILE = YES;
				INFOPLIST_KEY_NSHumanReadableCopyright = "";
				INSTALL_PATH = "$(LOCAL_LIBRARY_DIR)/Frameworks";
				IPHONEOS_DEPLOYMENT_TARGET = 15.0;
				LD_RUNPATH_SEARCH_PATHS = (
					"$(inherited)",
					"@executable_path/../Frameworks",
					"@loader_path/Frameworks",
				);
				MACOSX_DEPLOYMENT_TARGET = 12.0;
				MARKETING_VERSION = 1.0;
				PRODUCT_BUNDLE_IDENTIFIER = com.wanlutfi.EssentialFeed;
				PRODUCT_NAME = "$(TARGET_NAME:c99extidentifier)";
				SKIP_INSTALL = YES;
				SUPPORTED_PLATFORMS = "iphoneos iphonesimulator macosx";
				SUPPORTS_MACCATALYST = NO;
				SUPPORTS_MAC_DESIGNED_FOR_IPHONE_IPAD = NO;
				SWIFT_EMIT_LOC_STRINGS = YES;
				SWIFT_OPTIMIZATION_LEVEL = "-Onone";
				SWIFT_VERSION = 5.0;
				TARGETED_DEVICE_FAMILY = 1;
			};
			name = Debug;
		};
		C1A3E459298DCC9C00931529 /* Release */ = {
			isa = XCBuildConfiguration;
			buildSettings = {
				CLANG_ENABLE_MODULES = YES;
				CODE_SIGN_STYLE = Automatic;
				COMBINE_HIDPI_IMAGES = YES;
				CURRENT_PROJECT_VERSION = 1;
				DEFINES_MODULE = YES;
				DEVELOPMENT_TEAM = FKF3UFB34N;
				DYLIB_COMPATIBILITY_VERSION = 1;
				DYLIB_CURRENT_VERSION = 1;
				DYLIB_INSTALL_NAME_BASE = "@rpath";
				GENERATE_INFOPLIST_FILE = YES;
				INFOPLIST_KEY_NSHumanReadableCopyright = "";
				INSTALL_PATH = "$(LOCAL_LIBRARY_DIR)/Frameworks";
				IPHONEOS_DEPLOYMENT_TARGET = 15.0;
				LD_RUNPATH_SEARCH_PATHS = (
					"$(inherited)",
					"@executable_path/../Frameworks",
					"@loader_path/Frameworks",
				);
				MACOSX_DEPLOYMENT_TARGET = 12.0;
				MARKETING_VERSION = 1.0;
				PRODUCT_BUNDLE_IDENTIFIER = com.wanlutfi.EssentialFeed;
				PRODUCT_NAME = "$(TARGET_NAME:c99extidentifier)";
				SKIP_INSTALL = YES;
				SUPPORTED_PLATFORMS = "iphoneos iphonesimulator macosx";
				SUPPORTS_MACCATALYST = NO;
				SUPPORTS_MAC_DESIGNED_FOR_IPHONE_IPAD = NO;
				SWIFT_EMIT_LOC_STRINGS = YES;
				SWIFT_VERSION = 5.0;
				TARGETED_DEVICE_FAMILY = 1;
			};
			name = Release;
		};
		C1A3E45B298DCC9C00931529 /* Debug */ = {
			isa = XCBuildConfiguration;
			buildSettings = {
				ALWAYS_EMBED_SWIFT_STANDARD_LIBRARIES = YES;
				CODE_SIGN_STYLE = Automatic;
				CURRENT_PROJECT_VERSION = 1;
				DEVELOPMENT_TEAM = FKF3UFB34N;
				GENERATE_INFOPLIST_FILE = YES;
				MACOSX_DEPLOYMENT_TARGET = 12.0;
				MARKETING_VERSION = 1.0;
				PRODUCT_BUNDLE_IDENTIFIER = com.wanlutfi.EssentialFeedTests;
				PRODUCT_NAME = "$(TARGET_NAME)";
				SUPPORTED_PLATFORMS = "macosx iphoneos iphonesimulator";
				SWIFT_EMIT_LOC_STRINGS = NO;
				SWIFT_VERSION = 5.0;
			};
			name = Debug;
		};
		C1A3E45C298DCC9C00931529 /* Release */ = {
			isa = XCBuildConfiguration;
			buildSettings = {
				ALWAYS_EMBED_SWIFT_STANDARD_LIBRARIES = YES;
				CODE_SIGN_STYLE = Automatic;
				CURRENT_PROJECT_VERSION = 1;
				DEVELOPMENT_TEAM = FKF3UFB34N;
				GENERATE_INFOPLIST_FILE = YES;
				MACOSX_DEPLOYMENT_TARGET = 12.0;
				MARKETING_VERSION = 1.0;
				PRODUCT_BUNDLE_IDENTIFIER = com.wanlutfi.EssentialFeedTests;
				PRODUCT_NAME = "$(TARGET_NAME)";
				SUPPORTED_PLATFORMS = "macosx iphoneos iphonesimulator";
				SWIFT_EMIT_LOC_STRINGS = NO;
				SWIFT_VERSION = 5.0;
			};
			name = Release;
		};
		C1A3E47F2991AD7E00931529 /* Debug */ = {
			isa = XCBuildConfiguration;
			buildSettings = {
				CODE_SIGN_STYLE = Automatic;
				CURRENT_PROJECT_VERSION = 1;
				DEVELOPMENT_TEAM = FKF3UFB34N;
				GENERATE_INFOPLIST_FILE = YES;
				MACOSX_DEPLOYMENT_TARGET = 12.0;
				MARKETING_VERSION = 1.0;
				PRODUCT_BUNDLE_IDENTIFIER = com.wanlutfi.EssentialFeedAPIEndToEndTests;
				PRODUCT_NAME = "$(TARGET_NAME)";
				SUPPORTED_PLATFORMS = "macosx iphoneos iphonesimulator";
				SWIFT_EMIT_LOC_STRINGS = NO;
				SWIFT_VERSION = 5.0;
			};
			name = Debug;
		};
		C1A3E4802991AD7E00931529 /* Release */ = {
			isa = XCBuildConfiguration;
			buildSettings = {
				CODE_SIGN_STYLE = Automatic;
				CURRENT_PROJECT_VERSION = 1;
				DEVELOPMENT_TEAM = FKF3UFB34N;
				GENERATE_INFOPLIST_FILE = YES;
				MACOSX_DEPLOYMENT_TARGET = 12.0;
				MARKETING_VERSION = 1.0;
				PRODUCT_BUNDLE_IDENTIFIER = com.wanlutfi.EssentialFeedAPIEndToEndTests;
				PRODUCT_NAME = "$(TARGET_NAME)";
				SUPPORTED_PLATFORMS = "macosx iphoneos iphonesimulator";
				SWIFT_EMIT_LOC_STRINGS = NO;
				SWIFT_VERSION = 5.0;
			};
			name = Release;
		};
/* End XCBuildConfiguration section */

/* Begin XCConfigurationList section */
		C1154CDC29A4703400F42EA0 /* Build configuration list for PBXNativeTarget "EssentialFeediOS" */ = {
			isa = XCConfigurationList;
			buildConfigurations = (
				C1154CD829A4703400F42EA0 /* Debug */,
				C1154CD929A4703400F42EA0 /* Release */,
			);
			defaultConfigurationIsVisible = 0;
			defaultConfigurationName = Release;
		};
		C1154CDD29A4703400F42EA0 /* Build configuration list for PBXNativeTarget "EssentialFeediOSTests" */ = {
			isa = XCConfigurationList;
			buildConfigurations = (
				C1154CDA29A4703400F42EA0 /* Debug */,
				C1154CDB29A4703400F42EA0 /* Release */,
			);
			defaultConfigurationIsVisible = 0;
			defaultConfigurationName = Release;
		};
		C17555E6299D141F00B879CA /* Build configuration list for PBXNativeTarget "EssentialFeedCacheIntegrationTests" */ = {
			isa = XCConfigurationList;
			buildConfigurations = (
				C17555E4299D141F00B879CA /* Debug */,
				C17555E5299D141F00B879CA /* Release */,
			);
			defaultConfigurationIsVisible = 0;
			defaultConfigurationName = Release;
		};
		C1A3E43F298DCC9C00931529 /* Build configuration list for PBXProject "EssentialFeed" */ = {
			isa = XCConfigurationList;
			buildConfigurations = (
				C1A3E455298DCC9C00931529 /* Debug */,
				C1A3E456298DCC9C00931529 /* Release */,
			);
			defaultConfigurationIsVisible = 0;
			defaultConfigurationName = Release;
		};
		C1A3E457298DCC9C00931529 /* Build configuration list for PBXNativeTarget "EssentialFeed" */ = {
			isa = XCConfigurationList;
			buildConfigurations = (
				C1A3E458298DCC9C00931529 /* Debug */,
				C1A3E459298DCC9C00931529 /* Release */,
			);
			defaultConfigurationIsVisible = 0;
			defaultConfigurationName = Release;
		};
		C1A3E45A298DCC9C00931529 /* Build configuration list for PBXNativeTarget "EssentialFeedTests" */ = {
			isa = XCConfigurationList;
			buildConfigurations = (
				C1A3E45B298DCC9C00931529 /* Debug */,
				C1A3E45C298DCC9C00931529 /* Release */,
			);
			defaultConfigurationIsVisible = 0;
			defaultConfigurationName = Release;
		};
		C1A3E47E2991AD7E00931529 /* Build configuration list for PBXNativeTarget "EssentialFeedAPIEndToEndTests" */ = {
			isa = XCConfigurationList;
			buildConfigurations = (
				C1A3E47F2991AD7E00931529 /* Debug */,
				C1A3E4802991AD7E00931529 /* Release */,
			);
			defaultConfigurationIsVisible = 0;
			defaultConfigurationName = Release;
		};
/* End XCConfigurationList section */

/* Begin XCVersionGroup section */
		C17106E4299C90270099FCD2 /* FeedStore.xcdatamodeld */ = {
			isa = XCVersionGroup;
			children = (
				C17106E5299C90270099FCD2 /* FeedStore.xcdatamodel */,
			);
			currentVersion = C17106E5299C90270099FCD2 /* FeedStore.xcdatamodel */;
			path = FeedStore.xcdatamodeld;
			sourceTree = "<group>";
			versionGroupType = wrapper.xcdatamodel;
		};
/* End XCVersionGroup section */
	};
	rootObject = C1A3E43C298DCC9C00931529 /* Project object */;
}
