// !$*UTF8*$!
{
	archiveVersion = 1;
	classes = {
	};
	objectVersion = 56;
	objects = {

/* Begin PBXBuildFile section */
		C1A3E44E298DCC9C00931529 /* EssentialFeed.framework in Frameworks */ = {isa = PBXBuildFile; fileRef = C1A3E445298DCC9C00931529 /* EssentialFeed.framework */; };
		C1A3E453298DCC9C00931529 /* RemoteFeedLoaderTests.swift in Sources */ = {isa = PBXBuildFile; fileRef = C1A3E452298DCC9C00931529 /* RemoteFeedLoaderTests.swift */; };
		C1A3E454298DCC9C00931529 /* EssentialFeed.h in Headers */ = {isa = PBXBuildFile; fileRef = C1A3E448298DCC9C00931529 /* EssentialFeed.h */; settings = {ATTRIBUTES = (Public, ); }; };
		C1A3E45E298DCD1100931529 /* FeedLoader.swift in Sources */ = {isa = PBXBuildFile; fileRef = C1A3E45D298DCD1100931529 /* FeedLoader.swift */; };
		C1A3E460298DCD1700931529 /* FeedItem.swift in Sources */ = {isa = PBXBuildFile; fileRef = C1A3E45F298DCD1700931529 /* FeedItem.swift */; };
		C1A3E464298DCF6900931529 /* RemoteFeedLoader.swift in Sources */ = {isa = PBXBuildFile; fileRef = C1A3E463298DCF6900931529 /* RemoteFeedLoader.swift */; };
		C1A3E466298F23AB00931529 /* FeedItemsMapper.swift in Sources */ = {isa = PBXBuildFile; fileRef = C1A3E465298F23AB00931529 /* FeedItemsMapper.swift */; };
		C1A3E468298F248100931529 /* HTTPClient.swift in Sources */ = {isa = PBXBuildFile; fileRef = C1A3E467298F248100931529 /* HTTPClient.swift */; };
		C1A3E46B299098C700931529 /* URLSessionHTTPClientTests.swift in Sources */ = {isa = PBXBuildFile; fileRef = C1A3E46A299098C700931529 /* URLSessionHTTPClientTests.swift */; };
		C1A3E46E2990A0DD00931529 /* XCTestCase+MemoryLeakTracking.swift in Sources */ = {isa = PBXBuildFile; fileRef = C1A3E46D2990A0DD00931529 /* XCTestCase+MemoryLeakTracking.swift */; };
		C1A3E4722991AB7B00931529 /* URLSessionHTTPClient.swift in Sources */ = {isa = PBXBuildFile; fileRef = C1A3E4712991AB7B00931529 /* URLSessionHTTPClient.swift */; };
		C1A3E47A2991AD7E00931529 /* EssentialFeedAPIEndToEndTests.swift in Sources */ = {isa = PBXBuildFile; fileRef = C1A3E4792991AD7E00931529 /* EssentialFeedAPIEndToEndTests.swift */; };
		C1A3E47B2991AD7E00931529 /* EssentialFeed.framework in Frameworks */ = {isa = PBXBuildFile; fileRef = C1A3E445298DCC9C00931529 /* EssentialFeed.framework */; };
		C1A3E4812991B18300931529 /* XCTestCase+MemoryLeakTracking.swift in Sources */ = {isa = PBXBuildFile; fileRef = C1A3E46D2990A0DD00931529 /* XCTestCase+MemoryLeakTracking.swift */; };
		C1A3E48629933A0100931529 /* CacheFeedUseCaseTests.swift in Sources */ = {isa = PBXBuildFile; fileRef = C1A3E48529933A0100931529 /* CacheFeedUseCaseTests.swift */; };
		C1F34359299461C500ED42B1 /* FeedStore.swift in Sources */ = {isa = PBXBuildFile; fileRef = C1F34358299461C500ED42B1 /* FeedStore.swift */; };
		C1F3435B299461DB00ED42B1 /* LocalFeedLoader.swift in Sources */ = {isa = PBXBuildFile; fileRef = C1F3435A299461DB00ED42B1 /* LocalFeedLoader.swift */; };
/* End PBXBuildFile section */

/* Begin PBXContainerItemProxy section */
		C1A3E44F298DCC9C00931529 /* PBXContainerItemProxy */ = {
			isa = PBXContainerItemProxy;
			containerPortal = C1A3E43C298DCC9C00931529 /* Project object */;
			proxyType = 1;
			remoteGlobalIDString = C1A3E444298DCC9C00931529;
			remoteInfo = EssentialFeed;
		};
		C1A3E47C2991AD7E00931529 /* PBXContainerItemProxy */ = {
			isa = PBXContainerItemProxy;
			containerPortal = C1A3E43C298DCC9C00931529 /* Project object */;
			proxyType = 1;
			remoteGlobalIDString = C1A3E444298DCC9C00931529;
			remoteInfo = EssentialFeed;
		};
/* End PBXContainerItemProxy section */

/* Begin PBXFileReference section */
		C1A3E445298DCC9C00931529 /* EssentialFeed.framework */ = {isa = PBXFileReference; explicitFileType = wrapper.framework; includeInIndex = 0; path = EssentialFeed.framework; sourceTree = BUILT_PRODUCTS_DIR; };
		C1A3E448298DCC9C00931529 /* EssentialFeed.h */ = {isa = PBXFileReference; lastKnownFileType = sourcecode.c.h; path = EssentialFeed.h; sourceTree = "<group>"; };
		C1A3E44D298DCC9C00931529 /* EssentialFeedTests.xctest */ = {isa = PBXFileReference; explicitFileType = wrapper.cfbundle; includeInIndex = 0; path = EssentialFeedTests.xctest; sourceTree = BUILT_PRODUCTS_DIR; };
		C1A3E452298DCC9C00931529 /* RemoteFeedLoaderTests.swift */ = {isa = PBXFileReference; lastKnownFileType = sourcecode.swift; path = RemoteFeedLoaderTests.swift; sourceTree = "<group>"; };
		C1A3E45D298DCD1100931529 /* FeedLoader.swift */ = {isa = PBXFileReference; lastKnownFileType = sourcecode.swift; path = FeedLoader.swift; sourceTree = "<group>"; };
		C1A3E45F298DCD1700931529 /* FeedItem.swift */ = {isa = PBXFileReference; lastKnownFileType = sourcecode.swift; path = FeedItem.swift; sourceTree = "<group>"; };
		C1A3E463298DCF6900931529 /* RemoteFeedLoader.swift */ = {isa = PBXFileReference; lastKnownFileType = sourcecode.swift; path = RemoteFeedLoader.swift; sourceTree = "<group>"; };
		C1A3E465298F23AB00931529 /* FeedItemsMapper.swift */ = {isa = PBXFileReference; lastKnownFileType = sourcecode.swift; path = FeedItemsMapper.swift; sourceTree = "<group>"; };
		C1A3E467298F248100931529 /* HTTPClient.swift */ = {isa = PBXFileReference; lastKnownFileType = sourcecode.swift; path = HTTPClient.swift; sourceTree = "<group>"; };
		C1A3E46A299098C700931529 /* URLSessionHTTPClientTests.swift */ = {isa = PBXFileReference; lastKnownFileType = sourcecode.swift; path = URLSessionHTTPClientTests.swift; sourceTree = "<group>"; };
		C1A3E46D2990A0DD00931529 /* XCTestCase+MemoryLeakTracking.swift */ = {isa = PBXFileReference; lastKnownFileType = sourcecode.swift; path = "XCTestCase+MemoryLeakTracking.swift"; sourceTree = "<group>"; };
		C1A3E4712991AB7B00931529 /* URLSessionHTTPClient.swift */ = {isa = PBXFileReference; lastKnownFileType = sourcecode.swift; path = URLSessionHTTPClient.swift; sourceTree = "<group>"; };
		C1A3E4772991AD7E00931529 /* EssentialFeedAPIEndToEndTests.xctest */ = {isa = PBXFileReference; explicitFileType = wrapper.cfbundle; includeInIndex = 0; path = EssentialFeedAPIEndToEndTests.xctest; sourceTree = BUILT_PRODUCTS_DIR; };
		C1A3E4792991AD7E00931529 /* EssentialFeedAPIEndToEndTests.swift */ = {isa = PBXFileReference; lastKnownFileType = sourcecode.swift; path = EssentialFeedAPIEndToEndTests.swift; sourceTree = "<group>"; };
		C1A3E48529933A0100931529 /* CacheFeedUseCaseTests.swift */ = {isa = PBXFileReference; lastKnownFileType = sourcecode.swift; path = CacheFeedUseCaseTests.swift; sourceTree = "<group>"; };
		C1F34358299461C500ED42B1 /* FeedStore.swift */ = {isa = PBXFileReference; lastKnownFileType = sourcecode.swift; path = FeedStore.swift; sourceTree = "<group>"; };
		C1F3435A299461DB00ED42B1 /* LocalFeedLoader.swift */ = {isa = PBXFileReference; lastKnownFileType = sourcecode.swift; path = LocalFeedLoader.swift; sourceTree = "<group>"; };
/* End PBXFileReference section */

/* Begin PBXFrameworksBuildPhase section */
		C1A3E442298DCC9C00931529 /* Frameworks */ = {
			isa = PBXFrameworksBuildPhase;
			buildActionMask = 2147483647;
			files = (
			);
			runOnlyForDeploymentPostprocessing = 0;
		};
		C1A3E44A298DCC9C00931529 /* Frameworks */ = {
			isa = PBXFrameworksBuildPhase;
			buildActionMask = 2147483647;
			files = (
				C1A3E44E298DCC9C00931529 /* EssentialFeed.framework in Frameworks */,
			);
			runOnlyForDeploymentPostprocessing = 0;
		};
		C1A3E4742991AD7E00931529 /* Frameworks */ = {
			isa = PBXFrameworksBuildPhase;
			buildActionMask = 2147483647;
			files = (
				C1A3E47B2991AD7E00931529 /* EssentialFeed.framework in Frameworks */,
			);
			runOnlyForDeploymentPostprocessing = 0;
		};
/* End PBXFrameworksBuildPhase section */

/* Begin PBXGroup section */
		C1A3E43B298DCC9C00931529 = {
			isa = PBXGroup;
			children = (
				C1A3E447298DCC9C00931529 /* EssentialFeed */,
				C1A3E451298DCC9C00931529 /* EssentialFeedTests */,
				C1A3E4782991AD7E00931529 /* EssentialFeedAPIEndToEndTests */,
				C1A3E446298DCC9C00931529 /* Products */,
			);
			sourceTree = "<group>";
		};
		C1A3E446298DCC9C00931529 /* Products */ = {
			isa = PBXGroup;
			children = (
				C1A3E445298DCC9C00931529 /* EssentialFeed.framework */,
				C1A3E44D298DCC9C00931529 /* EssentialFeedTests.xctest */,
				C1A3E4772991AD7E00931529 /* EssentialFeedAPIEndToEndTests.xctest */,
			);
			name = Products;
			sourceTree = "<group>";
		};
		C1A3E447298DCC9C00931529 /* EssentialFeed */ = {
			isa = PBXGroup;
			children = (
				C1A3E448298DCC9C00931529 /* EssentialFeed.h */,
				C1F343572994610700ED42B1 /* Feed Cache */,
				C1A3E462298DCDF600931529 /* Feed API */,
				C1A3E461298DCD6200931529 /* Feed Feature */,
			);
			path = EssentialFeed;
			sourceTree = "<group>";
		};
		C1A3E451298DCC9C00931529 /* EssentialFeedTests */ = {
			isa = PBXGroup;
			children = (
				C1A3E46C2990A0C700931529 /* Helpers */,
				C1A3E484299339E900931529 /* Feed Cache */,
				C1A3E469298F267E00931529 /* Feed API */,
			);
			path = EssentialFeedTests;
			sourceTree = "<group>";
		};
		C1A3E461298DCD6200931529 /* Feed Feature */ = {
			isa = PBXGroup;
			children = (
				C1A3E45D298DCD1100931529 /* FeedLoader.swift */,
				C1A3E45F298DCD1700931529 /* FeedItem.swift */,
			);
			path = "Feed Feature";
			sourceTree = "<group>";
		};
		C1A3E462298DCDF600931529 /* Feed API */ = {
			isa = PBXGroup;
			children = (
				C1A3E463298DCF6900931529 /* RemoteFeedLoader.swift */,
				C1A3E465298F23AB00931529 /* FeedItemsMapper.swift */,
				C1A3E467298F248100931529 /* HTTPClient.swift */,
				C1A3E4712991AB7B00931529 /* URLSessionHTTPClient.swift */,
			);
			path = "Feed API";
			sourceTree = "<group>";
		};
		C1A3E469298F267E00931529 /* Feed API */ = {
			isa = PBXGroup;
			children = (
				C1A3E452298DCC9C00931529 /* RemoteFeedLoaderTests.swift */,
				C1A3E46A299098C700931529 /* URLSessionHTTPClientTests.swift */,
			);
			path = "Feed API";
			sourceTree = "<group>";
		};
		C1A3E46C2990A0C700931529 /* Helpers */ = {
			isa = PBXGroup;
			children = (
				C1A3E46D2990A0DD00931529 /* XCTestCase+MemoryLeakTracking.swift */,
			);
			path = Helpers;
			sourceTree = "<group>";
		};
		C1A3E4782991AD7E00931529 /* EssentialFeedAPIEndToEndTests */ = {
			isa = PBXGroup;
			children = (
				C1A3E4792991AD7E00931529 /* EssentialFeedAPIEndToEndTests.swift */,
			);
			path = EssentialFeedAPIEndToEndTests;
			sourceTree = "<group>";
		};
		C1A3E484299339E900931529 /* Feed Cache */ = {
			isa = PBXGroup;
			children = (
				C1A3E48529933A0100931529 /* CacheFeedUseCaseTests.swift */,
			);
			path = "Feed Cache";
			sourceTree = "<group>";
		};
		C1F343572994610700ED42B1 /* Feed Cache */ = {
			isa = PBXGroup;
			children = (
				C1F34358299461C500ED42B1 /* FeedStore.swift */,
				C1F3435A299461DB00ED42B1 /* LocalFeedLoader.swift */,
			);
			path = "Feed Cache";
			sourceTree = "<group>";
		};
/* End PBXGroup section */

/* Begin PBXHeadersBuildPhase section */
		C1A3E440298DCC9C00931529 /* Headers */ = {
			isa = PBXHeadersBuildPhase;
			buildActionMask = 2147483647;
			files = (
				C1A3E454298DCC9C00931529 /* EssentialFeed.h in Headers */,
			);
			runOnlyForDeploymentPostprocessing = 0;
		};
/* End PBXHeadersBuildPhase section */

/* Begin PBXNativeTarget section */
		C1A3E444298DCC9C00931529 /* EssentialFeed */ = {
			isa = PBXNativeTarget;
			buildConfigurationList = C1A3E457298DCC9C00931529 /* Build configuration list for PBXNativeTarget "EssentialFeed" */;
			buildPhases = (
				C1A3E440298DCC9C00931529 /* Headers */,
				C1A3E441298DCC9C00931529 /* Sources */,
				C1A3E442298DCC9C00931529 /* Frameworks */,
				C1A3E443298DCC9C00931529 /* Resources */,
			);
			buildRules = (
			);
			dependencies = (
			);
			name = EssentialFeed;
			productName = EssentialFeed;
			productReference = C1A3E445298DCC9C00931529 /* EssentialFeed.framework */;
			productType = "com.apple.product-type.framework";
		};
		C1A3E44C298DCC9C00931529 /* EssentialFeedTests */ = {
			isa = PBXNativeTarget;
			buildConfigurationList = C1A3E45A298DCC9C00931529 /* Build configuration list for PBXNativeTarget "EssentialFeedTests" */;
			buildPhases = (
				C1A3E449298DCC9C00931529 /* Sources */,
				C1A3E44A298DCC9C00931529 /* Frameworks */,
				C1A3E44B298DCC9C00931529 /* Resources */,
			);
			buildRules = (
			);
			dependencies = (
				C1A3E450298DCC9C00931529 /* PBXTargetDependency */,
			);
			name = EssentialFeedTests;
			productName = EssentialFeedTests;
			productReference = C1A3E44D298DCC9C00931529 /* EssentialFeedTests.xctest */;
			productType = "com.apple.product-type.bundle.unit-test";
		};
		C1A3E4762991AD7E00931529 /* EssentialFeedAPIEndToEndTests */ = {
			isa = PBXNativeTarget;
			buildConfigurationList = C1A3E47E2991AD7E00931529 /* Build configuration list for PBXNativeTarget "EssentialFeedAPIEndToEndTests" */;
			buildPhases = (
				C1A3E4732991AD7E00931529 /* Sources */,
				C1A3E4742991AD7E00931529 /* Frameworks */,
				C1A3E4752991AD7E00931529 /* Resources */,
			);
			buildRules = (
			);
			dependencies = (
				C1A3E47D2991AD7E00931529 /* PBXTargetDependency */,
			);
			name = EssentialFeedAPIEndToEndTests;
			productName = EssentialFeedAPIEndToEndTests;
			productReference = C1A3E4772991AD7E00931529 /* EssentialFeedAPIEndToEndTests.xctest */;
			productType = "com.apple.product-type.bundle.unit-test";
		};
/* End PBXNativeTarget section */

/* Begin PBXProject section */
		C1A3E43C298DCC9C00931529 /* Project object */ = {
			isa = PBXProject;
			attributes = {
				BuildIndependentTargetsInParallel = 1;
				LastSwiftUpdateCheck = 1420;
				LastUpgradeCheck = 1420;
				TargetAttributes = {
					C1A3E444298DCC9C00931529 = {
						CreatedOnToolsVersion = 14.2;
						LastSwiftMigration = 1420;
					};
					C1A3E44C298DCC9C00931529 = {
						CreatedOnToolsVersion = 14.2;
					};
					C1A3E4762991AD7E00931529 = {
						CreatedOnToolsVersion = 14.2;
					};
				};
			};
			buildConfigurationList = C1A3E43F298DCC9C00931529 /* Build configuration list for PBXProject "EssentialFeed" */;
			compatibilityVersion = "Xcode 14.0";
			developmentRegion = en;
			hasScannedForEncodings = 0;
			knownRegions = (
				en,
				Base,
			);
			mainGroup = C1A3E43B298DCC9C00931529;
			productRefGroup = C1A3E446298DCC9C00931529 /* Products */;
			projectDirPath = "";
			projectRoot = "";
			targets = (
				C1A3E444298DCC9C00931529 /* EssentialFeed */,
				C1A3E44C298DCC9C00931529 /* EssentialFeedTests */,
				C1A3E4762991AD7E00931529 /* EssentialFeedAPIEndToEndTests */,
			);
		};
/* End PBXProject section */

/* Begin PBXResourcesBuildPhase section */
		C1A3E443298DCC9C00931529 /* Resources */ = {
			isa = PBXResourcesBuildPhase;
			buildActionMask = 2147483647;
			files = (
			);
			runOnlyForDeploymentPostprocessing = 0;
		};
		C1A3E44B298DCC9C00931529 /* Resources */ = {
			isa = PBXResourcesBuildPhase;
			buildActionMask = 2147483647;
			files = (
			);
			runOnlyForDeploymentPostprocessing = 0;
		};
		C1A3E4752991AD7E00931529 /* Resources */ = {
			isa = PBXResourcesBuildPhase;
			buildActionMask = 2147483647;
			files = (
			);
			runOnlyForDeploymentPostprocessing = 0;
		};
/* End PBXResourcesBuildPhase section */

/* Begin PBXSourcesBuildPhase section */
		C1A3E441298DCC9C00931529 /* Sources */ = {
			isa = PBXSourcesBuildPhase;
			buildActionMask = 2147483647;
			files = (
				C1A3E460298DCD1700931529 /* FeedItem.swift in Sources */,
				C1A3E468298F248100931529 /* HTTPClient.swift in Sources */,
				C1A3E464298DCF6900931529 /* RemoteFeedLoader.swift in Sources */,
				C1A3E45E298DCD1100931529 /* FeedLoader.swift in Sources */,
				C1F34359299461C500ED42B1 /* FeedStore.swift in Sources */,
				C1A3E466298F23AB00931529 /* FeedItemsMapper.swift in Sources */,
				C1F3435B299461DB00ED42B1 /* LocalFeedLoader.swift in Sources */,
				C1A3E4722991AB7B00931529 /* URLSessionHTTPClient.swift in Sources */,
			);
			runOnlyForDeploymentPostprocessing = 0;
		};
		C1A3E449298DCC9C00931529 /* Sources */ = {
			isa = PBXSourcesBuildPhase;
			buildActionMask = 2147483647;
			files = (
				C1A3E453298DCC9C00931529 /* RemoteFeedLoaderTests.swift in Sources */,
				C1A3E46B299098C700931529 /* URLSessionHTTPClientTests.swift in Sources */,
				C1A3E48629933A0100931529 /* CacheFeedUseCaseTests.swift in Sources */,
				C1A3E46E2990A0DD00931529 /* XCTestCase+MemoryLeakTracking.swift in Sources */,
			);
			runOnlyForDeploymentPostprocessing = 0;
		};
		C1A3E4732991AD7E00931529 /* Sources */ = {
			isa = PBXSourcesBuildPhase;
			buildActionMask = 2147483647;
			files = (
				C1A3E47A2991AD7E00931529 /* EssentialFeedAPIEndToEndTests.swift in Sources */,
				C1A3E4812991B18300931529 /* XCTestCase+MemoryLeakTracking.swift in Sources */,
			);
			runOnlyForDeploymentPostprocessing = 0;
		};
/* End PBXSourcesBuildPhase section */

/* Begin PBXTargetDependency section */
		C1A3E450298DCC9C00931529 /* PBXTargetDependency */ = {
			isa = PBXTargetDependency;
			target = C1A3E444298DCC9C00931529 /* EssentialFeed */;
			targetProxy = C1A3E44F298DCC9C00931529 /* PBXContainerItemProxy */;
		};
		C1A3E47D2991AD7E00931529 /* PBXTargetDependency */ = {
			isa = PBXTargetDependency;
			target = C1A3E444298DCC9C00931529 /* EssentialFeed */;
			targetProxy = C1A3E47C2991AD7E00931529 /* PBXContainerItemProxy */;
		};
/* End PBXTargetDependency section */

/* Begin XCBuildConfiguration section */
		C1A3E455298DCC9C00931529 /* Debug */ = {
			isa = XCBuildConfiguration;
			buildSettings = {
				ALWAYS_SEARCH_USER_PATHS = NO;
				CLANG_ANALYZER_NONNULL = YES;
				CLANG_ANALYZER_NUMBER_OBJECT_CONVERSION = YES_AGGRESSIVE;
				CLANG_CXX_LANGUAGE_STANDARD = "gnu++20";
				CLANG_ENABLE_MODULES = YES;
				CLANG_ENABLE_OBJC_ARC = YES;
				CLANG_ENABLE_OBJC_WEAK = YES;
				CLANG_WARN_BLOCK_CAPTURE_AUTORELEASING = YES;
				CLANG_WARN_BOOL_CONVERSION = YES;
				CLANG_WARN_COMMA = YES;
				CLANG_WARN_CONSTANT_CONVERSION = YES;
				CLANG_WARN_DEPRECATED_OBJC_IMPLEMENTATIONS = YES;
				CLANG_WARN_DIRECT_OBJC_ISA_USAGE = YES_ERROR;
				CLANG_WARN_DOCUMENTATION_COMMENTS = YES;
				CLANG_WARN_EMPTY_BODY = YES;
				CLANG_WARN_ENUM_CONVERSION = YES;
				CLANG_WARN_INFINITE_RECURSION = YES;
				CLANG_WARN_INT_CONVERSION = YES;
				CLANG_WARN_NON_LITERAL_NULL_CONVERSION = YES;
				CLANG_WARN_OBJC_IMPLICIT_RETAIN_SELF = YES;
				CLANG_WARN_OBJC_LITERAL_CONVERSION = YES;
				CLANG_WARN_OBJC_ROOT_CLASS = YES_ERROR;
				CLANG_WARN_QUOTED_INCLUDE_IN_FRAMEWORK_HEADER = YES;
				CLANG_WARN_RANGE_LOOP_ANALYSIS = YES;
				CLANG_WARN_STRICT_PROTOTYPES = YES;
				CLANG_WARN_SUSPICIOUS_MOVE = YES;
				CLANG_WARN_UNGUARDED_AVAILABILITY = YES_AGGRESSIVE;
				CLANG_WARN_UNREACHABLE_CODE = YES;
				CLANG_WARN__DUPLICATE_METHOD_MATCH = YES;
				COPY_PHASE_STRIP = NO;
				CURRENT_PROJECT_VERSION = 1;
				DEBUG_INFORMATION_FORMAT = dwarf;
				ENABLE_STRICT_OBJC_MSGSEND = YES;
				ENABLE_TESTABILITY = YES;
				GCC_C_LANGUAGE_STANDARD = gnu11;
				GCC_DYNAMIC_NO_PIC = NO;
				GCC_NO_COMMON_BLOCKS = YES;
				GCC_OPTIMIZATION_LEVEL = 0;
				GCC_PREPROCESSOR_DEFINITIONS = (
					"DEBUG=1",
					"$(inherited)",
				);
				GCC_WARN_64_TO_32_BIT_CONVERSION = YES;
				GCC_WARN_ABOUT_RETURN_TYPE = YES_ERROR;
				GCC_WARN_UNDECLARED_SELECTOR = YES;
				GCC_WARN_UNINITIALIZED_AUTOS = YES_AGGRESSIVE;
				GCC_WARN_UNUSED_FUNCTION = YES;
				GCC_WARN_UNUSED_VARIABLE = YES;
				MACOSX_DEPLOYMENT_TARGET = 12.0;
				MTL_ENABLE_DEBUG_INFO = INCLUDE_SOURCE;
				MTL_FAST_MATH = YES;
				ONLY_ACTIVE_ARCH = YES;
				SDKROOT = macosx;
				SWIFT_ACTIVE_COMPILATION_CONDITIONS = DEBUG;
				SWIFT_OPTIMIZATION_LEVEL = "-Onone";
				VERSIONING_SYSTEM = "apple-generic";
				VERSION_INFO_PREFIX = "";
			};
			name = Debug;
		};
		C1A3E456298DCC9C00931529 /* Release */ = {
			isa = XCBuildConfiguration;
			buildSettings = {
				ALWAYS_SEARCH_USER_PATHS = NO;
				CLANG_ANALYZER_NONNULL = YES;
				CLANG_ANALYZER_NUMBER_OBJECT_CONVERSION = YES_AGGRESSIVE;
				CLANG_CXX_LANGUAGE_STANDARD = "gnu++20";
				CLANG_ENABLE_MODULES = YES;
				CLANG_ENABLE_OBJC_ARC = YES;
				CLANG_ENABLE_OBJC_WEAK = YES;
				CLANG_WARN_BLOCK_CAPTURE_AUTORELEASING = YES;
				CLANG_WARN_BOOL_CONVERSION = YES;
				CLANG_WARN_COMMA = YES;
				CLANG_WARN_CONSTANT_CONVERSION = YES;
				CLANG_WARN_DEPRECATED_OBJC_IMPLEMENTATIONS = YES;
				CLANG_WARN_DIRECT_OBJC_ISA_USAGE = YES_ERROR;
				CLANG_WARN_DOCUMENTATION_COMMENTS = YES;
				CLANG_WARN_EMPTY_BODY = YES;
				CLANG_WARN_ENUM_CONVERSION = YES;
				CLANG_WARN_INFINITE_RECURSION = YES;
				CLANG_WARN_INT_CONVERSION = YES;
				CLANG_WARN_NON_LITERAL_NULL_CONVERSION = YES;
				CLANG_WARN_OBJC_IMPLICIT_RETAIN_SELF = YES;
				CLANG_WARN_OBJC_LITERAL_CONVERSION = YES;
				CLANG_WARN_OBJC_ROOT_CLASS = YES_ERROR;
				CLANG_WARN_QUOTED_INCLUDE_IN_FRAMEWORK_HEADER = YES;
				CLANG_WARN_RANGE_LOOP_ANALYSIS = YES;
				CLANG_WARN_STRICT_PROTOTYPES = YES;
				CLANG_WARN_SUSPICIOUS_MOVE = YES;
				CLANG_WARN_UNGUARDED_AVAILABILITY = YES_AGGRESSIVE;
				CLANG_WARN_UNREACHABLE_CODE = YES;
				CLANG_WARN__DUPLICATE_METHOD_MATCH = YES;
				COPY_PHASE_STRIP = NO;
				CURRENT_PROJECT_VERSION = 1;
				DEBUG_INFORMATION_FORMAT = "dwarf-with-dsym";
				ENABLE_NS_ASSERTIONS = NO;
				ENABLE_STRICT_OBJC_MSGSEND = YES;
				GCC_C_LANGUAGE_STANDARD = gnu11;
				GCC_NO_COMMON_BLOCKS = YES;
				GCC_WARN_64_TO_32_BIT_CONVERSION = YES;
				GCC_WARN_ABOUT_RETURN_TYPE = YES_ERROR;
				GCC_WARN_UNDECLARED_SELECTOR = YES;
				GCC_WARN_UNINITIALIZED_AUTOS = YES_AGGRESSIVE;
				GCC_WARN_UNUSED_FUNCTION = YES;
				GCC_WARN_UNUSED_VARIABLE = YES;
				MACOSX_DEPLOYMENT_TARGET = 12.0;
				MTL_ENABLE_DEBUG_INFO = NO;
				MTL_FAST_MATH = YES;
				SDKROOT = macosx;
				SWIFT_COMPILATION_MODE = wholemodule;
				SWIFT_OPTIMIZATION_LEVEL = "-O";
				VERSIONING_SYSTEM = "apple-generic";
				VERSION_INFO_PREFIX = "";
			};
			name = Release;
		};
		C1A3E458298DCC9C00931529 /* Debug */ = {
			isa = XCBuildConfiguration;
			buildSettings = {
				CLANG_ENABLE_MODULES = YES;
				CODE_SIGN_STYLE = Automatic;
				COMBINE_HIDPI_IMAGES = YES;
				CURRENT_PROJECT_VERSION = 1;
				DEFINES_MODULE = YES;
				DEVELOPMENT_TEAM = FKF3UFB34N;
				DYLIB_COMPATIBILITY_VERSION = 1;
				DYLIB_CURRENT_VERSION = 1;
				DYLIB_INSTALL_NAME_BASE = "@rpath";
				GENERATE_INFOPLIST_FILE = YES;
				INFOPLIST_KEY_NSHumanReadableCopyright = "";
				INSTALL_PATH = "$(LOCAL_LIBRARY_DIR)/Frameworks";
				LD_RUNPATH_SEARCH_PATHS = (
					"$(inherited)",
					"@executable_path/../Frameworks",
					"@loader_path/Frameworks",
				);
				MACOSX_DEPLOYMENT_TARGET = 12.0;
				MARKETING_VERSION = 1.0;
				PRODUCT_BUNDLE_IDENTIFIER = com.wanlutfi.EssentialFeed;
				PRODUCT_NAME = "$(TARGET_NAME:c99extidentifier)";
				SKIP_INSTALL = YES;
				SWIFT_EMIT_LOC_STRINGS = YES;
				SWIFT_OPTIMIZATION_LEVEL = "-Onone";
				SWIFT_VERSION = 5.0;
			};
			name = Debug;
		};
		C1A3E459298DCC9C00931529 /* Release */ = {
			isa = XCBuildConfiguration;
			buildSettings = {
				CLANG_ENABLE_MODULES = YES;
				CODE_SIGN_STYLE = Automatic;
				COMBINE_HIDPI_IMAGES = YES;
				CURRENT_PROJECT_VERSION = 1;
				DEFINES_MODULE = YES;
				DEVELOPMENT_TEAM = FKF3UFB34N;
				DYLIB_COMPATIBILITY_VERSION = 1;
				DYLIB_CURRENT_VERSION = 1;
				DYLIB_INSTALL_NAME_BASE = "@rpath";
				GENERATE_INFOPLIST_FILE = YES;
				INFOPLIST_KEY_NSHumanReadableCopyright = "";
				INSTALL_PATH = "$(LOCAL_LIBRARY_DIR)/Frameworks";
				LD_RUNPATH_SEARCH_PATHS = (
					"$(inherited)",
					"@executable_path/../Frameworks",
					"@loader_path/Frameworks",
				);
				MACOSX_DEPLOYMENT_TARGET = 12.0;
				MARKETING_VERSION = 1.0;
				PRODUCT_BUNDLE_IDENTIFIER = com.wanlutfi.EssentialFeed;
				PRODUCT_NAME = "$(TARGET_NAME:c99extidentifier)";
				SKIP_INSTALL = YES;
				SWIFT_EMIT_LOC_STRINGS = YES;
				SWIFT_VERSION = 5.0;
			};
			name = Release;
		};
		C1A3E45B298DCC9C00931529 /* Debug */ = {
			isa = XCBuildConfiguration;
			buildSettings = {
				ALWAYS_EMBED_SWIFT_STANDARD_LIBRARIES = YES;
				CODE_SIGN_STYLE = Automatic;
				CURRENT_PROJECT_VERSION = 1;
				DEVELOPMENT_TEAM = FKF3UFB34N;
				GENERATE_INFOPLIST_FILE = YES;
				MACOSX_DEPLOYMENT_TARGET = 12.0;
				MARKETING_VERSION = 1.0;
				PRODUCT_BUNDLE_IDENTIFIER = com.wanlutfi.EssentialFeedTests;
				PRODUCT_NAME = "$(TARGET_NAME)";
				SWIFT_EMIT_LOC_STRINGS = NO;
				SWIFT_VERSION = 5.0;
			};
			name = Debug;
		};
		C1A3E45C298DCC9C00931529 /* Release */ = {
			isa = XCBuildConfiguration;
			buildSettings = {
				ALWAYS_EMBED_SWIFT_STANDARD_LIBRARIES = YES;
				CODE_SIGN_STYLE = Automatic;
				CURRENT_PROJECT_VERSION = 1;
				DEVELOPMENT_TEAM = FKF3UFB34N;
				GENERATE_INFOPLIST_FILE = YES;
				MACOSX_DEPLOYMENT_TARGET = 12.0;
				MARKETING_VERSION = 1.0;
				PRODUCT_BUNDLE_IDENTIFIER = com.wanlutfi.EssentialFeedTests;
				PRODUCT_NAME = "$(TARGET_NAME)";
				SWIFT_EMIT_LOC_STRINGS = NO;
				SWIFT_VERSION = 5.0;
			};
			name = Release;
		};
		C1A3E47F2991AD7E00931529 /* Debug */ = {
			isa = XCBuildConfiguration;
			buildSettings = {
				CODE_SIGN_STYLE = Automatic;
				CURRENT_PROJECT_VERSION = 1;
				DEVELOPMENT_TEAM = FKF3UFB34N;
				GENERATE_INFOPLIST_FILE = YES;
				MACOSX_DEPLOYMENT_TARGET = 12.0;
				MARKETING_VERSION = 1.0;
				PRODUCT_BUNDLE_IDENTIFIER = com.wanlutfi.EssentialFeedAPIEndToEndTests;
				PRODUCT_NAME = "$(TARGET_NAME)";
				SWIFT_EMIT_LOC_STRINGS = NO;
				SWIFT_VERSION = 5.0;
			};
			name = Debug;
		};
		C1A3E4802991AD7E00931529 /* Release */ = {
			isa = XCBuildConfiguration;
			buildSettings = {
				CODE_SIGN_STYLE = Automatic;
				CURRENT_PROJECT_VERSION = 1;
				DEVELOPMENT_TEAM = FKF3UFB34N;
				GENERATE_INFOPLIST_FILE = YES;
				MACOSX_DEPLOYMENT_TARGET = 12.0;
				MARKETING_VERSION = 1.0;
				PRODUCT_BUNDLE_IDENTIFIER = com.wanlutfi.EssentialFeedAPIEndToEndTests;
				PRODUCT_NAME = "$(TARGET_NAME)";
				SWIFT_EMIT_LOC_STRINGS = NO;
				SWIFT_VERSION = 5.0;
			};
			name = Release;
		};
/* End XCBuildConfiguration section */

/* Begin XCConfigurationList section */
		C1A3E43F298DCC9C00931529 /* Build configuration list for PBXProject "EssentialFeed" */ = {
			isa = XCConfigurationList;
			buildConfigurations = (
				C1A3E455298DCC9C00931529 /* Debug */,
				C1A3E456298DCC9C00931529 /* Release */,
			);
			defaultConfigurationIsVisible = 0;
			defaultConfigurationName = Release;
		};
		C1A3E457298DCC9C00931529 /* Build configuration list for PBXNativeTarget "EssentialFeed" */ = {
			isa = XCConfigurationList;
			buildConfigurations = (
				C1A3E458298DCC9C00931529 /* Debug */,
				C1A3E459298DCC9C00931529 /* Release */,
			);
			defaultConfigurationIsVisible = 0;
			defaultConfigurationName = Release;
		};
		C1A3E45A298DCC9C00931529 /* Build configuration list for PBXNativeTarget "EssentialFeedTests" */ = {
			isa = XCConfigurationList;
			buildConfigurations = (
				C1A3E45B298DCC9C00931529 /* Debug */,
				C1A3E45C298DCC9C00931529 /* Release */,
			);
			defaultConfigurationIsVisible = 0;
			defaultConfigurationName = Release;
		};
		C1A3E47E2991AD7E00931529 /* Build configuration list for PBXNativeTarget "EssentialFeedAPIEndToEndTests" */ = {
			isa = XCConfigurationList;
			buildConfigurations = (
				C1A3E47F2991AD7E00931529 /* Debug */,
				C1A3E4802991AD7E00931529 /* Release */,
			);
			defaultConfigurationIsVisible = 0;
			defaultConfigurationName = Release;
		};
/* End XCConfigurationList section */
	};
	rootObject = C1A3E43C298DCC9C00931529 /* Project object */;
}
