// !$*UTF8*$!
{
	archiveVersion = 1;
	classes = {
	};
	objectVersion = 56;
	objects = {

/* Begin PBXBuildFile section */
		C1325D4229B7008300F4DB55 /* AppDelegate.swift in Sources */ = {isa = PBXBuildFile; fileRef = C1325D4129B7008300F4DB55 /* AppDelegate.swift */; };
		C1325D4429B7008300F4DB55 /* SceneDelegate.swift in Sources */ = {isa = PBXBuildFile; fileRef = C1325D4329B7008300F4DB55 /* SceneDelegate.swift */; };
		C1325D4629B7008300F4DB55 /* ViewController.swift in Sources */ = {isa = PBXBuildFile; fileRef = C1325D4529B7008300F4DB55 /* ViewController.swift */; };
		C1325D4929B7008300F4DB55 /* Main.storyboard in Resources */ = {isa = PBXBuildFile; fileRef = C1325D4729B7008300F4DB55 /* Main.storyboard */; };
		C1325D4B29B7008400F4DB55 /* Assets.xcassets in Resources */ = {isa = PBXBuildFile; fileRef = C1325D4A29B7008400F4DB55 /* Assets.xcassets */; };
		C1325D4E29B7008400F4DB55 /* LaunchScreen.storyboard in Resources */ = {isa = PBXBuildFile; fileRef = C1325D4C29B7008400F4DB55 /* LaunchScreen.storyboard */; };
		C1325D7229B7031D00F4DB55 /* FeedLoaderWithFallbackCompositeTests.swift in Sources */ = {isa = PBXBuildFile; fileRef = C1325D7129B7031D00F4DB55 /* FeedLoaderWithFallbackCompositeTests.swift */; };
		C1325D7529B7036800F4DB55 /* EssentialFeed.framework in Frameworks */ = {isa = PBXBuildFile; fileRef = C1325D7429B7036800F4DB55 /* EssentialFeed.framework */; };
		C1325D7629B7036800F4DB55 /* EssentialFeed.framework in Embed Frameworks */ = {isa = PBXBuildFile; fileRef = C1325D7429B7036800F4DB55 /* EssentialFeed.framework */; settings = {ATTRIBUTES = (CodeSignOnCopy, RemoveHeadersOnCopy, ); }; };
		C1325D7929B7037800F4DB55 /* EssentialFeediOS.framework in Frameworks */ = {isa = PBXBuildFile; fileRef = C1325D7829B7037800F4DB55 /* EssentialFeediOS.framework */; };
		C1325D7A29B7037800F4DB55 /* EssentialFeediOS.framework in Embed Frameworks */ = {isa = PBXBuildFile; fileRef = C1325D7829B7037800F4DB55 /* EssentialFeediOS.framework */; settings = {ATTRIBUTES = (CodeSignOnCopy, RemoveHeadersOnCopy, ); }; };
		C1325D7D29B7058E00F4DB55 /* FeedLoaderWithFallbackComposite.swift in Sources */ = {isa = PBXBuildFile; fileRef = C1325D7C29B7058E00F4DB55 /* FeedLoaderWithFallbackComposite.swift */; };
		C1325D7F29B70B2500F4DB55 /* FeedImageDataLoaderWithFallbackComposite.swift in Sources */ = {isa = PBXBuildFile; fileRef = C1325D7E29B70B2500F4DB55 /* FeedImageDataLoaderWithFallbackComposite.swift */; };
		C1325D8129B713CA00F4DB55 /* FeedImageDataLoaderWithFallbackComposite.swift in Sources */ = {isa = PBXBuildFile; fileRef = C1325D8029B713CA00F4DB55 /* FeedImageDataLoaderWithFallbackComposite.swift */; };
		C1325D8429B7140B00F4DB55 /* XCTestCase+MemoeryLeakTracking.swift in Sources */ = {isa = PBXBuildFile; fileRef = C1325D8329B7140B00F4DB55 /* XCTestCase+MemoeryLeakTracking.swift */; };
		C1325D8629B7142E00F4DB55 /* SharedTestHelpers.swift in Sources */ = {isa = PBXBuildFile; fileRef = C1325D8529B7142E00F4DB55 /* SharedTestHelpers.swift */; };
		C1325D8829B7160900F4DB55 /* FeedLoaderCacheDecoratorTests.swift in Sources */ = {isa = PBXBuildFile; fileRef = C1325D8729B7160900F4DB55 /* FeedLoaderCacheDecoratorTests.swift */; };
		C1325D8A29B7178E00F4DB55 /* FeedLoaderStub.swift in Sources */ = {isa = PBXBuildFile; fileRef = C1325D8929B7178E00F4DB55 /* FeedLoaderStub.swift */; };
		C1325D8C29B7181F00F4DB55 /* XCTestCase+FeedLoader.swift in Sources */ = {isa = PBXBuildFile; fileRef = C1325D8B29B7181F00F4DB55 /* XCTestCase+FeedLoader.swift */; };
		C1325D9029B71A7600F4DB55 /* FeedLoaderCacheDecorator.swift in Sources */ = {isa = PBXBuildFile; fileRef = C1325D8F29B71A7600F4DB55 /* FeedLoaderCacheDecorator.swift */; };
		C1325D9229B71AD000F4DB55 /* FeedImageDataLoaderCacheDecoratorTests.swift in Sources */ = {isa = PBXBuildFile; fileRef = C1325D9129B71AD000F4DB55 /* FeedImageDataLoaderCacheDecoratorTests.swift */; };
		C1325D9429B71B0E00F4DB55 /* FeedImageDataLoaderSpy.swift in Sources */ = {isa = PBXBuildFile; fileRef = C1325D9329B71B0E00F4DB55 /* FeedImageDataLoaderSpy.swift */; };
		C1325D9629B71B4100F4DB55 /* XCTestCase+FeedImageDataLoader.swift in Sources */ = {isa = PBXBuildFile; fileRef = C1325D9529B71B4000F4DB55 /* XCTestCase+FeedImageDataLoader.swift */; };
		C1325D9A29B71CAC00F4DB55 /* FeedImageDataLoaderCacheDecorator.swift in Sources */ = {isa = PBXBuildFile; fileRef = C1325D9929B71CAC00F4DB55 /* FeedImageDataLoaderCacheDecorator.swift */; };
		C1325D9C29B71D0900F4DB55 /* SceneDelegateTests.swift in Sources */ = {isa = PBXBuildFile; fileRef = C1325D9B29B71D0900F4DB55 /* SceneDelegateTests.swift */; };
		C1325DE129B721B800F4DB55 /* FeedViewAdapter.swift in Sources */ = {isa = PBXBuildFile; fileRef = C1325DDB29B721B800F4DB55 /* FeedViewAdapter.swift */; };
		C1325DE229B721B800F4DB55 /* FeedImageDataLoaderPresentationAdapter.swift in Sources */ = {isa = PBXBuildFile; fileRef = C1325DDC29B721B800F4DB55 /* FeedImageDataLoaderPresentationAdapter.swift */; };
		C1325DE329B721B800F4DB55 /* MainQueueDispatchDecorator.swift in Sources */ = {isa = PBXBuildFile; fileRef = C1325DDD29B721B800F4DB55 /* MainQueueDispatchDecorator.swift */; };
		C1325DE429B721B800F4DB55 /* WeakRefVirtualProxy.swift in Sources */ = {isa = PBXBuildFile; fileRef = C1325DDE29B721B800F4DB55 /* WeakRefVirtualProxy.swift */; };
		C1325DE529B721B800F4DB55 /* FeedUIComposer.swift in Sources */ = {isa = PBXBuildFile; fileRef = C1325DDF29B721B800F4DB55 /* FeedUIComposer.swift */; };
		C1325DE629B721B800F4DB55 /* FeedLoaderPresentationAdapter.swift in Sources */ = {isa = PBXBuildFile; fileRef = C1325DE029B721B800F4DB55 /* FeedLoaderPresentationAdapter.swift */; };
		C1325DE829B721C200F4DB55 /* FeedUIIntegrationTests.swift in Sources */ = {isa = PBXBuildFile; fileRef = C1325DE729B721C200F4DB55 /* FeedUIIntegrationTests.swift */; };
		C1325DF229B721C900F4DB55 /* FeedUIIntegrationTests+Assertions.swift in Sources */ = {isa = PBXBuildFile; fileRef = C1325DEA29B721C800F4DB55 /* FeedUIIntegrationTests+Assertions.swift */; };
		C1325DF329B721C900F4DB55 /* FeedUIIntegrationTests+Localization.swift in Sources */ = {isa = PBXBuildFile; fileRef = C1325DF129B721C900F4DB55 /* FeedUIIntegrationTests+Localization.swift */; };
		C1325DF429B721C900F4DB55 /* FeedImageCell+TestHelpers.swift in Sources */ = {isa = PBXBuildFile; fileRef = C1325DED29B721C800F4DB55 /* FeedImageCell+TestHelpers.swift */; };
		C1325DF529B721C900F4DB55 /* FeedUIIntegrationTests+TestHelpers.swift in Sources */ = {isa = PBXBuildFile; fileRef = C1325DEC29B721C800F4DB55 /* FeedUIIntegrationTests+TestHelpers.swift */; };
		C1325DF629B721C900F4DB55 /* UIRefreshControl+TestHelpers.swift in Sources */ = {isa = PBXBuildFile; fileRef = C1325DEF29B721C900F4DB55 /* UIRefreshControl+TestHelpers.swift */; };
		C1325DF729B721C900F4DB55 /* UIControl+TestHelpers.swift in Sources */ = {isa = PBXBuildFile; fileRef = C1325DF029B721C900F4DB55 /* UIControl+TestHelpers.swift */; };
		C1325DF829B721C900F4DB55 /* FeedUIIntegrationTests+LoaderSpy.swift in Sources */ = {isa = PBXBuildFile; fileRef = C1325DE929B721C800F4DB55 /* FeedUIIntegrationTests+LoaderSpy.swift */; };
		C1325DF929B721C900F4DB55 /* UIButton+TestHelpers.swift in Sources */ = {isa = PBXBuildFile; fileRef = C1325DEB29B721C800F4DB55 /* UIButton+TestHelpers.swift */; };
		C1325DFA29B721C900F4DB55 /* UIImage+TestHelpers.swift in Sources */ = {isa = PBXBuildFile; fileRef = C1325DEE29B721C900F4DB55 /* UIImage+TestHelpers.swift */; };
/* End PBXBuildFile section */

/* Begin PBXContainerItemProxy section */
		C1325D5529B7008400F4DB55 /* PBXContainerItemProxy */ = {
			isa = PBXContainerItemProxy;
			containerPortal = C1325D3629B7008200F4DB55 /* Project object */;
			proxyType = 1;
			remoteGlobalIDString = C1325D3D29B7008300F4DB55;
			remoteInfo = EssentialApp;
		};
/* End PBXContainerItemProxy section */

/* Begin PBXCopyFilesBuildPhase section */
		C1325D7729B7036800F4DB55 /* Embed Frameworks */ = {
			isa = PBXCopyFilesBuildPhase;
			buildActionMask = 2147483647;
			dstPath = "";
			dstSubfolderSpec = 10;
			files = (
				C1325D7629B7036800F4DB55 /* EssentialFeed.framework in Embed Frameworks */,
				C1325D7A29B7037800F4DB55 /* EssentialFeediOS.framework in Embed Frameworks */,
			);
			name = "Embed Frameworks";
			runOnlyForDeploymentPostprocessing = 0;
		};
/* End PBXCopyFilesBuildPhase section */

/* Begin PBXFileReference section */
		C1325D3E29B7008300F4DB55 /* EssentialApp.app */ = {isa = PBXFileReference; explicitFileType = wrapper.application; includeInIndex = 0; path = EssentialApp.app; sourceTree = BUILT_PRODUCTS_DIR; };
		C1325D4129B7008300F4DB55 /* AppDelegate.swift */ = {isa = PBXFileReference; lastKnownFileType = sourcecode.swift; path = AppDelegate.swift; sourceTree = "<group>"; };
		C1325D4329B7008300F4DB55 /* SceneDelegate.swift */ = {isa = PBXFileReference; lastKnownFileType = sourcecode.swift; path = SceneDelegate.swift; sourceTree = "<group>"; };
		C1325D4529B7008300F4DB55 /* ViewController.swift */ = {isa = PBXFileReference; lastKnownFileType = sourcecode.swift; path = ViewController.swift; sourceTree = "<group>"; };
		C1325D4829B7008300F4DB55 /* Base */ = {isa = PBXFileReference; lastKnownFileType = file.storyboard; name = Base; path = Base.lproj/Main.storyboard; sourceTree = "<group>"; };
		C1325D4A29B7008400F4DB55 /* Assets.xcassets */ = {isa = PBXFileReference; lastKnownFileType = folder.assetcatalog; path = Assets.xcassets; sourceTree = "<group>"; };
		C1325D4D29B7008400F4DB55 /* Base */ = {isa = PBXFileReference; lastKnownFileType = file.storyboard; name = Base; path = Base.lproj/LaunchScreen.storyboard; sourceTree = "<group>"; };
		C1325D4F29B7008400F4DB55 /* Info.plist */ = {isa = PBXFileReference; lastKnownFileType = text.plist.xml; path = Info.plist; sourceTree = "<group>"; };
		C1325D5429B7008400F4DB55 /* EssentialAppTests.xctest */ = {isa = PBXFileReference; explicitFileType = wrapper.cfbundle; includeInIndex = 0; path = EssentialAppTests.xctest; sourceTree = BUILT_PRODUCTS_DIR; };
		C1325D7129B7031D00F4DB55 /* FeedLoaderWithFallbackCompositeTests.swift */ = {isa = PBXFileReference; lastKnownFileType = sourcecode.swift; path = FeedLoaderWithFallbackCompositeTests.swift; sourceTree = "<group>"; };
		C1325D7429B7036800F4DB55 /* EssentialFeed.framework */ = {isa = PBXFileReference; explicitFileType = wrapper.framework; path = EssentialFeed.framework; sourceTree = BUILT_PRODUCTS_DIR; };
		C1325D7829B7037800F4DB55 /* EssentialFeediOS.framework */ = {isa = PBXFileReference; explicitFileType = wrapper.framework; path = EssentialFeediOS.framework; sourceTree = BUILT_PRODUCTS_DIR; };
		C1325D7C29B7058E00F4DB55 /* FeedLoaderWithFallbackComposite.swift */ = {isa = PBXFileReference; lastKnownFileType = sourcecode.swift; path = FeedLoaderWithFallbackComposite.swift; sourceTree = "<group>"; };
		C1325D7E29B70B2500F4DB55 /* FeedImageDataLoaderWithFallbackComposite.swift */ = {isa = PBXFileReference; lastKnownFileType = sourcecode.swift; path = FeedImageDataLoaderWithFallbackComposite.swift; sourceTree = "<group>"; };
		C1325D8029B713CA00F4DB55 /* FeedImageDataLoaderWithFallbackComposite.swift */ = {isa = PBXFileReference; lastKnownFileType = sourcecode.swift; path = FeedImageDataLoaderWithFallbackComposite.swift; sourceTree = "<group>"; };
		C1325D8329B7140B00F4DB55 /* XCTestCase+MemoeryLeakTracking.swift */ = {isa = PBXFileReference; lastKnownFileType = sourcecode.swift; path = "XCTestCase+MemoeryLeakTracking.swift"; sourceTree = "<group>"; };
		C1325D8529B7142E00F4DB55 /* SharedTestHelpers.swift */ = {isa = PBXFileReference; lastKnownFileType = sourcecode.swift; path = SharedTestHelpers.swift; sourceTree = "<group>"; };
		C1325D8729B7160900F4DB55 /* FeedLoaderCacheDecoratorTests.swift */ = {isa = PBXFileReference; lastKnownFileType = sourcecode.swift; path = FeedLoaderCacheDecoratorTests.swift; sourceTree = "<group>"; };
		C1325D8929B7178E00F4DB55 /* FeedLoaderStub.swift */ = {isa = PBXFileReference; lastKnownFileType = sourcecode.swift; path = FeedLoaderStub.swift; sourceTree = "<group>"; };
		C1325D8B29B7181F00F4DB55 /* XCTestCase+FeedLoader.swift */ = {isa = PBXFileReference; lastKnownFileType = sourcecode.swift; path = "XCTestCase+FeedLoader.swift"; sourceTree = "<group>"; };
		C1325D8F29B71A7600F4DB55 /* FeedLoaderCacheDecorator.swift */ = {isa = PBXFileReference; lastKnownFileType = sourcecode.swift; path = FeedLoaderCacheDecorator.swift; sourceTree = "<group>"; };
		C1325D9129B71AD000F4DB55 /* FeedImageDataLoaderCacheDecoratorTests.swift */ = {isa = PBXFileReference; lastKnownFileType = sourcecode.swift; path = FeedImageDataLoaderCacheDecoratorTests.swift; sourceTree = "<group>"; };
		C1325D9329B71B0E00F4DB55 /* FeedImageDataLoaderSpy.swift */ = {isa = PBXFileReference; lastKnownFileType = sourcecode.swift; path = FeedImageDataLoaderSpy.swift; sourceTree = "<group>"; };
		C1325D9529B71B4000F4DB55 /* XCTestCase+FeedImageDataLoader.swift */ = {isa = PBXFileReference; lastKnownFileType = sourcecode.swift; path = "XCTestCase+FeedImageDataLoader.swift"; sourceTree = "<group>"; };
		C1325D9929B71CAC00F4DB55 /* FeedImageDataLoaderCacheDecorator.swift */ = {isa = PBXFileReference; lastKnownFileType = sourcecode.swift; path = FeedImageDataLoaderCacheDecorator.swift; sourceTree = "<group>"; };
		C1325D9B29B71D0900F4DB55 /* SceneDelegateTests.swift */ = {isa = PBXFileReference; lastKnownFileType = sourcecode.swift; path = SceneDelegateTests.swift; sourceTree = "<group>"; };
		C1325DDB29B721B800F4DB55 /* FeedViewAdapter.swift */ = {isa = PBXFileReference; fileEncoding = 4; lastKnownFileType = sourcecode.swift; path = FeedViewAdapter.swift; sourceTree = "<group>"; };
		C1325DDC29B721B800F4DB55 /* FeedImageDataLoaderPresentationAdapter.swift */ = {isa = PBXFileReference; fileEncoding = 4; lastKnownFileType = sourcecode.swift; path = FeedImageDataLoaderPresentationAdapter.swift; sourceTree = "<group>"; };
		C1325DDD29B721B800F4DB55 /* MainQueueDispatchDecorator.swift */ = {isa = PBXFileReference; fileEncoding = 4; lastKnownFileType = sourcecode.swift; path = MainQueueDispatchDecorator.swift; sourceTree = "<group>"; };
		C1325DDE29B721B800F4DB55 /* WeakRefVirtualProxy.swift */ = {isa = PBXFileReference; fileEncoding = 4; lastKnownFileType = sourcecode.swift; path = WeakRefVirtualProxy.swift; sourceTree = "<group>"; };
		C1325DDF29B721B800F4DB55 /* FeedUIComposer.swift */ = {isa = PBXFileReference; fileEncoding = 4; lastKnownFileType = sourcecode.swift; path = FeedUIComposer.swift; sourceTree = "<group>"; };
		C1325DE029B721B800F4DB55 /* FeedLoaderPresentationAdapter.swift */ = {isa = PBXFileReference; fileEncoding = 4; lastKnownFileType = sourcecode.swift; path = FeedLoaderPresentationAdapter.swift; sourceTree = "<group>"; };
		C1325DE729B721C200F4DB55 /* FeedUIIntegrationTests.swift */ = {isa = PBXFileReference; lastKnownFileType = sourcecode.swift; path = FeedUIIntegrationTests.swift; sourceTree = "<group>"; };
		C1325DE929B721C800F4DB55 /* FeedUIIntegrationTests+LoaderSpy.swift */ = {isa = PBXFileReference; lastKnownFileType = sourcecode.swift; path = "FeedUIIntegrationTests+LoaderSpy.swift"; sourceTree = "<group>"; };
		C1325DEA29B721C800F4DB55 /* FeedUIIntegrationTests+Assertions.swift */ = {isa = PBXFileReference; lastKnownFileType = sourcecode.swift; path = "FeedUIIntegrationTests+Assertions.swift"; sourceTree = "<group>"; };
		C1325DEB29B721C800F4DB55 /* UIButton+TestHelpers.swift */ = {isa = PBXFileReference; lastKnownFileType = sourcecode.swift; path = "UIButton+TestHelpers.swift"; sourceTree = "<group>"; };
		C1325DEC29B721C800F4DB55 /* FeedUIIntegrationTests+TestHelpers.swift */ = {isa = PBXFileReference; lastKnownFileType = sourcecode.swift; path = "FeedUIIntegrationTests+TestHelpers.swift"; sourceTree = "<group>"; };
		C1325DED29B721C800F4DB55 /* FeedImageCell+TestHelpers.swift */ = {isa = PBXFileReference; lastKnownFileType = sourcecode.swift; path = "FeedImageCell+TestHelpers.swift"; sourceTree = "<group>"; };
		C1325DEE29B721C900F4DB55 /* UIImage+TestHelpers.swift */ = {isa = PBXFileReference; lastKnownFileType = sourcecode.swift; path = "UIImage+TestHelpers.swift"; sourceTree = "<group>"; };
		C1325DEF29B721C900F4DB55 /* UIRefreshControl+TestHelpers.swift */ = {isa = PBXFileReference; lastKnownFileType = sourcecode.swift; path = "UIRefreshControl+TestHelpers.swift"; sourceTree = "<group>"; };
		C1325DF029B721C900F4DB55 /* UIControl+TestHelpers.swift */ = {isa = PBXFileReference; lastKnownFileType = sourcecode.swift; path = "UIControl+TestHelpers.swift"; sourceTree = "<group>"; };
		C1325DF129B721C900F4DB55 /* FeedUIIntegrationTests+Localization.swift */ = {isa = PBXFileReference; lastKnownFileType = sourcecode.swift; path = "FeedUIIntegrationTests+Localization.swift"; sourceTree = "<group>"; };
/* End PBXFileReference section */

/* Begin PBXFrameworksBuildPhase section */
		C1325D3B29B7008300F4DB55 /* Frameworks */ = {
			isa = PBXFrameworksBuildPhase;
			buildActionMask = 2147483647;
			files = (
				C1325D7529B7036800F4DB55 /* EssentialFeed.framework in Frameworks */,
				C1325D7929B7037800F4DB55 /* EssentialFeediOS.framework in Frameworks */,
			);
			runOnlyForDeploymentPostprocessing = 0;
		};
		C1325D5129B7008400F4DB55 /* Frameworks */ = {
			isa = PBXFrameworksBuildPhase;
			buildActionMask = 2147483647;
			files = (
			);
			runOnlyForDeploymentPostprocessing = 0;
		};
/* End PBXFrameworksBuildPhase section */

/* Begin PBXGroup section */
		C1325D3529B7008200F4DB55 = {
			isa = PBXGroup;
			children = (
				C1325D4029B7008300F4DB55 /* EssentialApp */,
				C1325D5729B7008400F4DB55 /* EssentialAppTests */,
				C1325D3F29B7008300F4DB55 /* Products */,
				C1325D7329B7036700F4DB55 /* Frameworks */,
			);
			sourceTree = "<group>";
		};
		C1325D3F29B7008300F4DB55 /* Products */ = {
			isa = PBXGroup;
			children = (
				C1325D3E29B7008300F4DB55 /* EssentialApp.app */,
				C1325D5429B7008400F4DB55 /* EssentialAppTests.xctest */,
			);
			name = Products;
			sourceTree = "<group>";
		};
		C1325D4029B7008300F4DB55 /* EssentialApp */ = {
			isa = PBXGroup;
			children = (
				C1325DDA29B721B800F4DB55 /* Composers */,
				C1325D4129B7008300F4DB55 /* AppDelegate.swift */,
				C1325D4329B7008300F4DB55 /* SceneDelegate.swift */,
				C1325D4529B7008300F4DB55 /* ViewController.swift */,
				C1325D4729B7008300F4DB55 /* Main.storyboard */,
				C1325D4A29B7008400F4DB55 /* Assets.xcassets */,
				C1325D4C29B7008400F4DB55 /* LaunchScreen.storyboard */,
				C1325D4F29B7008400F4DB55 /* Info.plist */,
				C1325D7C29B7058E00F4DB55 /* FeedLoaderWithFallbackComposite.swift */,
				C1325D8029B713CA00F4DB55 /* FeedImageDataLoaderWithFallbackComposite.swift */,
				C1325D8F29B71A7600F4DB55 /* FeedLoaderCacheDecorator.swift */,
				C1325D9929B71CAC00F4DB55 /* FeedImageDataLoaderCacheDecorator.swift */,
			);
			path = EssentialApp;
			sourceTree = "<group>";
		};
		C1325D5729B7008400F4DB55 /* EssentialAppTests */ = {
			isa = PBXGroup;
			children = (
				C1325D8229B713FA00F4DB55 /* Helpers */,
				C1325D7129B7031D00F4DB55 /* FeedLoaderWithFallbackCompositeTests.swift */,
				C1325D7E29B70B2500F4DB55 /* FeedImageDataLoaderWithFallbackComposite.swift */,
				C1325D8729B7160900F4DB55 /* FeedLoaderCacheDecoratorTests.swift */,
				C1325D9129B71AD000F4DB55 /* FeedImageDataLoaderCacheDecoratorTests.swift */,
				C1325D9B29B71D0900F4DB55 /* SceneDelegateTests.swift */,
				C1325DE729B721C200F4DB55 /* FeedUIIntegrationTests.swift */,
			);
			path = EssentialAppTests;
			sourceTree = "<group>";
		};
		C1325D7329B7036700F4DB55 /* Frameworks */ = {
			isa = PBXGroup;
			children = (
				C1325D7829B7037800F4DB55 /* EssentialFeediOS.framework */,
				C1325D7429B7036800F4DB55 /* EssentialFeed.framework */,
			);
			name = Frameworks;
			sourceTree = "<group>";
		};
		C1325D8229B713FA00F4DB55 /* Helpers */ = {
			isa = PBXGroup;
			children = (
				C1325DEE29B721C900F4DB55 /* UIImage+TestHelpers.swift */,
				C1325DEF29B721C900F4DB55 /* UIRefreshControl+TestHelpers.swift */,
				C1325DEB29B721C800F4DB55 /* UIButton+TestHelpers.swift */,
				C1325DF029B721C900F4DB55 /* UIControl+TestHelpers.swift */,
				C1325DEC29B721C800F4DB55 /* FeedUIIntegrationTests+TestHelpers.swift */,
				C1325DED29B721C800F4DB55 /* FeedImageCell+TestHelpers.swift */,
				C1325DE929B721C800F4DB55 /* FeedUIIntegrationTests+LoaderSpy.swift */,
				C1325DEA29B721C800F4DB55 /* FeedUIIntegrationTests+Assertions.swift */,
				C1325DF129B721C900F4DB55 /* FeedUIIntegrationTests+Localization.swift */,
				C1325D8329B7140B00F4DB55 /* XCTestCase+MemoeryLeakTracking.swift */,
				C1325D8529B7142E00F4DB55 /* SharedTestHelpers.swift */,
				C1325D8929B7178E00F4DB55 /* FeedLoaderStub.swift */,
				C1325D8B29B7181F00F4DB55 /* XCTestCase+FeedLoader.swift */,
				C1325D9329B71B0E00F4DB55 /* FeedImageDataLoaderSpy.swift */,
				C1325D9529B71B4000F4DB55 /* XCTestCase+FeedImageDataLoader.swift */,
			);
			path = Helpers;
			sourceTree = "<group>";
		};
		C1325DDA29B721B800F4DB55 /* Composers */ = {
			isa = PBXGroup;
			children = (
				C1325DDB29B721B800F4DB55 /* FeedViewAdapter.swift */,
				C1325DDC29B721B800F4DB55 /* FeedImageDataLoaderPresentationAdapter.swift */,
				C1325DDD29B721B800F4DB55 /* MainQueueDispatchDecorator.swift */,
				C1325DDE29B721B800F4DB55 /* WeakRefVirtualProxy.swift */,
				C1325DDF29B721B800F4DB55 /* FeedUIComposer.swift */,
				C1325DE029B721B800F4DB55 /* FeedLoaderPresentationAdapter.swift */,
			);
			path = Composers;
			sourceTree = "<group>";
		};
/* End PBXGroup section */

/* Begin PBXNativeTarget section */
		C1325D3D29B7008300F4DB55 /* EssentialApp */ = {
			isa = PBXNativeTarget;
			buildConfigurationList = C1325D6829B7008400F4DB55 /* Build configuration list for PBXNativeTarget "EssentialApp" */;
			buildPhases = (
				C1325D3A29B7008300F4DB55 /* Sources */,
				C1325D3B29B7008300F4DB55 /* Frameworks */,
				C1325D3C29B7008300F4DB55 /* Resources */,
				C1325D7729B7036800F4DB55 /* Embed Frameworks */,
			);
			buildRules = (
			);
			dependencies = (
			);
			name = EssentialApp;
			productName = EssentialApp;
			productReference = C1325D3E29B7008300F4DB55 /* EssentialApp.app */;
			productType = "com.apple.product-type.application";
		};
		C1325D5329B7008400F4DB55 /* EssentialAppTests */ = {
			isa = PBXNativeTarget;
			buildConfigurationList = C1325D6B29B7008400F4DB55 /* Build configuration list for PBXNativeTarget "EssentialAppTests" */;
			buildPhases = (
				C1325D5029B7008400F4DB55 /* Sources */,
				C1325D5129B7008400F4DB55 /* Frameworks */,
				C1325D5229B7008400F4DB55 /* Resources */,
			);
			buildRules = (
			);
			dependencies = (
				C1325D5629B7008400F4DB55 /* PBXTargetDependency */,
			);
			name = EssentialAppTests;
			productName = EssentialAppTests;
			productReference = C1325D5429B7008400F4DB55 /* EssentialAppTests.xctest */;
			productType = "com.apple.product-type.bundle.unit-test";
		};
/* End PBXNativeTarget section */

/* Begin PBXProject section */
		C1325D3629B7008200F4DB55 /* Project object */ = {
			isa = PBXProject;
			attributes = {
				BuildIndependentTargetsInParallel = 1;
				LastSwiftUpdateCheck = 1420;
				LastUpgradeCheck = 1420;
				TargetAttributes = {
					C1325D3D29B7008300F4DB55 = {
						CreatedOnToolsVersion = 14.2;
					};
					C1325D5329B7008400F4DB55 = {
						CreatedOnToolsVersion = 14.2;
						LastSwiftMigration = 1420;
						TestTargetID = C1325D3D29B7008300F4DB55;
					};
				};
			};
			buildConfigurationList = C1325D3929B7008200F4DB55 /* Build configuration list for PBXProject "EssentialApp" */;
			compatibilityVersion = "Xcode 14.0";
			developmentRegion = en;
			hasScannedForEncodings = 0;
			knownRegions = (
				en,
				Base,
			);
			mainGroup = C1325D3529B7008200F4DB55;
			productRefGroup = C1325D3F29B7008300F4DB55 /* Products */;
			projectDirPath = "";
			projectRoot = "";
			targets = (
				C1325D3D29B7008300F4DB55 /* EssentialApp */,
				C1325D5329B7008400F4DB55 /* EssentialAppTests */,
			);
		};
/* End PBXProject section */

/* Begin PBXResourcesBuildPhase section */
		C1325D3C29B7008300F4DB55 /* Resources */ = {
			isa = PBXResourcesBuildPhase;
			buildActionMask = 2147483647;
			files = (
				C1325D4E29B7008400F4DB55 /* LaunchScreen.storyboard in Resources */,
				C1325D4B29B7008400F4DB55 /* Assets.xcassets in Resources */,
				C1325D4929B7008300F4DB55 /* Main.storyboard in Resources */,
			);
			runOnlyForDeploymentPostprocessing = 0;
		};
		C1325D5229B7008400F4DB55 /* Resources */ = {
			isa = PBXResourcesBuildPhase;
			buildActionMask = 2147483647;
			files = (
			);
			runOnlyForDeploymentPostprocessing = 0;
		};
/* End PBXResourcesBuildPhase section */

/* Begin PBXSourcesBuildPhase section */
		C1325D3A29B7008300F4DB55 /* Sources */ = {
			isa = PBXSourcesBuildPhase;
			buildActionMask = 2147483647;
			files = (
				C1325DE429B721B800F4DB55 /* WeakRefVirtualProxy.swift in Sources */,
				C1325DE529B721B800F4DB55 /* FeedUIComposer.swift in Sources */,
				C1325DE129B721B800F4DB55 /* FeedViewAdapter.swift in Sources */,
				C1325D4629B7008300F4DB55 /* ViewController.swift in Sources */,
				C1325D4229B7008300F4DB55 /* AppDelegate.swift in Sources */,
				C1325D7D29B7058E00F4DB55 /* FeedLoaderWithFallbackComposite.swift in Sources */,
				C1325D9029B71A7600F4DB55 /* FeedLoaderCacheDecorator.swift in Sources */,
				C1325D4429B7008300F4DB55 /* SceneDelegate.swift in Sources */,
				C1325DE329B721B800F4DB55 /* MainQueueDispatchDecorator.swift in Sources */,
				C1325DE629B721B800F4DB55 /* FeedLoaderPresentationAdapter.swift in Sources */,
				C1325DE229B721B800F4DB55 /* FeedImageDataLoaderPresentationAdapter.swift in Sources */,
				C1325D8129B713CA00F4DB55 /* FeedImageDataLoaderWithFallbackComposite.swift in Sources */,
				C1325D9A29B71CAC00F4DB55 /* FeedImageDataLoaderCacheDecorator.swift in Sources */,
			);
			runOnlyForDeploymentPostprocessing = 0;
		};
		C1325D5029B7008400F4DB55 /* Sources */ = {
			isa = PBXSourcesBuildPhase;
			buildActionMask = 2147483647;
			files = (
				C1325D8629B7142E00F4DB55 /* SharedTestHelpers.swift in Sources */,
				C1325DF929B721C900F4DB55 /* UIButton+TestHelpers.swift in Sources */,
				C1325D9229B71AD000F4DB55 /* FeedImageDataLoaderCacheDecoratorTests.swift in Sources */,
				C1325DF829B721C900F4DB55 /* FeedUIIntegrationTests+LoaderSpy.swift in Sources */,
				C1325D8C29B7181F00F4DB55 /* XCTestCase+FeedLoader.swift in Sources */,
				C1325D9629B71B4100F4DB55 /* XCTestCase+FeedImageDataLoader.swift in Sources */,
				C1325DE829B721C200F4DB55 /* FeedUIIntegrationTests.swift in Sources */,
				C1325D9C29B71D0900F4DB55 /* SceneDelegateTests.swift in Sources */,
				C1325DF229B721C900F4DB55 /* FeedUIIntegrationTests+Assertions.swift in Sources */,
				C1325DF429B721C900F4DB55 /* FeedImageCell+TestHelpers.swift in Sources */,
				C1325D8829B7160900F4DB55 /* FeedLoaderCacheDecoratorTests.swift in Sources */,
				C1325DF729B721C900F4DB55 /* UIControl+TestHelpers.swift in Sources */,
				C1325D9429B71B0E00F4DB55 /* FeedImageDataLoaderSpy.swift in Sources */,
				C1325DF529B721C900F4DB55 /* FeedUIIntegrationTests+TestHelpers.swift in Sources */,
				C1325D7F29B70B2500F4DB55 /* FeedImageDataLoaderWithFallbackComposite.swift in Sources */,
				C1325D7229B7031D00F4DB55 /* FeedLoaderWithFallbackCompositeTests.swift in Sources */,
				C1325D8A29B7178E00F4DB55 /* FeedLoaderStub.swift in Sources */,
				C1325DFA29B721C900F4DB55 /* UIImage+TestHelpers.swift in Sources */,
				C1325DF629B721C900F4DB55 /* UIRefreshControl+TestHelpers.swift in Sources */,
				C1325D8429B7140B00F4DB55 /* XCTestCase+MemoeryLeakTracking.swift in Sources */,
				C1325DF329B721C900F4DB55 /* FeedUIIntegrationTests+Localization.swift in Sources */,
			);
			runOnlyForDeploymentPostprocessing = 0;
		};
/* End PBXSourcesBuildPhase section */

/* Begin PBXTargetDependency section */
		C1325D5629B7008400F4DB55 /* PBXTargetDependency */ = {
			isa = PBXTargetDependency;
			target = C1325D3D29B7008300F4DB55 /* EssentialApp */;
			targetProxy = C1325D5529B7008400F4DB55 /* PBXContainerItemProxy */;
		};
/* End PBXTargetDependency section */

/* Begin PBXVariantGroup section */
		C1325D4729B7008300F4DB55 /* Main.storyboard */ = {
			isa = PBXVariantGroup;
			children = (
				C1325D4829B7008300F4DB55 /* Base */,
			);
			name = Main.storyboard;
			sourceTree = "<group>";
		};
		C1325D4C29B7008400F4DB55 /* LaunchScreen.storyboard */ = {
			isa = PBXVariantGroup;
			children = (
				C1325D4D29B7008400F4DB55 /* Base */,
			);
			name = LaunchScreen.storyboard;
			sourceTree = "<group>";
		};
/* End PBXVariantGroup section */

/* Begin XCBuildConfiguration section */
		C1325D6629B7008400F4DB55 /* Debug */ = {
			isa = XCBuildConfiguration;
			buildSettings = {
				ALWAYS_SEARCH_USER_PATHS = NO;
				CLANG_ANALYZER_NONNULL = YES;
				CLANG_ANALYZER_NUMBER_OBJECT_CONVERSION = YES_AGGRESSIVE;
				CLANG_CXX_LANGUAGE_STANDARD = "gnu++20";
				CLANG_ENABLE_MODULES = YES;
				CLANG_ENABLE_OBJC_ARC = YES;
				CLANG_ENABLE_OBJC_WEAK = YES;
				CLANG_WARN_BLOCK_CAPTURE_AUTORELEASING = YES;
				CLANG_WARN_BOOL_CONVERSION = YES;
				CLANG_WARN_COMMA = YES;
				CLANG_WARN_CONSTANT_CONVERSION = YES;
				CLANG_WARN_DEPRECATED_OBJC_IMPLEMENTATIONS = YES;
				CLANG_WARN_DIRECT_OBJC_ISA_USAGE = YES_ERROR;
				CLANG_WARN_DOCUMENTATION_COMMENTS = YES;
				CLANG_WARN_EMPTY_BODY = YES;
				CLANG_WARN_ENUM_CONVERSION = YES;
				CLANG_WARN_INFINITE_RECURSION = YES;
				CLANG_WARN_INT_CONVERSION = YES;
				CLANG_WARN_NON_LITERAL_NULL_CONVERSION = YES;
				CLANG_WARN_OBJC_IMPLICIT_RETAIN_SELF = YES;
				CLANG_WARN_OBJC_LITERAL_CONVERSION = YES;
				CLANG_WARN_OBJC_ROOT_CLASS = YES_ERROR;
				CLANG_WARN_QUOTED_INCLUDE_IN_FRAMEWORK_HEADER = YES;
				CLANG_WARN_RANGE_LOOP_ANALYSIS = YES;
				CLANG_WARN_STRICT_PROTOTYPES = YES;
				CLANG_WARN_SUSPICIOUS_MOVE = YES;
				CLANG_WARN_UNGUARDED_AVAILABILITY = YES_AGGRESSIVE;
				CLANG_WARN_UNREACHABLE_CODE = YES;
				CLANG_WARN__DUPLICATE_METHOD_MATCH = YES;
				COPY_PHASE_STRIP = NO;
				DEBUG_INFORMATION_FORMAT = dwarf;
				ENABLE_STRICT_OBJC_MSGSEND = YES;
				ENABLE_TESTABILITY = YES;
				GCC_C_LANGUAGE_STANDARD = gnu11;
				GCC_DYNAMIC_NO_PIC = NO;
				GCC_NO_COMMON_BLOCKS = YES;
				GCC_OPTIMIZATION_LEVEL = 0;
				GCC_PREPROCESSOR_DEFINITIONS = (
					"DEBUG=1",
					"$(inherited)",
				);
				GCC_WARN_64_TO_32_BIT_CONVERSION = YES;
				GCC_WARN_ABOUT_RETURN_TYPE = YES_ERROR;
				GCC_WARN_UNDECLARED_SELECTOR = YES;
				GCC_WARN_UNINITIALIZED_AUTOS = YES_AGGRESSIVE;
				GCC_WARN_UNUSED_FUNCTION = YES;
				GCC_WARN_UNUSED_VARIABLE = YES;
				IPHONEOS_DEPLOYMENT_TARGET = 16.2;
				MTL_ENABLE_DEBUG_INFO = INCLUDE_SOURCE;
				MTL_FAST_MATH = YES;
				ONLY_ACTIVE_ARCH = YES;
				SDKROOT = iphoneos;
				SWIFT_ACTIVE_COMPILATION_CONDITIONS = DEBUG;
				SWIFT_OPTIMIZATION_LEVEL = "-Onone";
			};
			name = Debug;
		};
		C1325D6729B7008400F4DB55 /* Release */ = {
			isa = XCBuildConfiguration;
			buildSettings = {
				ALWAYS_SEARCH_USER_PATHS = NO;
				CLANG_ANALYZER_NONNULL = YES;
				CLANG_ANALYZER_NUMBER_OBJECT_CONVERSION = YES_AGGRESSIVE;
				CLANG_CXX_LANGUAGE_STANDARD = "gnu++20";
				CLANG_ENABLE_MODULES = YES;
				CLANG_ENABLE_OBJC_ARC = YES;
				CLANG_ENABLE_OBJC_WEAK = YES;
				CLANG_WARN_BLOCK_CAPTURE_AUTORELEASING = YES;
				CLANG_WARN_BOOL_CONVERSION = YES;
				CLANG_WARN_COMMA = YES;
				CLANG_WARN_CONSTANT_CONVERSION = YES;
				CLANG_WARN_DEPRECATED_OBJC_IMPLEMENTATIONS = YES;
				CLANG_WARN_DIRECT_OBJC_ISA_USAGE = YES_ERROR;
				CLANG_WARN_DOCUMENTATION_COMMENTS = YES;
				CLANG_WARN_EMPTY_BODY = YES;
				CLANG_WARN_ENUM_CONVERSION = YES;
				CLANG_WARN_INFINITE_RECURSION = YES;
				CLANG_WARN_INT_CONVERSION = YES;
				CLANG_WARN_NON_LITERAL_NULL_CONVERSION = YES;
				CLANG_WARN_OBJC_IMPLICIT_RETAIN_SELF = YES;
				CLANG_WARN_OBJC_LITERAL_CONVERSION = YES;
				CLANG_WARN_OBJC_ROOT_CLASS = YES_ERROR;
				CLANG_WARN_QUOTED_INCLUDE_IN_FRAMEWORK_HEADER = YES;
				CLANG_WARN_RANGE_LOOP_ANALYSIS = YES;
				CLANG_WARN_STRICT_PROTOTYPES = YES;
				CLANG_WARN_SUSPICIOUS_MOVE = YES;
				CLANG_WARN_UNGUARDED_AVAILABILITY = YES_AGGRESSIVE;
				CLANG_WARN_UNREACHABLE_CODE = YES;
				CLANG_WARN__DUPLICATE_METHOD_MATCH = YES;
				COPY_PHASE_STRIP = NO;
				DEBUG_INFORMATION_FORMAT = "dwarf-with-dsym";
				ENABLE_NS_ASSERTIONS = NO;
				ENABLE_STRICT_OBJC_MSGSEND = YES;
				GCC_C_LANGUAGE_STANDARD = gnu11;
				GCC_NO_COMMON_BLOCKS = YES;
				GCC_WARN_64_TO_32_BIT_CONVERSION = YES;
				GCC_WARN_ABOUT_RETURN_TYPE = YES_ERROR;
				GCC_WARN_UNDECLARED_SELECTOR = YES;
				GCC_WARN_UNINITIALIZED_AUTOS = YES_AGGRESSIVE;
				GCC_WARN_UNUSED_FUNCTION = YES;
				GCC_WARN_UNUSED_VARIABLE = YES;
				IPHONEOS_DEPLOYMENT_TARGET = 16.2;
				MTL_ENABLE_DEBUG_INFO = NO;
				MTL_FAST_MATH = YES;
				SDKROOT = iphoneos;
				SWIFT_COMPILATION_MODE = wholemodule;
				SWIFT_OPTIMIZATION_LEVEL = "-O";
				VALIDATE_PRODUCT = YES;
			};
			name = Release;
		};
		C1325D6929B7008400F4DB55 /* Debug */ = {
			isa = XCBuildConfiguration;
			buildSettings = {
				ASSETCATALOG_COMPILER_APPICON_NAME = AppIcon;
				ASSETCATALOG_COMPILER_GLOBAL_ACCENT_COLOR_NAME = AccentColor;
				CODE_SIGN_STYLE = Automatic;
				CURRENT_PROJECT_VERSION = 1;
				DEVELOPMENT_TEAM = FKF3UFB34N;
				GENERATE_INFOPLIST_FILE = YES;
				INFOPLIST_FILE = EssentialApp/Info.plist;
				INFOPLIST_KEY_UIApplicationSupportsIndirectInputEvents = YES;
				INFOPLIST_KEY_UILaunchStoryboardName = LaunchScreen;
				INFOPLIST_KEY_UIMainStoryboardFile = Main;
				INFOPLIST_KEY_UISupportedInterfaceOrientations_iPad = "UIInterfaceOrientationPortrait UIInterfaceOrientationPortraitUpsideDown UIInterfaceOrientationLandscapeLeft UIInterfaceOrientationLandscapeRight";
				INFOPLIST_KEY_UISupportedInterfaceOrientations_iPhone = "UIInterfaceOrientationPortrait UIInterfaceOrientationLandscapeLeft UIInterfaceOrientationLandscapeRight";
				LD_RUNPATH_SEARCH_PATHS = (
					"$(inherited)",
					"@executable_path/Frameworks",
				);
				MARKETING_VERSION = 1.0;
				PRODUCT_BUNDLE_IDENTIFIER = com.bijokmind.EssentialApp;
				PRODUCT_NAME = "$(TARGET_NAME)";
				SWIFT_EMIT_LOC_STRINGS = YES;
				SWIFT_VERSION = 5.0;
				TARGETED_DEVICE_FAMILY = "1,2";
			};
			name = Debug;
		};
		C1325D6A29B7008400F4DB55 /* Release */ = {
			isa = XCBuildConfiguration;
			buildSettings = {
				ASSETCATALOG_COMPILER_APPICON_NAME = AppIcon;
				ASSETCATALOG_COMPILER_GLOBAL_ACCENT_COLOR_NAME = AccentColor;
				CODE_SIGN_STYLE = Automatic;
				CURRENT_PROJECT_VERSION = 1;
				DEVELOPMENT_TEAM = FKF3UFB34N;
				GENERATE_INFOPLIST_FILE = YES;
				INFOPLIST_FILE = EssentialApp/Info.plist;
				INFOPLIST_KEY_UIApplicationSupportsIndirectInputEvents = YES;
				INFOPLIST_KEY_UILaunchStoryboardName = LaunchScreen;
				INFOPLIST_KEY_UIMainStoryboardFile = Main;
				INFOPLIST_KEY_UISupportedInterfaceOrientations_iPad = "UIInterfaceOrientationPortrait UIInterfaceOrientationPortraitUpsideDown UIInterfaceOrientationLandscapeLeft UIInterfaceOrientationLandscapeRight";
				INFOPLIST_KEY_UISupportedInterfaceOrientations_iPhone = "UIInterfaceOrientationPortrait UIInterfaceOrientationLandscapeLeft UIInterfaceOrientationLandscapeRight";
				LD_RUNPATH_SEARCH_PATHS = (
					"$(inherited)",
					"@executable_path/Frameworks",
				);
				MARKETING_VERSION = 1.0;
				PRODUCT_BUNDLE_IDENTIFIER = com.bijokmind.EssentialApp;
				PRODUCT_NAME = "$(TARGET_NAME)";
				SWIFT_EMIT_LOC_STRINGS = YES;
				SWIFT_VERSION = 5.0;
				TARGETED_DEVICE_FAMILY = "1,2";
			};
			name = Release;
		};
		C1325D6C29B7008400F4DB55 /* Debug */ = {
			isa = XCBuildConfiguration;
			buildSettings = {
				ALWAYS_EMBED_SWIFT_STANDARD_LIBRARIES = YES;
				BUNDLE_LOADER = "$(TEST_HOST)";
				CLANG_ENABLE_MODULES = YES;
				CODE_SIGN_STYLE = Automatic;
				CURRENT_PROJECT_VERSION = 1;
				DEVELOPMENT_TEAM = FKF3UFB34N;
				GENERATE_INFOPLIST_FILE = YES;
				IPHONEOS_DEPLOYMENT_TARGET = 16.2;
				LD_RUNPATH_SEARCH_PATHS = (
					"$(inherited)",
					"@executable_path/Frameworks",
					"@loader_path/Frameworks",
				);
				MARKETING_VERSION = 1.0;
				PRODUCT_BUNDLE_IDENTIFIER = com.bijokmind.EssentialAppTests;
				PRODUCT_NAME = "$(TARGET_NAME)";
				SWIFT_EMIT_LOC_STRINGS = NO;
				SWIFT_OPTIMIZATION_LEVEL = "-Onone";
				SWIFT_VERSION = 5.0;
				TARGETED_DEVICE_FAMILY = "1,2";
				TEST_HOST = "$(BUILT_PRODUCTS_DIR)/EssentialApp.app/$(BUNDLE_EXECUTABLE_FOLDER_PATH)/EssentialApp";
			};
			name = Debug;
		};
		C1325D6D29B7008400F4DB55 /* Release */ = {
			isa = XCBuildConfiguration;
			buildSettings = {
				ALWAYS_EMBED_SWIFT_STANDARD_LIBRARIES = YES;
				BUNDLE_LOADER = "$(TEST_HOST)";
				CLANG_ENABLE_MODULES = YES;
				CODE_SIGN_STYLE = Automatic;
				CURRENT_PROJECT_VERSION = 1;
				DEVELOPMENT_TEAM = FKF3UFB34N;
				GENERATE_INFOPLIST_FILE = YES;
				IPHONEOS_DEPLOYMENT_TARGET = 16.2;
				LD_RUNPATH_SEARCH_PATHS = (
					"$(inherited)",
					"@executable_path/Frameworks",
					"@loader_path/Frameworks",
				);
				MARKETING_VERSION = 1.0;
				PRODUCT_BUNDLE_IDENTIFIER = com.bijokmind.EssentialAppTests;
				PRODUCT_NAME = "$(TARGET_NAME)";
				SWIFT_EMIT_LOC_STRINGS = NO;
				SWIFT_VERSION = 5.0;
				TARGETED_DEVICE_FAMILY = "1,2";
				TEST_HOST = "$(BUILT_PRODUCTS_DIR)/EssentialApp.app/$(BUNDLE_EXECUTABLE_FOLDER_PATH)/EssentialApp";
			};
			name = Release;
		};
/* End XCBuildConfiguration section */

/* Begin XCConfigurationList section */
		C1325D3929B7008200F4DB55 /* Build configuration list for PBXProject "EssentialApp" */ = {
			isa = XCConfigurationList;
			buildConfigurations = (
				C1325D6629B7008400F4DB55 /* Debug */,
				C1325D6729B7008400F4DB55 /* Release */,
			);
			defaultConfigurationIsVisible = 0;
			defaultConfigurationName = Release;
		};
		C1325D6829B7008400F4DB55 /* Build configuration list for PBXNativeTarget "EssentialApp" */ = {
			isa = XCConfigurationList;
			buildConfigurations = (
				C1325D6929B7008400F4DB55 /* Debug */,
				C1325D6A29B7008400F4DB55 /* Release */,
			);
			defaultConfigurationIsVisible = 0;
			defaultConfigurationName = Release;
		};
		C1325D6B29B7008400F4DB55 /* Build configuration list for PBXNativeTarget "EssentialAppTests" */ = {
			isa = XCConfigurationList;
			buildConfigurations = (
				C1325D6C29B7008400F4DB55 /* Debug */,
				C1325D6D29B7008400F4DB55 /* Release */,
			);
			defaultConfigurationIsVisible = 0;
			defaultConfigurationName = Release;
		};
/* End XCConfigurationList section */
	};
	rootObject = C1325D3629B7008200F4DB55 /* Project object */;
}
